// !$*UTF8*$!
{
	archiveVersion = 1;
	classes = {
	};
	objectVersion = 51;
	objects = {

/* Begin PBXBuildFile section */
		48430D635046D89103A12061 /* Pods_Polyglot_PolyglotUITests.framework in Frameworks */ = {isa = PBXBuildFile; fileRef = 907D4F8E5EB18C9B62364FB2 /* Pods_Polyglot_PolyglotUITests.framework */; };
		AC706291155790A1E33AAB8C /* Pods_PolyglotTests.framework in Frameworks */ = {isa = PBXBuildFile; fileRef = E379777C4FD33BCD824C64B5 /* Pods_PolyglotTests.framework */; };
		C43026072813DBE394EFE8FB /* Pods_Polyglot.framework in Frameworks */ = {isa = PBXBuildFile; fileRef = F18AC45591099280DCFC633D /* Pods_Polyglot.framework */; };
		FF1780CF2A48EDCD005F588B /* Notifications.swift in Sources */ = {isa = PBXBuildFile; fileRef = FF1780CE2A48EDCD005F588B /* Notifications.swift */; };
		FF23764E29528C840073AF96 /* ReadingPracticeViewController.swift in Sources */ = {isa = PBXBuildFile; fileRef = FF23764D29528C840073AF96 /* ReadingPracticeViewController.swift */; };
		FF491E732959C2FD0088FD13 /* PracticeViewDelegate.swift in Sources */ = {isa = PBXBuildFile; fileRef = FF491E722959C2FD0088FD13 /* PracticeViewDelegate.swift */; };
		FF491E752959C4320088FD13 /* SelectionPracticeView.swift in Sources */ = {isa = PBXBuildFile; fileRef = FF491E742959C4320088FD13 /* SelectionPracticeView.swift */; };
		FF491E772959CC960088FD13 /* FillingPracticeView.swift in Sources */ = {isa = PBXBuildFile; fileRef = FF491E762959CC960088FD13 /* FillingPracticeView.swift */; };
		FF491E802959ED730088FD13 /* Separator.swift in Sources */ = {isa = PBXBuildFile; fileRef = FF491E7F2959ED730088FD13 /* Separator.swift */; };
		FF495E8E2958F38800EA7EA9 /* UITableViewExtensions.swift in Sources */ = {isa = PBXBuildFile; fileRef = FF495E8D2958F38800EA7EA9 /* UITableViewExtensions.swift */; };
		FF495E962958FFE600EA7EA9 /* WordsViewController.swift in Sources */ = {isa = PBXBuildFile; fileRef = FF495E952958FFE600EA7EA9 /* WordsViewController.swift */; };
		FF495E992959039A00EA7EA9 /* WordExtensions.swift in Sources */ = {isa = PBXBuildFile; fileRef = FF495E982959039A00EA7EA9 /* WordExtensions.swift */; };
		FF495E9C295903DF00EA7EA9 /* WordsTableCell.swift in Sources */ = {isa = PBXBuildFile; fileRef = FF495E9B295903DF00EA7EA9 /* WordsTableCell.swift */; };
		FF495E9E2959084200EA7EA9 /* DateExtensions.swift in Sources */ = {isa = PBXBuildFile; fileRef = FF495E9D2959084200EA7EA9 /* DateExtensions.swift */; };
		FF495EA029591DEC00EA7EA9 /* TableHeaderView.swift in Sources */ = {isa = PBXBuildFile; fileRef = FF495E9F29591DEC00EA7EA9 /* TableHeaderView.swift */; };
		FF495EA22959244C00EA7EA9 /* WordsPracticeViewController.swift in Sources */ = {isa = PBXBuildFile; fileRef = FF495EA12959244C00EA7EA9 /* WordsPracticeViewController.swift */; };
		FF4964BA29579C5A00414AC5 /* UISearchBarExtensions.swift in Sources */ = {isa = PBXBuildFile; fileRef = FF4964B929579C5A00414AC5 /* UISearchBarExtensions.swift */; };
		FF4964BE29579C9700414AC5 /* StringExtensions.swift in Sources */ = {isa = PBXBuildFile; fileRef = FF4964BD29579C9700414AC5 /* StringExtensions.swift */; };
		FF4964C029579DA100414AC5 /* ArticleExtensions.swift in Sources */ = {isa = PBXBuildFile; fileRef = FF4964BF29579DA100414AC5 /* ArticleExtensions.swift */; };
		FF4964C22957B01100414AC5 /* UITextViewExtensions.swift in Sources */ = {isa = PBXBuildFile; fileRef = FF4964C12957B01100414AC5 /* UITextViewExtensions.swift */; };
		FF4964C92958B05300414AC5 /* RoundButton.swift in Sources */ = {isa = PBXBuildFile; fileRef = FF4964C82958B05300414AC5 /* RoundButton.swift */; };
		FF4964CB2958BAFD00414AC5 /* TimingBar.swift in Sources */ = {isa = PBXBuildFile; fileRef = FF4964CA2958BAFD00414AC5 /* TimingBar.swift */; };
		FF4964CD2958BE8900414AC5 /* TimeIntervalExtensions.swift in Sources */ = {isa = PBXBuildFile; fileRef = FF4964CC2958BE8900414AC5 /* TimeIntervalExtensions.swift */; };
		FF4964CF2958CE4400414AC5 /* Word.swift in Sources */ = {isa = PBXBuildFile; fileRef = FF4964CE2958CE4400414AC5 /* Word.swift */; };
		FF4A21542959A5D600AD3AF8 /* Practice.swift in Sources */ = {isa = PBXBuildFile; fileRef = FF4A21532959A5D600AD3AF8 /* Practice.swift */; };
		FF4AB0032A9B4C4400908062 /* ContentCreator.swift in Sources */ = {isa = PBXBuildFile; fileRef = FF4AB0022A9B4C4400908062 /* ContentCreator.swift */; };
		FF4AB0072A9B4DE600908062 /* APIKeys.swift in Sources */ = {isa = PBXBuildFile; fileRef = FF4AB0062A9B4DE600908062 /* APIKeys.swift */; };
		FF4B382B29525A4300BB3FFD /* ReadingEditViewController.swift in Sources */ = {isa = PBXBuildFile; fileRef = FF4B382A29525A4300BB3FFD /* ReadingEditViewController.swift */; };
		FF4B382F29525BD400BB3FFD /* ReadingEditTableCell.swift in Sources */ = {isa = PBXBuildFile; fileRef = FF4B382E29525BD400BB3FFD /* ReadingEditTableCell.swift */; };
		FF4BF68B2A69468C00D875E1 /* duome_de_sentences in Resources */ = {isa = PBXBuildFile; fileRef = FF4BF6882A69468C00D875E1 /* duome_de_sentences */; };
		FF4CA730295E869900423946 /* TranslationPracticeViewController.swift in Sources */ = {isa = PBXBuildFile; fileRef = FF4CA72F295E869900423946 /* TranslationPracticeViewController.swift */; };
		FF4D7CC62953952C009F6894 /* NSMutableAttributedStringExtensions.swift in Sources */ = {isa = PBXBuildFile; fileRef = FF4D7CC52953952C009F6894 /* NSMutableAttributedStringExtensions.swift */; };
		FF4EFE14295D392F00E30D6A /* HistoryRecordExtensions.swift in Sources */ = {isa = PBXBuildFile; fileRef = FF4EFE13295D392F00E30D6A /* HistoryRecordExtensions.swift */; };
		FF4FA0C82AADDAA0001EA18C /* WordCard.swift in Sources */ = {isa = PBXBuildFile; fileRef = FF4FA0C72AADDAA0001EA18C /* WordCard.swift */; };
		FF50250E295244F10097C2CB /* ReadingViewController.swift in Sources */ = {isa = PBXBuildFile; fileRef = FF50250D295244F10097C2CB /* ReadingViewController.swift */; };
		FF502512295248D10097C2CB /* Article.swift in Sources */ = {isa = PBXBuildFile; fileRef = FF502511295248D10097C2CB /* Article.swift */; };
		FF50251429524D100097C2CB /* ReadingTableCell.swift in Sources */ = {isa = PBXBuildFile; fileRef = FF50251329524D100097C2CB /* ReadingTableCell.swift */; };
		FF506EC92A69A53D00136C82 /* Unit 1.info.fixed.json in Resources */ = {isa = PBXBuildFile; fileRef = FF506EC82A69A53D00136C82 /* Unit 1.info.fixed.json */; };
		FF506ECB2A69A54700136C82 /* Unit 2.info.json in Resources */ = {isa = PBXBuildFile; fileRef = FF506ECA2A69A54700136C82 /* Unit 2.info.json */; };
		FF506ECD2A69A54C00136C82 /* Unit 3.info.json in Resources */ = {isa = PBXBuildFile; fileRef = FF506ECC2A69A54C00136C82 /* Unit 3.info.json */; };
		FF506ECF2A69A55800136C82 /* de.words.duome.u1.json in Resources */ = {isa = PBXBuildFile; fileRef = FF506ECE2A69A55800136C82 /* de.words.duome.u1.json */; };
		FF5292072951FC9700858B55 /* MenuViewController.swift in Sources */ = {isa = PBXBuildFile; fileRef = FF5292062951FC9700858B55 /* MenuViewController.swift */; };
		FF52920A2952012E00858B55 /* ThreeButtonSelectionStack.swift in Sources */ = {isa = PBXBuildFile; fileRef = FF5292092952012E00858B55 /* ThreeButtonSelectionStack.swift */; };
		FF52921229520D1200858B55 /* UINavigationBarExtensions.swift in Sources */ = {isa = PBXBuildFile; fileRef = FF52921129520D1200858B55 /* UINavigationBarExtensions.swift */; };
		FF55D156296F3AEC0092FB6B /* Values.swift in Sources */ = {isa = PBXBuildFile; fileRef = FF55D155296F3AEC0092FB6B /* Values.swift */; };
		FF5690142980367A00CA2C7B /* LangCode.swift in Sources */ = {isa = PBXBuildFile; fileRef = FF5690132980367A00CA2C7B /* LangCode.swift */; };
		FF56901829803D6C00CA2C7B /* LangCell.swift in Sources */ = {isa = PBXBuildFile; fileRef = FF56901729803D6C00CA2C7B /* LangCell.swift */; };
		FF5844312967217700137E00 /* ListViewController.swift in Sources */ = {isa = PBXBuildFile; fileRef = FF5844302967217700137E00 /* ListViewController.swift */; };
		FF584434296732B400137E00 /* DictionaryExtensions.swift in Sources */ = {isa = PBXBuildFile; fileRef = FF584433296732B400137E00 /* DictionaryExtensions.swift */; };
		FF58518F29819CF8004EB63C /* GoogleTranslator.swift in Sources */ = {isa = PBXBuildFile; fileRef = FF58518E29819CF8004EB63C /* GoogleTranslator.swift */; };
		FF5882BE29604E0300FC33CF /* NewWordAddingTextView.swift in Sources */ = {isa = PBXBuildFile; fileRef = FF5882BD29604E0300FC33CF /* NewWordAddingTextView.swift */; };
		FF591ED62967960C0004CB80 /* WordPractice.swift in Sources */ = {isa = PBXBuildFile; fileRef = FF591ED52967960C0004CB80 /* WordPractice.swift */; };
		FF591ED8296796160004CB80 /* ReadingPractice.swift in Sources */ = {isa = PBXBuildFile; fileRef = FF591ED7296796160004CB80 /* ReadingPractice.swift */; };
		FF591EDA296796200004CB80 /* TranslationPractice.swift in Sources */ = {isa = PBXBuildFile; fileRef = FF591ED9296796200004CB80 /* TranslationPractice.swift */; };
		FF5AA0072961EA62009D5237 /* WordsEditViewController.swift in Sources */ = {isa = PBXBuildFile; fileRef = FF5AA0062961EA62009D5237 /* WordsEditViewController.swift */; };
		FF5AA00B2961F208009D5237 /* Alerts.swift in Sources */ = {isa = PBXBuildFile; fileRef = FF5AA00A2961F208009D5237 /* Alerts.swift */; };
		FF5B182C2961E55F00C80DC3 /* IO.swift in Sources */ = {isa = PBXBuildFile; fileRef = FF5B182B2961E55F00C80DC3 /* IO.swift */; };
		FF5D129129577AC4005DEEDE /* NavController.swift in Sources */ = {isa = PBXBuildFile; fileRef = FF5D129029577AC4005DEEDE /* NavController.swift */; };
		FF5D129529577CB3005DEEDE /* RoundButtonWithShadow.swift in Sources */ = {isa = PBXBuildFile; fileRef = FF5D129429577CB3005DEEDE /* RoundButtonWithShadow.swift */; };
		FF5DB994295FB973002FA788 /* AutoResizingTextViewWithPrompt.swift in Sources */ = {isa = PBXBuildFile; fileRef = FF5DB993295FB973002FA788 /* AutoResizingTextViewWithPrompt.swift */; };
		FF5FE946297431C30002691C /* ArrayExtensions.swift in Sources */ = {isa = PBXBuildFile; fileRef = FF5FE945297431C30002691C /* ArrayExtensions.swift */; };
		FF62C9762951382500D41797 /* AppDelegate.swift in Sources */ = {isa = PBXBuildFile; fileRef = FF62C9752951382500D41797 /* AppDelegate.swift */; };
		FF62C9782951382500D41797 /* SceneDelegate.swift in Sources */ = {isa = PBXBuildFile; fileRef = FF62C9772951382500D41797 /* SceneDelegate.swift */; };
		FF62C97A2951382500D41797 /* HomeViewController.swift in Sources */ = {isa = PBXBuildFile; fileRef = FF62C9792951382500D41797 /* HomeViewController.swift */; };
		FF62C97F2951382600D41797 /* Assets.xcassets in Resources */ = {isa = PBXBuildFile; fileRef = FF62C97E2951382600D41797 /* Assets.xcassets */; };
		FF62C98D2951382600D41797 /* PolyglotTests.swift in Sources */ = {isa = PBXBuildFile; fileRef = FF62C98C2951382600D41797 /* PolyglotTests.swift */; };
		FF62C9982951382600D41797 /* PolyglotUITests.swift in Sources */ = {isa = PBXBuildFile; fileRef = FF62C9972951382600D41797 /* PolyglotUITests.swift */; };
		FF62C9A929513A5000D41797 /* Theme.swift in Sources */ = {isa = PBXBuildFile; fileRef = FF62C9A829513A5000D41797 /* Theme.swift */; };
		FF63DDFC299AC17C0088C10B /* WordBank.swift in Sources */ = {isa = PBXBuildFile; fileRef = FF63DDFB299AC17C0088C10B /* WordBank.swift */; };
		FF63DE00299AD2F90088C10B /* WordBankItem.swift in Sources */ = {isa = PBXBuildFile; fileRef = FF63DDFF299AD2F90088C10B /* WordBankItem.swift */; };
		FF706DF1295142AF00DBCF8E /* Strings.swift in Sources */ = {isa = PBXBuildFile; fileRef = FF706DF0295142AF00DBCF8E /* Strings.swift */; };
		FF706DF5295144B000DBCF8E /* UIColorExtensions.swift in Sources */ = {isa = PBXBuildFile; fileRef = FF706DF4295144B000DBCF8E /* UIColorExtensions.swift */; };
		FF706E032951549C00DBCF8E /* UIImageExtensions.swift in Sources */ = {isa = PBXBuildFile; fileRef = FF706E022951549C00DBCF8E /* UIImageExtensions.swift */; };
		FF793A482968A7D60026B8C7 /* UIApplicationExtensions.swift in Sources */ = {isa = PBXBuildFile; fileRef = FF793A472968A7D60026B8C7 /* UIApplicationExtensions.swift */; };
		FF8CDE812952995F00B36CA3 /* NewWordAddingBottomView.swift in Sources */ = {isa = PBXBuildFile; fileRef = FF8CDE802952995F00B36CA3 /* NewWordAddingBottomView.swift */; };
		FF8E5BBE298DB9BF003B6FB1 /* SnapKit.framework in Frameworks */ = {isa = PBXBuildFile; fileRef = FF8E5BBB298DB9A6003B6FB1 /* SnapKit.framework */; };
		FF8E5BBF298DB9BF003B6FB1 /* SnapKit.framework in Embed Frameworks */ = {isa = PBXBuildFile; fileRef = FF8E5BBB298DB9A6003B6FB1 /* SnapKit.framework */; settings = {ATTRIBUTES = (CodeSignOnCopy, RemoveHeadersOnCopy, ); }; };
		FF8E5BC3298DBD5D003B6FB1 /* JapanesePAAnalyzer.swift in Sources */ = {isa = PBXBuildFile; fileRef = FF8E5BC2298DBD5D003B6FB1 /* JapanesePAAnalyzer.swift */; };
		FFBC8A842A9F2FDD001123EB /* UILabelExtensions.swift in Sources */ = {isa = PBXBuildFile; fileRef = FFBC8A832A9F2FDD001123EB /* UILabelExtensions.swift */; };
		FFBD60412969D713004165FC /* WordPracticeProducer.swift in Sources */ = {isa = PBXBuildFile; fileRef = FFBD60402969D713004165FC /* WordPracticeProducer.swift */; };
		FFBD60432969D721004165FC /* ReadingPracticeProducer.swift in Sources */ = {isa = PBXBuildFile; fileRef = FFBD60422969D721004165FC /* ReadingPracticeProducer.swift */; };
		FFBD60452969D733004165FC /* TranslationPracticeProducer.swift in Sources */ = {isa = PBXBuildFile; fileRef = FFBD60442969D733004165FC /* TranslationPracticeProducer.swift */; };
		FFC26AEC298D82CB004D9656 /* duome_es_sentences in Resources */ = {isa = PBXBuildFile; fileRef = FFC26AE9298D82CB004D9656 /* duome_es_sentences */; };
		FFC26AEE298D82D7004D9656 /* duome_ru_sentences in Resources */ = {isa = PBXBuildFile; fileRef = FFC26AED298D82D7004D9656 /* duome_ru_sentences */; };
		FFCBB0D7296B0AA200E5B9D9 /* PracticeViewController.swift in Sources */ = {isa = PBXBuildFile; fileRef = FFCBB0D6296B0AA200E5B9D9 /* PracticeViewController.swift */; };
		FFCBB0DB296B1A6700E5B9D9 /* PracticeProducerDelegate.swift in Sources */ = {isa = PBXBuildFile; fileRef = FFCBB0DA296B1A6700E5B9D9 /* PracticeProducerDelegate.swift */; };
		FFCBB0DD296B2E4000E5B9D9 /* ReadingPracticeView.swift in Sources */ = {isa = PBXBuildFile; fileRef = FFCBB0DC296B2E4000E5B9D9 /* ReadingPracticeView.swift */; };
		FFCBB0E0296B45F300E5B9D9 /* TranslationPracticeView.swift in Sources */ = {isa = PBXBuildFile; fileRef = FFCBB0DF296B45F300E5B9D9 /* TranslationPracticeView.swift */; };
		FFD7DF6D299D376000019D51 /* RowStackItem.swift in Sources */ = {isa = PBXBuildFile; fileRef = FFD7DF6C299D376000019D51 /* RowStackItem.swift */; };
		FFD7DF72299D509B00019D51 /* CGRectExtensions.swift in Sources */ = {isa = PBXBuildFile; fileRef = FFD7DF71299D509B00019D51 /* CGRectExtensions.swift */; };
		FFD7DF7D299DA18000019D51 /* ReorderingPracticeView.swift in Sources */ = {isa = PBXBuildFile; fileRef = FFD7DF7C299DA18000019D51 /* ReorderingPracticeView.swift */; };
/* End PBXBuildFile section */

/* Begin PBXContainerItemProxy section */
		FF62C9892951382600D41797 /* PBXContainerItemProxy */ = {
			isa = PBXContainerItemProxy;
			containerPortal = FF62C96A2951382500D41797 /* Project object */;
			proxyType = 1;
			remoteGlobalIDString = FF62C9712951382500D41797;
			remoteInfo = Polyglot;
		};
		FF62C9942951382600D41797 /* PBXContainerItemProxy */ = {
			isa = PBXContainerItemProxy;
			containerPortal = FF62C96A2951382500D41797 /* Project object */;
			proxyType = 1;
			remoteGlobalIDString = FF62C9712951382500D41797;
			remoteInfo = Polyglot;
		};
		FF8E5BBA298DB9A6003B6FB1 /* PBXContainerItemProxy */ = {
			isa = PBXContainerItemProxy;
			containerPortal = FF8E5BB5298DB9A6003B6FB1 /* SnapKit.xcodeproj */;
			proxyType = 2;
			remoteGlobalIDString = EEBCC9D819CC627D0083B827;
			remoteInfo = SnapKit;
		};
		FF8E5BBC298DB9A6003B6FB1 /* PBXContainerItemProxy */ = {
			isa = PBXContainerItemProxy;
			containerPortal = FF8E5BB5298DB9A6003B6FB1 /* SnapKit.xcodeproj */;
			proxyType = 2;
			remoteGlobalIDString = EEBCC9E219CC627E0083B827;
			remoteInfo = "SnapKit Tests";
		};
/* End PBXContainerItemProxy section */

/* Begin PBXCopyFilesBuildPhase section */
		FF8E5BC0298DB9BF003B6FB1 /* Embed Frameworks */ = {
			isa = PBXCopyFilesBuildPhase;
			buildActionMask = 2147483647;
			dstPath = "";
			dstSubfolderSpec = 10;
			files = (
				FF8E5BBF298DB9BF003B6FB1 /* SnapKit.framework in Embed Frameworks */,
			);
			name = "Embed Frameworks";
			runOnlyForDeploymentPostprocessing = 0;
		};
/* End PBXCopyFilesBuildPhase section */

/* Begin PBXFileReference section */
		0477CAFF69ADE59B41094933 /* Pods-Polyglot.debug.xcconfig */ = {isa = PBXFileReference; includeInIndex = 1; lastKnownFileType = text.xcconfig; name = "Pods-Polyglot.debug.xcconfig"; path = "Target Support Files/Pods-Polyglot/Pods-Polyglot.debug.xcconfig"; sourceTree = "<group>"; };
		781C1DC2544908B8FF39175D /* Pods-PolyglotTests.release.xcconfig */ = {isa = PBXFileReference; includeInIndex = 1; lastKnownFileType = text.xcconfig; name = "Pods-PolyglotTests.release.xcconfig"; path = "Target Support Files/Pods-PolyglotTests/Pods-PolyglotTests.release.xcconfig"; sourceTree = "<group>"; };
		80A4DDEB0D1137F63C376D55 /* Pods-Polyglot-PolyglotUITests.release.xcconfig */ = {isa = PBXFileReference; includeInIndex = 1; lastKnownFileType = text.xcconfig; name = "Pods-Polyglot-PolyglotUITests.release.xcconfig"; path = "Target Support Files/Pods-Polyglot-PolyglotUITests/Pods-Polyglot-PolyglotUITests.release.xcconfig"; sourceTree = "<group>"; };
		907D4F8E5EB18C9B62364FB2 /* Pods_Polyglot_PolyglotUITests.framework */ = {isa = PBXFileReference; explicitFileType = wrapper.framework; includeInIndex = 0; path = Pods_Polyglot_PolyglotUITests.framework; sourceTree = BUILT_PRODUCTS_DIR; };
		C9324C7255807718BBF5D9EC /* Pods-Polyglot-PolyglotUITests.debug.xcconfig */ = {isa = PBXFileReference; includeInIndex = 1; lastKnownFileType = text.xcconfig; name = "Pods-Polyglot-PolyglotUITests.debug.xcconfig"; path = "Target Support Files/Pods-Polyglot-PolyglotUITests/Pods-Polyglot-PolyglotUITests.debug.xcconfig"; sourceTree = "<group>"; };
		DEDB21A8073730D28A47A161 /* Pods-Polyglot.release.xcconfig */ = {isa = PBXFileReference; includeInIndex = 1; lastKnownFileType = text.xcconfig; name = "Pods-Polyglot.release.xcconfig"; path = "Target Support Files/Pods-Polyglot/Pods-Polyglot.release.xcconfig"; sourceTree = "<group>"; };
		E379777C4FD33BCD824C64B5 /* Pods_PolyglotTests.framework */ = {isa = PBXFileReference; explicitFileType = wrapper.framework; includeInIndex = 0; path = Pods_PolyglotTests.framework; sourceTree = BUILT_PRODUCTS_DIR; };
		E8CBB92BCDC55CA05C2EED5D /* Pods-PolyglotTests.debug.xcconfig */ = {isa = PBXFileReference; includeInIndex = 1; lastKnownFileType = text.xcconfig; name = "Pods-PolyglotTests.debug.xcconfig"; path = "Target Support Files/Pods-PolyglotTests/Pods-PolyglotTests.debug.xcconfig"; sourceTree = "<group>"; };
		F18AC45591099280DCFC633D /* Pods_Polyglot.framework */ = {isa = PBXFileReference; explicitFileType = wrapper.framework; includeInIndex = 0; path = Pods_Polyglot.framework; sourceTree = BUILT_PRODUCTS_DIR; };
		FF1780CE2A48EDCD005F588B /* Notifications.swift */ = {isa = PBXFileReference; lastKnownFileType = sourcecode.swift; path = Notifications.swift; sourceTree = "<group>"; };
		FF23764D29528C840073AF96 /* ReadingPracticeViewController.swift */ = {isa = PBXFileReference; lastKnownFileType = sourcecode.swift; path = ReadingPracticeViewController.swift; sourceTree = "<group>"; };
		FF491E722959C2FD0088FD13 /* PracticeViewDelegate.swift */ = {isa = PBXFileReference; lastKnownFileType = sourcecode.swift; path = PracticeViewDelegate.swift; sourceTree = "<group>"; };
		FF491E742959C4320088FD13 /* SelectionPracticeView.swift */ = {isa = PBXFileReference; lastKnownFileType = sourcecode.swift; path = SelectionPracticeView.swift; sourceTree = "<group>"; };
		FF491E762959CC960088FD13 /* FillingPracticeView.swift */ = {isa = PBXFileReference; lastKnownFileType = sourcecode.swift; path = FillingPracticeView.swift; sourceTree = "<group>"; };
		FF491E7F2959ED730088FD13 /* Separator.swift */ = {isa = PBXFileReference; lastKnownFileType = sourcecode.swift; path = Separator.swift; sourceTree = "<group>"; };
		FF495E8D2958F38800EA7EA9 /* UITableViewExtensions.swift */ = {isa = PBXFileReference; lastKnownFileType = sourcecode.swift; path = UITableViewExtensions.swift; sourceTree = "<group>"; };
		FF495E952958FFE600EA7EA9 /* WordsViewController.swift */ = {isa = PBXFileReference; lastKnownFileType = sourcecode.swift; path = WordsViewController.swift; sourceTree = "<group>"; };
		FF495E982959039A00EA7EA9 /* WordExtensions.swift */ = {isa = PBXFileReference; lastKnownFileType = sourcecode.swift; path = WordExtensions.swift; sourceTree = "<group>"; };
		FF495E9B295903DF00EA7EA9 /* WordsTableCell.swift */ = {isa = PBXFileReference; lastKnownFileType = sourcecode.swift; path = WordsTableCell.swift; sourceTree = "<group>"; };
		FF495E9D2959084200EA7EA9 /* DateExtensions.swift */ = {isa = PBXFileReference; lastKnownFileType = sourcecode.swift; path = DateExtensions.swift; sourceTree = "<group>"; };
		FF495E9F29591DEC00EA7EA9 /* TableHeaderView.swift */ = {isa = PBXFileReference; lastKnownFileType = sourcecode.swift; path = TableHeaderView.swift; sourceTree = "<group>"; };
		FF495EA12959244C00EA7EA9 /* WordsPracticeViewController.swift */ = {isa = PBXFileReference; lastKnownFileType = sourcecode.swift; path = WordsPracticeViewController.swift; sourceTree = "<group>"; };
		FF4964B929579C5A00414AC5 /* UISearchBarExtensions.swift */ = {isa = PBXFileReference; lastKnownFileType = sourcecode.swift; path = UISearchBarExtensions.swift; sourceTree = "<group>"; };
		FF4964BD29579C9700414AC5 /* StringExtensions.swift */ = {isa = PBXFileReference; lastKnownFileType = sourcecode.swift; path = StringExtensions.swift; sourceTree = "<group>"; };
		FF4964BF29579DA100414AC5 /* ArticleExtensions.swift */ = {isa = PBXFileReference; lastKnownFileType = sourcecode.swift; path = ArticleExtensions.swift; sourceTree = "<group>"; };
		FF4964C12957B01100414AC5 /* UITextViewExtensions.swift */ = {isa = PBXFileReference; lastKnownFileType = sourcecode.swift; path = UITextViewExtensions.swift; sourceTree = "<group>"; };
		FF4964C82958B05300414AC5 /* RoundButton.swift */ = {isa = PBXFileReference; lastKnownFileType = sourcecode.swift; path = RoundButton.swift; sourceTree = "<group>"; };
		FF4964CA2958BAFD00414AC5 /* TimingBar.swift */ = {isa = PBXFileReference; lastKnownFileType = sourcecode.swift; path = TimingBar.swift; sourceTree = "<group>"; };
		FF4964CC2958BE8900414AC5 /* TimeIntervalExtensions.swift */ = {isa = PBXFileReference; lastKnownFileType = sourcecode.swift; path = TimeIntervalExtensions.swift; sourceTree = "<group>"; };
		FF4964CE2958CE4400414AC5 /* Word.swift */ = {isa = PBXFileReference; lastKnownFileType = sourcecode.swift; path = Word.swift; sourceTree = "<group>"; };
		FF4A21532959A5D600AD3AF8 /* Practice.swift */ = {isa = PBXFileReference; lastKnownFileType = sourcecode.swift; path = Practice.swift; sourceTree = "<group>"; };
		FF4AB0022A9B4C4400908062 /* ContentCreator.swift */ = {isa = PBXFileReference; lastKnownFileType = sourcecode.swift; path = ContentCreator.swift; sourceTree = "<group>"; };
		FF4AB0062A9B4DE600908062 /* APIKeys.swift */ = {isa = PBXFileReference; lastKnownFileType = sourcecode.swift; path = APIKeys.swift; sourceTree = "<group>"; };
		FF4B382A29525A4300BB3FFD /* ReadingEditViewController.swift */ = {isa = PBXFileReference; lastKnownFileType = sourcecode.swift; path = ReadingEditViewController.swift; sourceTree = "<group>"; };
		FF4B382E29525BD400BB3FFD /* ReadingEditTableCell.swift */ = {isa = PBXFileReference; lastKnownFileType = sourcecode.swift; path = ReadingEditTableCell.swift; sourceTree = "<group>"; };
		FF4BF6882A69468C00D875E1 /* duome_de_sentences */ = {isa = PBXFileReference; lastKnownFileType = folder; name = duome_de_sentences; path = ../../../../../../Volumes/Windows/Users/Neko/Desktop/polyglot/duome_sentences/duome_de_sentences; sourceTree = "<group>"; };
		FF4CA72F295E869900423946 /* TranslationPracticeViewController.swift */ = {isa = PBXFileReference; lastKnownFileType = sourcecode.swift; path = TranslationPracticeViewController.swift; sourceTree = "<group>"; };
		FF4D7CC52953952C009F6894 /* NSMutableAttributedStringExtensions.swift */ = {isa = PBXFileReference; lastKnownFileType = sourcecode.swift; path = NSMutableAttributedStringExtensions.swift; sourceTree = "<group>"; };
		FF4EFE13295D392F00E30D6A /* HistoryRecordExtensions.swift */ = {isa = PBXFileReference; lastKnownFileType = sourcecode.swift; path = HistoryRecordExtensions.swift; sourceTree = "<group>"; };
		FF4FA0C72AADDAA0001EA18C /* WordCard.swift */ = {isa = PBXFileReference; lastKnownFileType = sourcecode.swift; path = WordCard.swift; sourceTree = "<group>"; };
		FF50250D295244F10097C2CB /* ReadingViewController.swift */ = {isa = PBXFileReference; lastKnownFileType = sourcecode.swift; path = ReadingViewController.swift; sourceTree = "<group>"; };
		FF502511295248D10097C2CB /* Article.swift */ = {isa = PBXFileReference; lastKnownFileType = sourcecode.swift; path = Article.swift; sourceTree = "<group>"; };
		FF50251329524D100097C2CB /* ReadingTableCell.swift */ = {isa = PBXFileReference; lastKnownFileType = sourcecode.swift; path = ReadingTableCell.swift; sourceTree = "<group>"; };
		FF506EC82A69A53D00136C82 /* Unit 1.info.fixed.json */ = {isa = PBXFileReference; fileEncoding = 4; lastKnownFileType = text.json; name = "Unit 1.info.fixed.json"; path = "../../../../../../Volumes/Windows/Users/Neko/OneDrive/Repos/polyglot-backend/scripts/ru/Unit 1.info.fixed.json"; sourceTree = "<group>"; };
		FF506ECA2A69A54700136C82 /* Unit 2.info.json */ = {isa = PBXFileReference; fileEncoding = 4; lastKnownFileType = text.json; name = "Unit 2.info.json"; path = "../../../../../../Volumes/Windows/Users/Neko/OneDrive/Repos/polyglot-backend/scripts/ru/Unit 2.info.json"; sourceTree = "<group>"; };
		FF506ECC2A69A54C00136C82 /* Unit 3.info.json */ = {isa = PBXFileReference; fileEncoding = 4; lastKnownFileType = text.json; name = "Unit 3.info.json"; path = "../../../../../../Volumes/Windows/Users/Neko/OneDrive/Repos/polyglot-backend/scripts/ru/Unit 3.info.json"; sourceTree = "<group>"; };
		FF506ECE2A69A55800136C82 /* de.words.duome.u1.json */ = {isa = PBXFileReference; fileEncoding = 4; lastKnownFileType = text.json; name = de.words.duome.u1.json; path = "../../../../../../Volumes/Windows/Users/Neko/OneDrive/Repos/polyglot-backend/scripts/de/de.words.duome.u1.json"; sourceTree = "<group>"; };
		FF5292062951FC9700858B55 /* MenuViewController.swift */ = {isa = PBXFileReference; lastKnownFileType = sourcecode.swift; path = MenuViewController.swift; sourceTree = "<group>"; };
		FF5292092952012E00858B55 /* ThreeButtonSelectionStack.swift */ = {isa = PBXFileReference; lastKnownFileType = sourcecode.swift; path = ThreeButtonSelectionStack.swift; sourceTree = "<group>"; };
		FF52921129520D1200858B55 /* UINavigationBarExtensions.swift */ = {isa = PBXFileReference; lastKnownFileType = sourcecode.swift; path = UINavigationBarExtensions.swift; sourceTree = "<group>"; };
		FF55D155296F3AEC0092FB6B /* Values.swift */ = {isa = PBXFileReference; lastKnownFileType = sourcecode.swift; path = Values.swift; sourceTree = "<group>"; };
		FF5690132980367A00CA2C7B /* LangCode.swift */ = {isa = PBXFileReference; lastKnownFileType = sourcecode.swift; path = LangCode.swift; sourceTree = "<group>"; };
		FF56901729803D6C00CA2C7B /* LangCell.swift */ = {isa = PBXFileReference; lastKnownFileType = sourcecode.swift; path = LangCell.swift; sourceTree = "<group>"; };
		FF5844302967217700137E00 /* ListViewController.swift */ = {isa = PBXFileReference; lastKnownFileType = sourcecode.swift; path = ListViewController.swift; sourceTree = "<group>"; };
		FF584433296732B400137E00 /* DictionaryExtensions.swift */ = {isa = PBXFileReference; lastKnownFileType = sourcecode.swift; path = DictionaryExtensions.swift; sourceTree = "<group>"; };
		FF58518E29819CF8004EB63C /* GoogleTranslator.swift */ = {isa = PBXFileReference; lastKnownFileType = sourcecode.swift; path = GoogleTranslator.swift; sourceTree = "<group>"; };
		FF5882BD29604E0300FC33CF /* NewWordAddingTextView.swift */ = {isa = PBXFileReference; lastKnownFileType = sourcecode.swift; path = NewWordAddingTextView.swift; sourceTree = "<group>"; };
		FF591ED52967960C0004CB80 /* WordPractice.swift */ = {isa = PBXFileReference; lastKnownFileType = sourcecode.swift; path = WordPractice.swift; sourceTree = "<group>"; };
		FF591ED7296796160004CB80 /* ReadingPractice.swift */ = {isa = PBXFileReference; lastKnownFileType = sourcecode.swift; path = ReadingPractice.swift; sourceTree = "<group>"; };
		FF591ED9296796200004CB80 /* TranslationPractice.swift */ = {isa = PBXFileReference; lastKnownFileType = sourcecode.swift; path = TranslationPractice.swift; sourceTree = "<group>"; };
		FF5AA0062961EA62009D5237 /* WordsEditViewController.swift */ = {isa = PBXFileReference; lastKnownFileType = sourcecode.swift; path = WordsEditViewController.swift; sourceTree = "<group>"; };
		FF5AA00A2961F208009D5237 /* Alerts.swift */ = {isa = PBXFileReference; lastKnownFileType = sourcecode.swift; path = Alerts.swift; sourceTree = "<group>"; };
		FF5B182B2961E55F00C80DC3 /* IO.swift */ = {isa = PBXFileReference; lastKnownFileType = sourcecode.swift; path = IO.swift; sourceTree = "<group>"; };
		FF5D129029577AC4005DEEDE /* NavController.swift */ = {isa = PBXFileReference; lastKnownFileType = sourcecode.swift; path = NavController.swift; sourceTree = "<group>"; };
		FF5D129429577CB3005DEEDE /* RoundButtonWithShadow.swift */ = {isa = PBXFileReference; lastKnownFileType = sourcecode.swift; path = RoundButtonWithShadow.swift; sourceTree = "<group>"; };
		FF5DB993295FB973002FA788 /* AutoResizingTextViewWithPrompt.swift */ = {isa = PBXFileReference; lastKnownFileType = sourcecode.swift; path = AutoResizingTextViewWithPrompt.swift; sourceTree = "<group>"; };
		FF5FE945297431C30002691C /* ArrayExtensions.swift */ = {isa = PBXFileReference; lastKnownFileType = sourcecode.swift; path = ArrayExtensions.swift; sourceTree = "<group>"; };
		FF62C9722951382500D41797 /* Polyglot.app */ = {isa = PBXFileReference; explicitFileType = wrapper.application; includeInIndex = 0; path = Polyglot.app; sourceTree = BUILT_PRODUCTS_DIR; };
		FF62C9752951382500D41797 /* AppDelegate.swift */ = {isa = PBXFileReference; lastKnownFileType = sourcecode.swift; path = AppDelegate.swift; sourceTree = "<group>"; };
		FF62C9772951382500D41797 /* SceneDelegate.swift */ = {isa = PBXFileReference; lastKnownFileType = sourcecode.swift; path = SceneDelegate.swift; sourceTree = "<group>"; };
		FF62C9792951382500D41797 /* HomeViewController.swift */ = {isa = PBXFileReference; lastKnownFileType = sourcecode.swift; path = HomeViewController.swift; sourceTree = "<group>"; };
		FF62C97E2951382600D41797 /* Assets.xcassets */ = {isa = PBXFileReference; lastKnownFileType = folder.assetcatalog; path = Assets.xcassets; sourceTree = "<group>"; };
		FF62C9832951382600D41797 /* Info.plist */ = {isa = PBXFileReference; lastKnownFileType = text.plist.xml; path = Info.plist; sourceTree = "<group>"; };
		FF62C9882951382600D41797 /* PolyglotTests.xctest */ = {isa = PBXFileReference; explicitFileType = wrapper.cfbundle; includeInIndex = 0; path = PolyglotTests.xctest; sourceTree = BUILT_PRODUCTS_DIR; };
		FF62C98C2951382600D41797 /* PolyglotTests.swift */ = {isa = PBXFileReference; lastKnownFileType = sourcecode.swift; path = PolyglotTests.swift; sourceTree = "<group>"; };
		FF62C98E2951382600D41797 /* Info.plist */ = {isa = PBXFileReference; lastKnownFileType = text.plist.xml; path = Info.plist; sourceTree = "<group>"; };
		FF62C9932951382600D41797 /* PolyglotUITests.xctest */ = {isa = PBXFileReference; explicitFileType = wrapper.cfbundle; includeInIndex = 0; path = PolyglotUITests.xctest; sourceTree = BUILT_PRODUCTS_DIR; };
		FF62C9972951382600D41797 /* PolyglotUITests.swift */ = {isa = PBXFileReference; lastKnownFileType = sourcecode.swift; path = PolyglotUITests.swift; sourceTree = "<group>"; };
		FF62C9992951382600D41797 /* Info.plist */ = {isa = PBXFileReference; lastKnownFileType = text.plist.xml; path = Info.plist; sourceTree = "<group>"; };
		FF62C9A829513A5000D41797 /* Theme.swift */ = {isa = PBXFileReference; lastKnownFileType = sourcecode.swift; path = Theme.swift; sourceTree = "<group>"; };
		FF63DDFB299AC17C0088C10B /* WordBank.swift */ = {isa = PBXFileReference; lastKnownFileType = sourcecode.swift; path = WordBank.swift; sourceTree = "<group>"; };
		FF63DDFF299AD2F90088C10B /* WordBankItem.swift */ = {isa = PBXFileReference; lastKnownFileType = sourcecode.swift; path = WordBankItem.swift; sourceTree = "<group>"; };
		FF706DF0295142AF00DBCF8E /* Strings.swift */ = {isa = PBXFileReference; lastKnownFileType = sourcecode.swift; path = Strings.swift; sourceTree = "<group>"; };
		FF706DF4295144B000DBCF8E /* UIColorExtensions.swift */ = {isa = PBXFileReference; lastKnownFileType = sourcecode.swift; path = UIColorExtensions.swift; sourceTree = "<group>"; };
		FF706E022951549C00DBCF8E /* UIImageExtensions.swift */ = {isa = PBXFileReference; lastKnownFileType = sourcecode.swift; path = UIImageExtensions.swift; sourceTree = "<group>"; };
		FF793A472968A7D60026B8C7 /* UIApplicationExtensions.swift */ = {isa = PBXFileReference; lastKnownFileType = sourcecode.swift; path = UIApplicationExtensions.swift; sourceTree = "<group>"; };
		FF8CDE802952995F00B36CA3 /* NewWordAddingBottomView.swift */ = {isa = PBXFileReference; lastKnownFileType = sourcecode.swift; path = NewWordAddingBottomView.swift; sourceTree = "<group>"; };
		FF8E5BB5298DB9A6003B6FB1 /* SnapKit.xcodeproj */ = {isa = PBXFileReference; lastKnownFileType = "wrapper.pb-project"; name = SnapKit.xcodeproj; path = "../../../Downloads/SnapKit-develop/SnapKit.xcodeproj"; sourceTree = "<group>"; };
		FF8E5BC2298DBD5D003B6FB1 /* JapanesePAAnalyzer.swift */ = {isa = PBXFileReference; lastKnownFileType = sourcecode.swift; path = JapanesePAAnalyzer.swift; sourceTree = "<group>"; };
		FFBC8A832A9F2FDD001123EB /* UILabelExtensions.swift */ = {isa = PBXFileReference; lastKnownFileType = sourcecode.swift; path = UILabelExtensions.swift; sourceTree = "<group>"; };
		FFBD60402969D713004165FC /* WordPracticeProducer.swift */ = {isa = PBXFileReference; lastKnownFileType = sourcecode.swift; path = WordPracticeProducer.swift; sourceTree = "<group>"; };
		FFBD60422969D721004165FC /* ReadingPracticeProducer.swift */ = {isa = PBXFileReference; lastKnownFileType = sourcecode.swift; path = ReadingPracticeProducer.swift; sourceTree = "<group>"; };
		FFBD60442969D733004165FC /* TranslationPracticeProducer.swift */ = {isa = PBXFileReference; lastKnownFileType = sourcecode.swift; path = TranslationPracticeProducer.swift; sourceTree = "<group>"; };
		FFC26AE9298D82CB004D9656 /* duome_es_sentences */ = {isa = PBXFileReference; lastKnownFileType = folder; name = duome_es_sentences; path = ../../../../../../Volumes/Windows/Users/Neko/Desktop/polyglot/duome_sentences/duome_es_sentences; sourceTree = "<group>"; };
		FFC26AED298D82D7004D9656 /* duome_ru_sentences */ = {isa = PBXFileReference; lastKnownFileType = folder; name = duome_ru_sentences; path = ../../../../../../Volumes/Windows/Users/Neko/Desktop/polyglot/duome_sentences/duome_ru_sentences; sourceTree = "<group>"; };
		FFCBB0D6296B0AA200E5B9D9 /* PracticeViewController.swift */ = {isa = PBXFileReference; lastKnownFileType = sourcecode.swift; path = PracticeViewController.swift; sourceTree = "<group>"; };
		FFCBB0DA296B1A6700E5B9D9 /* PracticeProducerDelegate.swift */ = {isa = PBXFileReference; lastKnownFileType = sourcecode.swift; path = PracticeProducerDelegate.swift; sourceTree = "<group>"; };
		FFCBB0DC296B2E4000E5B9D9 /* ReadingPracticeView.swift */ = {isa = PBXFileReference; lastKnownFileType = sourcecode.swift; path = ReadingPracticeView.swift; sourceTree = "<group>"; };
		FFCBB0DF296B45F300E5B9D9 /* TranslationPracticeView.swift */ = {isa = PBXFileReference; lastKnownFileType = sourcecode.swift; path = TranslationPracticeView.swift; sourceTree = "<group>"; };
		FFD7DF6C299D376000019D51 /* RowStackItem.swift */ = {isa = PBXFileReference; lastKnownFileType = sourcecode.swift; path = RowStackItem.swift; sourceTree = "<group>"; };
		FFD7DF71299D509B00019D51 /* CGRectExtensions.swift */ = {isa = PBXFileReference; lastKnownFileType = sourcecode.swift; path = CGRectExtensions.swift; sourceTree = "<group>"; };
		FFD7DF7C299DA18000019D51 /* ReorderingPracticeView.swift */ = {isa = PBXFileReference; lastKnownFileType = sourcecode.swift; path = ReorderingPracticeView.swift; sourceTree = "<group>"; };
/* End PBXFileReference section */

/* Begin PBXFrameworksBuildPhase section */
		FF62C96F2951382500D41797 /* Frameworks */ = {
			isa = PBXFrameworksBuildPhase;
			buildActionMask = 2147483647;
			files = (
				C43026072813DBE394EFE8FB /* Pods_Polyglot.framework in Frameworks */,
				FF8E5BBE298DB9BF003B6FB1 /* SnapKit.framework in Frameworks */,
			);
			runOnlyForDeploymentPostprocessing = 0;
		};
		FF62C9852951382600D41797 /* Frameworks */ = {
			isa = PBXFrameworksBuildPhase;
			buildActionMask = 2147483647;
			files = (
				AC706291155790A1E33AAB8C /* Pods_PolyglotTests.framework in Frameworks */,
			);
			runOnlyForDeploymentPostprocessing = 0;
		};
		FF62C9902951382600D41797 /* Frameworks */ = {
			isa = PBXFrameworksBuildPhase;
			buildActionMask = 2147483647;
			files = (
				48430D635046D89103A12061 /* Pods_Polyglot_PolyglotUITests.framework in Frameworks */,
			);
			runOnlyForDeploymentPostprocessing = 0;
		};
/* End PBXFrameworksBuildPhase section */

/* Begin PBXGroup section */
		BE6764694D03A1E47A5AE00F /* Pods */ = {
			isa = PBXGroup;
			children = (
				0477CAFF69ADE59B41094933 /* Pods-Polyglot.debug.xcconfig */,
				DEDB21A8073730D28A47A161 /* Pods-Polyglot.release.xcconfig */,
				C9324C7255807718BBF5D9EC /* Pods-Polyglot-PolyglotUITests.debug.xcconfig */,
				80A4DDEB0D1137F63C376D55 /* Pods-Polyglot-PolyglotUITests.release.xcconfig */,
				E8CBB92BCDC55CA05C2EED5D /* Pods-PolyglotTests.debug.xcconfig */,
				781C1DC2544908B8FF39175D /* Pods-PolyglotTests.release.xcconfig */,
			);
			path = Pods;
			sourceTree = "<group>";
		};
		FF24AB75297073AA00129EEF /* Common */ = {
			isa = PBXGroup;
			children = (
				FF495E9F29591DEC00EA7EA9 /* TableHeaderView.swift */,
			);
			path = Common;
			sourceTree = "<group>";
		};
		FF491E6F2959C2DF0088FD13 /* Protocols */ = {
			isa = PBXGroup;
			children = (
				FF491E722959C2FD0088FD13 /* PracticeViewDelegate.swift */,
				FFCBB0DA296B1A6700E5B9D9 /* PracticeProducerDelegate.swift */,
			);
			path = Protocols;
			sourceTree = "<group>";
		};
		FF495E912958FF5D00EA7EA9 /* UIExtensions */ = {
			isa = PBXGroup;
			children = (
				FF706DF4295144B000DBCF8E /* UIColorExtensions.swift */,
				FF706E022951549C00DBCF8E /* UIImageExtensions.swift */,
				FF52921129520D1200858B55 /* UINavigationBarExtensions.swift */,
				FF4964B929579C5A00414AC5 /* UISearchBarExtensions.swift */,
				FF4964C12957B01100414AC5 /* UITextViewExtensions.swift */,
				FF495E8D2958F38800EA7EA9 /* UITableViewExtensions.swift */,
				FF4D7CC52953952C009F6894 /* NSMutableAttributedStringExtensions.swift */,
				FF793A472968A7D60026B8C7 /* UIApplicationExtensions.swift */,
				FFD7DF71299D509B00019D51 /* CGRectExtensions.swift */,
				FFBC8A832A9F2FDD001123EB /* UILabelExtensions.swift */,
			);
			path = UIExtensions;
			sourceTree = "<group>";
		};
		FF495E922958FF7200EA7EA9 /* TypeExtensions */ = {
			isa = PBXGroup;
			children = (
				FF4964BD29579C9700414AC5 /* StringExtensions.swift */,
				FF495E9D2959084200EA7EA9 /* DateExtensions.swift */,
				FF584433296732B400137E00 /* DictionaryExtensions.swift */,
				FF5FE945297431C30002691C /* ArrayExtensions.swift */,
				FF4964CC2958BE8900414AC5 /* TimeIntervalExtensions.swift */,
			);
			path = TypeExtensions;
			sourceTree = "<group>";
		};
		FF495E932958FF8200EA7EA9 /* ModelExtensions */ = {
			isa = PBXGroup;
			children = (
				FF495E982959039A00EA7EA9 /* WordExtensions.swift */,
				FF4964BF29579DA100414AC5 /* ArticleExtensions.swift */,
				FF4EFE13295D392F00E30D6A /* HistoryRecordExtensions.swift */,
			);
			path = ModelExtensions;
			sourceTree = "<group>";
		};
		FF495E942958FFCC00EA7EA9 /* Words */ = {
			isa = PBXGroup;
			children = (
				FF495E952958FFE600EA7EA9 /* WordsViewController.swift */,
				FF5AA0062961EA62009D5237 /* WordsEditViewController.swift */,
				FF495EA12959244C00EA7EA9 /* WordsPracticeViewController.swift */,
			);
			path = Words;
			sourceTree = "<group>";
		};
		FF495E9A295903B700EA7EA9 /* Words */ = {
			isa = PBXGroup;
			children = (
				FF495E9B295903DF00EA7EA9 /* WordsTableCell.swift */,
				FF491E742959C4320088FD13 /* SelectionPracticeView.swift */,
				FF491E762959CC960088FD13 /* FillingPracticeView.swift */,
				FFD7DF7C299DA18000019D51 /* ReorderingPracticeView.swift */,
			);
			path = Words;
			sourceTree = "<group>";
		};
		FF4CA72C295E868100423946 /* Translation */ = {
			isa = PBXGroup;
			children = (
				FF4CA72F295E869900423946 /* TranslationPracticeViewController.swift */,
			);
			path = Translation;
			sourceTree = "<group>";
		};
		FF4CA732295E888000423946 /* Utils */ = {
			isa = PBXGroup;
			children = (
				FF62C9A829513A5000D41797 /* Theme.swift */,
				FF706DF0295142AF00DBCF8E /* Strings.swift */,
				FF55D155296F3AEC0092FB6B /* Values.swift */,
				FF5AA00A2961F208009D5237 /* Alerts.swift */,
				FF5B182B2961E55F00C80DC3 /* IO.swift */,
				FF1780CE2A48EDCD005F588B /* Notifications.swift */,
			);
			path = Utils;
			sourceTree = "<group>";
		};
		FF50250A295244D50097C2CB /* Reading */ = {
			isa = PBXGroup;
			children = (
				FF50250D295244F10097C2CB /* ReadingViewController.swift */,
				FF4B382A29525A4300BB3FFD /* ReadingEditViewController.swift */,
				FF23764D29528C840073AF96 /* ReadingPracticeViewController.swift */,
			);
			path = Reading;
			sourceTree = "<group>";
		};
		FF502510295248BF0097C2CB /* Models */ = {
			isa = PBXGroup;
			children = (
				FF4964CE2958CE4400414AC5 /* Word.swift */,
				FF502511295248D10097C2CB /* Article.swift */,
				FF591ED2296795E70004CB80 /* Practices */,
				FF5690132980367A00CA2C7B /* LangCode.swift */,
				FF4FA0C72AADDAA0001EA18C /* WordCard.swift */,
			);
			path = Models;
			sourceTree = "<group>";
		};
		FF52920B2952013900858B55 /* CustomViews */ = {
			isa = PBXGroup;
			children = (
				FFD7DF77299D8D4C00019D51 /* DragAndDrop */,
				FFD7DF76299D8D3000019D51 /* NewWordAdding */,
				FFD7DF75299D8D2300019D51 /* RoundButton */,
				FF5292092952012E00858B55 /* ThreeButtonSelectionStack.swift */,
				FF491E7F2959ED730088FD13 /* Separator.swift */,
				FF4964CA2958BAFD00414AC5 /* TimingBar.swift */,
				FF5DB993295FB973002FA788 /* AutoResizingTextViewWithPrompt.swift */,
			);
			path = CustomViews;
			sourceTree = "<group>";
		};
		FF56901929803E9D00CA2C7B /* Home */ = {
			isa = PBXGroup;
			children = (
				FF56901729803D6C00CA2C7B /* LangCell.swift */,
			);
			path = Home;
			sourceTree = "<group>";
		};
		FF58442F2967215700137E00 /* Common */ = {
			isa = PBXGroup;
			children = (
				FF5D129029577AC4005DEEDE /* NavController.swift */,
				FF5844302967217700137E00 /* ListViewController.swift */,
				FFCBB0D6296B0AA200E5B9D9 /* PracticeViewController.swift */,
			);
			path = Common;
			sourceTree = "<group>";
		};
		FF591ED2296795E70004CB80 /* Practices */ = {
			isa = PBXGroup;
			children = (
				FF4A21532959A5D600AD3AF8 /* Practice.swift */,
				FF591ED52967960C0004CB80 /* WordPractice.swift */,
				FF591ED7296796160004CB80 /* ReadingPractice.swift */,
				FF591ED9296796200004CB80 /* TranslationPractice.swift */,
			);
			path = Practices;
			sourceTree = "<group>";
		};
		FF62C9692951382500D41797 = {
			isa = PBXGroup;
			children = (
				FF62C9742951382500D41797 /* Polyglot */,
				FF62C98B2951382600D41797 /* PolyglotTests */,
				FF62C9962951382600D41797 /* PolyglotUITests */,
				FF62C9732951382500D41797 /* Products */,
				FF62C9AA29513B7200D41797 /* Frameworks */,
				BE6764694D03A1E47A5AE00F /* Pods */,
			);
			sourceTree = "<group>";
		};
		FF62C9732951382500D41797 /* Products */ = {
			isa = PBXGroup;
			children = (
				FF62C9722951382500D41797 /* Polyglot.app */,
				FF62C9882951382600D41797 /* PolyglotTests.xctest */,
				FF62C9932951382600D41797 /* PolyglotUITests.xctest */,
			);
			name = Products;
			sourceTree = "<group>";
		};
		FF62C9742951382500D41797 /* Polyglot */ = {
			isa = PBXGroup;
			children = (
				FF4BF6882A69468C00D875E1 /* duome_de_sentences */,
				FFC26AE9298D82CB004D9656 /* duome_es_sentences */,
				FFC26AED298D82D7004D9656 /* duome_ru_sentences */,
				FF506EC82A69A53D00136C82 /* Unit 1.info.fixed.json */,
				FF506ECA2A69A54700136C82 /* Unit 2.info.json */,
				FF506ECC2A69A54C00136C82 /* Unit 3.info.json */,
				FF506ECE2A69A55800136C82 /* de.words.duome.u1.json */,
				FF502510295248BF0097C2CB /* Models */,
				FF62C9A629513A2800D41797 /* Controllers */,
				FF62C9A729513A3700D41797 /* Views */,
				FF491E6F2959C2DF0088FD13 /* Protocols */,
				FF69103229956F65003A925A /* PracticeProducers */,
				FF706DF3295144A000DBCF8E /* Extensions */,
				FF4CA732295E888000423946 /* Utils */,
				FF8E5BB1298DB68F003B6FB1 /* APIs */,
				FF62C9752951382500D41797 /* AppDelegate.swift */,
				FF62C9772951382500D41797 /* SceneDelegate.swift */,
				FF62C97E2951382600D41797 /* Assets.xcassets */,
				FF62C9832951382600D41797 /* Info.plist */,
			);
			path = Polyglot;
			sourceTree = "<group>";
		};
		FF62C98B2951382600D41797 /* PolyglotTests */ = {
			isa = PBXGroup;
			children = (
				FF62C98C2951382600D41797 /* PolyglotTests.swift */,
				FF62C98E2951382600D41797 /* Info.plist */,
			);
			path = PolyglotTests;
			sourceTree = "<group>";
		};
		FF62C9962951382600D41797 /* PolyglotUITests */ = {
			isa = PBXGroup;
			children = (
				FF62C9972951382600D41797 /* PolyglotUITests.swift */,
				FF62C9992951382600D41797 /* Info.plist */,
			);
			path = PolyglotUITests;
			sourceTree = "<group>";
		};
		FF62C9A629513A2800D41797 /* Controllers */ = {
			isa = PBXGroup;
			children = (
				FF62C9792951382500D41797 /* HomeViewController.swift */,
				FF5292062951FC9700858B55 /* MenuViewController.swift */,
				FF58442F2967215700137E00 /* Common */,
				FF495E942958FFCC00EA7EA9 /* Words */,
				FF50250A295244D50097C2CB /* Reading */,
				FF4CA72C295E868100423946 /* Translation */,
			);
			path = Controllers;
			sourceTree = "<group>";
		};
		FF62C9A729513A3700D41797 /* Views */ = {
			isa = PBXGroup;
			children = (
				FF52920B2952013900858B55 /* CustomViews */,
				FF24AB75297073AA00129EEF /* Common */,
				FF56901929803E9D00CA2C7B /* Home */,
				FF495E9A295903B700EA7EA9 /* Words */,
				FF706DFE2951503700DBCF8E /* Reading */,
				FFCBB0DE296B45DB00E5B9D9 /* Translation */,
			);
			path = Views;
			sourceTree = "<group>";
		};
		FF62C9AA29513B7200D41797 /* Frameworks */ = {
			isa = PBXGroup;
			children = (
				FF8E5BB5298DB9A6003B6FB1 /* SnapKit.xcodeproj */,
				F18AC45591099280DCFC633D /* Pods_Polyglot.framework */,
				907D4F8E5EB18C9B62364FB2 /* Pods_Polyglot_PolyglotUITests.framework */,
				E379777C4FD33BCD824C64B5 /* Pods_PolyglotTests.framework */,
			);
			name = Frameworks;
			sourceTree = "<group>";
		};
		FF69103229956F65003A925A /* PracticeProducers */ = {
			isa = PBXGroup;
			children = (
				FFBD60402969D713004165FC /* WordPracticeProducer.swift */,
				FFBD60422969D721004165FC /* ReadingPracticeProducer.swift */,
				FFBD60442969D733004165FC /* TranslationPracticeProducer.swift */,
			);
			path = PracticeProducers;
			sourceTree = "<group>";
		};
		FF706DF3295144A000DBCF8E /* Extensions */ = {
			isa = PBXGroup;
			children = (
				FF495E932958FF8200EA7EA9 /* ModelExtensions */,
				FF495E922958FF7200EA7EA9 /* TypeExtensions */,
				FF495E912958FF5D00EA7EA9 /* UIExtensions */,
			);
			path = Extensions;
			sourceTree = "<group>";
		};
		FF706DFE2951503700DBCF8E /* Reading */ = {
			isa = PBXGroup;
			children = (
				FF50251329524D100097C2CB /* ReadingTableCell.swift */,
				FF4B382E29525BD400BB3FFD /* ReadingEditTableCell.swift */,
				FFCBB0DC296B2E4000E5B9D9 /* ReadingPracticeView.swift */,
			);
			path = Reading;
			sourceTree = "<group>";
		};
		FF8E5BB1298DB68F003B6FB1 /* APIs */ = {
			isa = PBXGroup;
			children = (
				FF58518E29819CF8004EB63C /* GoogleTranslator.swift */,
				FF8E5BC2298DBD5D003B6FB1 /* JapanesePAAnalyzer.swift */,
				FF4AB0022A9B4C4400908062 /* ContentCreator.swift */,
				FF4AB0062A9B4DE600908062 /* APIKeys.swift */,
			);
			path = APIs;
			sourceTree = "<group>";
		};
		FF8E5BB6298DB9A6003B6FB1 /* Products */ = {
			isa = PBXGroup;
			children = (
				FF8E5BBB298DB9A6003B6FB1 /* SnapKit.framework */,
				FF8E5BBD298DB9A6003B6FB1 /* SnapKit Tests.xctest */,
			);
			name = Products;
			sourceTree = "<group>";
		};
		FFCBB0DE296B45DB00E5B9D9 /* Translation */ = {
			isa = PBXGroup;
			children = (
				FFCBB0DF296B45F300E5B9D9 /* TranslationPracticeView.swift */,
			);
			path = Translation;
			sourceTree = "<group>";
		};
		FFD7DF75299D8D2300019D51 /* RoundButton */ = {
			isa = PBXGroup;
			children = (
				FF4964C82958B05300414AC5 /* RoundButton.swift */,
				FF5D129429577CB3005DEEDE /* RoundButtonWithShadow.swift */,
			);
			path = RoundButton;
			sourceTree = "<group>";
		};
		FFD7DF76299D8D3000019D51 /* NewWordAdding */ = {
			isa = PBXGroup;
			children = (
				FF8CDE802952995F00B36CA3 /* NewWordAddingBottomView.swift */,
				FF5882BD29604E0300FC33CF /* NewWordAddingTextView.swift */,
			);
			path = NewWordAdding;
			sourceTree = "<group>";
		};
		FFD7DF77299D8D4C00019D51 /* DragAndDrop */ = {
			isa = PBXGroup;
			children = (
				FF63DDFB299AC17C0088C10B /* WordBank.swift */,
				FF63DDFF299AD2F90088C10B /* WordBankItem.swift */,
				FFD7DF6C299D376000019D51 /* RowStackItem.swift */,
			);
			path = DragAndDrop;
			sourceTree = "<group>";
		};
/* End PBXGroup section */

/* Begin PBXNativeTarget section */
		FF62C9712951382500D41797 /* Polyglot */ = {
			isa = PBXNativeTarget;
			buildConfigurationList = FF62C99C2951382600D41797 /* Build configuration list for PBXNativeTarget "Polyglot" */;
			buildPhases = (
				C6EBC7C89C78DB630A1DE992 /* [CP] Check Pods Manifest.lock */,
				FF62C96E2951382500D41797 /* Sources */,
				FF62C96F2951382500D41797 /* Frameworks */,
				FF62C9702951382500D41797 /* Resources */,
				D06BA752CDE8744B961BD4E0 /* [CP] Embed Pods Frameworks */,
				FF8E5BC0298DB9BF003B6FB1 /* Embed Frameworks */,
			);
			buildRules = (
			);
			dependencies = (
			);
			name = Polyglot;
			productName = Polyglot;
			productReference = FF62C9722951382500D41797 /* Polyglot.app */;
			productType = "com.apple.product-type.application";
		};
		FF62C9872951382600D41797 /* PolyglotTests */ = {
			isa = PBXNativeTarget;
			buildConfigurationList = FF62C99F2951382600D41797 /* Build configuration list for PBXNativeTarget "PolyglotTests" */;
			buildPhases = (
				BFE4F36892FF6E195DEDFA4D /* [CP] Check Pods Manifest.lock */,
				FF62C9842951382600D41797 /* Sources */,
				FF62C9852951382600D41797 /* Frameworks */,
				FF62C9862951382600D41797 /* Resources */,
			);
			buildRules = (
			);
			dependencies = (
				FF62C98A2951382600D41797 /* PBXTargetDependency */,
			);
			name = PolyglotTests;
			productName = PolyglotTests;
			productReference = FF62C9882951382600D41797 /* PolyglotTests.xctest */;
			productType = "com.apple.product-type.bundle.unit-test";
		};
		FF62C9922951382600D41797 /* PolyglotUITests */ = {
			isa = PBXNativeTarget;
			buildConfigurationList = FF62C9A22951382600D41797 /* Build configuration list for PBXNativeTarget "PolyglotUITests" */;
			buildPhases = (
				54AE9D3558E1889D5A3970D2 /* [CP] Check Pods Manifest.lock */,
				FF62C98F2951382600D41797 /* Sources */,
				FF62C9902951382600D41797 /* Frameworks */,
				FF62C9912951382600D41797 /* Resources */,
				4272160F59C3274063E12C00 /* [CP] Embed Pods Frameworks */,
			);
			buildRules = (
			);
			dependencies = (
				FF62C9952951382600D41797 /* PBXTargetDependency */,
			);
			name = PolyglotUITests;
			productName = PolyglotUITests;
			productReference = FF62C9932951382600D41797 /* PolyglotUITests.xctest */;
			productType = "com.apple.product-type.bundle.ui-testing";
		};
/* End PBXNativeTarget section */

/* Begin PBXProject section */
		FF62C96A2951382500D41797 /* Project object */ = {
			isa = PBXProject;
			attributes = {
				LastSwiftUpdateCheck = 1150;
				LastUpgradeCheck = 1150;
				ORGANIZATIONNAME = Sola;
				TargetAttributes = {
					FF62C9712951382500D41797 = {
						CreatedOnToolsVersion = 11.5;
					};
					FF62C9872951382600D41797 = {
						CreatedOnToolsVersion = 11.5;
						TestTargetID = FF62C9712951382500D41797;
					};
					FF62C9922951382600D41797 = {
						CreatedOnToolsVersion = 11.5;
						TestTargetID = FF62C9712951382500D41797;
					};
				};
			};
			buildConfigurationList = FF62C96D2951382500D41797 /* Build configuration list for PBXProject "Polyglot" */;
			compatibilityVersion = "Xcode 9.3";
			developmentRegion = en;
			hasScannedForEncodings = 0;
			knownRegions = (
				en,
				Base,
			);
			mainGroup = FF62C9692951382500D41797;
			productRefGroup = FF62C9732951382500D41797 /* Products */;
			projectDirPath = "";
			projectReferences = (
				{
					ProductGroup = FF8E5BB6298DB9A6003B6FB1 /* Products */;
					ProjectRef = FF8E5BB5298DB9A6003B6FB1 /* SnapKit.xcodeproj */;
				},
			);
			projectRoot = "";
			targets = (
				FF62C9712951382500D41797 /* Polyglot */,
				FF62C9872951382600D41797 /* PolyglotTests */,
				FF62C9922951382600D41797 /* PolyglotUITests */,
			);
		};
/* End PBXProject section */

/* Begin PBXReferenceProxy section */
		FF8E5BBB298DB9A6003B6FB1 /* SnapKit.framework */ = {
			isa = PBXReferenceProxy;
			fileType = wrapper.framework;
			path = SnapKit.framework;
			remoteRef = FF8E5BBA298DB9A6003B6FB1 /* PBXContainerItemProxy */;
			sourceTree = BUILT_PRODUCTS_DIR;
		};
		FF8E5BBD298DB9A6003B6FB1 /* SnapKit Tests.xctest */ = {
			isa = PBXReferenceProxy;
			fileType = wrapper.cfbundle;
			path = "SnapKit Tests.xctest";
			remoteRef = FF8E5BBC298DB9A6003B6FB1 /* PBXContainerItemProxy */;
			sourceTree = BUILT_PRODUCTS_DIR;
		};
/* End PBXReferenceProxy section */

/* Begin PBXResourcesBuildPhase section */
		FF62C9702951382500D41797 /* Resources */ = {
			isa = PBXResourcesBuildPhase;
			buildActionMask = 2147483647;
			files = (
				FF506ECF2A69A55800136C82 /* de.words.duome.u1.json in Resources */,
				FF506ECB2A69A54700136C82 /* Unit 2.info.json in Resources */,
				FF4BF68B2A69468C00D875E1 /* duome_de_sentences in Resources */,
				FF506ECD2A69A54C00136C82 /* Unit 3.info.json in Resources */,
				FFC26AEC298D82CB004D9656 /* duome_es_sentences in Resources */,
				FF506EC92A69A53D00136C82 /* Unit 1.info.fixed.json in Resources */,
				FF62C97F2951382600D41797 /* Assets.xcassets in Resources */,
				FFC26AEE298D82D7004D9656 /* duome_ru_sentences in Resources */,
			);
			runOnlyForDeploymentPostprocessing = 0;
		};
		FF62C9862951382600D41797 /* Resources */ = {
			isa = PBXResourcesBuildPhase;
			buildActionMask = 2147483647;
			files = (
			);
			runOnlyForDeploymentPostprocessing = 0;
		};
		FF62C9912951382600D41797 /* Resources */ = {
			isa = PBXResourcesBuildPhase;
			buildActionMask = 2147483647;
			files = (
			);
			runOnlyForDeploymentPostprocessing = 0;
		};
/* End PBXResourcesBuildPhase section */

/* Begin PBXShellScriptBuildPhase section */
		4272160F59C3274063E12C00 /* [CP] Embed Pods Frameworks */ = {
			isa = PBXShellScriptBuildPhase;
			buildActionMask = 2147483647;
			files = (
			);
			inputFileListPaths = (
				"${PODS_ROOT}/Target Support Files/Pods-Polyglot-PolyglotUITests/Pods-Polyglot-PolyglotUITests-frameworks-${CONFIGURATION}-input-files.xcfilelist",
			);
			name = "[CP] Embed Pods Frameworks";
			outputFileListPaths = (
				"${PODS_ROOT}/Target Support Files/Pods-Polyglot-PolyglotUITests/Pods-Polyglot-PolyglotUITests-frameworks-${CONFIGURATION}-output-files.xcfilelist",
			);
			runOnlyForDeploymentPostprocessing = 0;
			shellPath = /bin/sh;
			shellScript = "\"${PODS_ROOT}/Target Support Files/Pods-Polyglot-PolyglotUITests/Pods-Polyglot-PolyglotUITests-frameworks.sh\"\n";
			showEnvVarsInLog = 0;
		};
		54AE9D3558E1889D5A3970D2 /* [CP] Check Pods Manifest.lock */ = {
			isa = PBXShellScriptBuildPhase;
			buildActionMask = 2147483647;
			files = (
			);
			inputFileListPaths = (
			);
			inputPaths = (
				"${PODS_PODFILE_DIR_PATH}/Podfile.lock",
				"${PODS_ROOT}/Manifest.lock",
			);
			name = "[CP] Check Pods Manifest.lock";
			outputFileListPaths = (
			);
			outputPaths = (
				"$(DERIVED_FILE_DIR)/Pods-Polyglot-PolyglotUITests-checkManifestLockResult.txt",
			);
			runOnlyForDeploymentPostprocessing = 0;
			shellPath = /bin/sh;
			shellScript = "diff \"${PODS_PODFILE_DIR_PATH}/Podfile.lock\" \"${PODS_ROOT}/Manifest.lock\" > /dev/null\nif [ $? != 0 ] ; then\n    # print error to STDERR\n    echo \"error: The sandbox is not in sync with the Podfile.lock. Run 'pod install' or update your CocoaPods installation.\" >&2\n    exit 1\nfi\n# This output is used by Xcode 'outputs' to avoid re-running this script phase.\necho \"SUCCESS\" > \"${SCRIPT_OUTPUT_FILE_0}\"\n";
			showEnvVarsInLog = 0;
		};
		BFE4F36892FF6E195DEDFA4D /* [CP] Check Pods Manifest.lock */ = {
			isa = PBXShellScriptBuildPhase;
			buildActionMask = 2147483647;
			files = (
			);
			inputFileListPaths = (
			);
			inputPaths = (
				"${PODS_PODFILE_DIR_PATH}/Podfile.lock",
				"${PODS_ROOT}/Manifest.lock",
			);
			name = "[CP] Check Pods Manifest.lock";
			outputFileListPaths = (
			);
			outputPaths = (
				"$(DERIVED_FILE_DIR)/Pods-PolyglotTests-checkManifestLockResult.txt",
			);
			runOnlyForDeploymentPostprocessing = 0;
			shellPath = /bin/sh;
			shellScript = "diff \"${PODS_PODFILE_DIR_PATH}/Podfile.lock\" \"${PODS_ROOT}/Manifest.lock\" > /dev/null\nif [ $? != 0 ] ; then\n    # print error to STDERR\n    echo \"error: The sandbox is not in sync with the Podfile.lock. Run 'pod install' or update your CocoaPods installation.\" >&2\n    exit 1\nfi\n# This output is used by Xcode 'outputs' to avoid re-running this script phase.\necho \"SUCCESS\" > \"${SCRIPT_OUTPUT_FILE_0}\"\n";
			showEnvVarsInLog = 0;
		};
		C6EBC7C89C78DB630A1DE992 /* [CP] Check Pods Manifest.lock */ = {
			isa = PBXShellScriptBuildPhase;
			buildActionMask = 2147483647;
			files = (
			);
			inputFileListPaths = (
			);
			inputPaths = (
				"${PODS_PODFILE_DIR_PATH}/Podfile.lock",
				"${PODS_ROOT}/Manifest.lock",
			);
			name = "[CP] Check Pods Manifest.lock";
			outputFileListPaths = (
			);
			outputPaths = (
				"$(DERIVED_FILE_DIR)/Pods-Polyglot-checkManifestLockResult.txt",
			);
			runOnlyForDeploymentPostprocessing = 0;
			shellPath = /bin/sh;
			shellScript = "diff \"${PODS_PODFILE_DIR_PATH}/Podfile.lock\" \"${PODS_ROOT}/Manifest.lock\" > /dev/null\nif [ $? != 0 ] ; then\n    # print error to STDERR\n    echo \"error: The sandbox is not in sync with the Podfile.lock. Run 'pod install' or update your CocoaPods installation.\" >&2\n    exit 1\nfi\n# This output is used by Xcode 'outputs' to avoid re-running this script phase.\necho \"SUCCESS\" > \"${SCRIPT_OUTPUT_FILE_0}\"\n";
			showEnvVarsInLog = 0;
		};
		D06BA752CDE8744B961BD4E0 /* [CP] Embed Pods Frameworks */ = {
			isa = PBXShellScriptBuildPhase;
			buildActionMask = 2147483647;
			files = (
			);
			inputFileListPaths = (
				"${PODS_ROOT}/Target Support Files/Pods-Polyglot/Pods-Polyglot-frameworks-${CONFIGURATION}-input-files.xcfilelist",
			);
			name = "[CP] Embed Pods Frameworks";
			outputFileListPaths = (
				"${PODS_ROOT}/Target Support Files/Pods-Polyglot/Pods-Polyglot-frameworks-${CONFIGURATION}-output-files.xcfilelist",
			);
			runOnlyForDeploymentPostprocessing = 0;
			shellPath = /bin/sh;
			shellScript = "\"${PODS_ROOT}/Target Support Files/Pods-Polyglot/Pods-Polyglot-frameworks.sh\"\n";
			showEnvVarsInLog = 0;
		};
/* End PBXShellScriptBuildPhase section */

/* Begin PBXSourcesBuildPhase section */
		FF62C96E2951382500D41797 /* Sources */ = {
			isa = PBXSourcesBuildPhase;
			buildActionMask = 2147483647;
			files = (
				FF591ED62967960C0004CB80 /* WordPractice.swift in Sources */,
				FFBD60412969D713004165FC /* WordPracticeProducer.swift in Sources */,
				FF495E962958FFE600EA7EA9 /* WordsViewController.swift in Sources */,
				FF502512295248D10097C2CB /* Article.swift in Sources */,
				FFBD60432969D721004165FC /* ReadingPracticeProducer.swift in Sources */,
				FF491E772959CC960088FD13 /* FillingPracticeView.swift in Sources */,
				FF491E752959C4320088FD13 /* SelectionPracticeView.swift in Sources */,
				FFCBB0E0296B45F300E5B9D9 /* TranslationPracticeView.swift in Sources */,
				FF8E5BC3298DBD5D003B6FB1 /* JapanesePAAnalyzer.swift in Sources */,
				FF4964BA29579C5A00414AC5 /* UISearchBarExtensions.swift in Sources */,
				FF5844312967217700137E00 /* ListViewController.swift in Sources */,
				FF62C97A2951382500D41797 /* HomeViewController.swift in Sources */,
				FF5D129529577CB3005DEEDE /* RoundButtonWithShadow.swift in Sources */,
				FF4A21542959A5D600AD3AF8 /* Practice.swift in Sources */,
				FF4964C029579DA100414AC5 /* ArticleExtensions.swift in Sources */,
				FF1780CF2A48EDCD005F588B /* Notifications.swift in Sources */,
				FF23764E29528C840073AF96 /* ReadingPracticeViewController.swift in Sources */,
				FF4964C92958B05300414AC5 /* RoundButton.swift in Sources */,
				FF491E732959C2FD0088FD13 /* PracticeViewDelegate.swift in Sources */,
				FF5690142980367A00CA2C7B /* LangCode.swift in Sources */,
				FF495E8E2958F38800EA7EA9 /* UITableViewExtensions.swift in Sources */,
				FF5292072951FC9700858B55 /* MenuViewController.swift in Sources */,
				FF4AB0032A9B4C4400908062 /* ContentCreator.swift in Sources */,
				FF5AA00B2961F208009D5237 /* Alerts.swift in Sources */,
				FF793A482968A7D60026B8C7 /* UIApplicationExtensions.swift in Sources */,
				FF4B382B29525A4300BB3FFD /* ReadingEditViewController.swift in Sources */,
				FF4B382F29525BD400BB3FFD /* ReadingEditTableCell.swift in Sources */,
				FF63DE00299AD2F90088C10B /* WordBankItem.swift in Sources */,
				FF50251429524D100097C2CB /* ReadingTableCell.swift in Sources */,
				FF491E802959ED730088FD13 /* Separator.swift in Sources */,
				FF8CDE812952995F00B36CA3 /* NewWordAddingBottomView.swift in Sources */,
				FF4EFE14295D392F00E30D6A /* HistoryRecordExtensions.swift in Sources */,
				FF5B182C2961E55F00C80DC3 /* IO.swift in Sources */,
				FF591EDA296796200004CB80 /* TranslationPractice.swift in Sources */,
				FF4964BE29579C9700414AC5 /* StringExtensions.swift in Sources */,
				FF706DF5295144B000DBCF8E /* UIColorExtensions.swift in Sources */,
				FF58518F29819CF8004EB63C /* GoogleTranslator.swift in Sources */,
				FFCBB0D7296B0AA200E5B9D9 /* PracticeViewController.swift in Sources */,
				FF495E9C295903DF00EA7EA9 /* WordsTableCell.swift in Sources */,
				FF584434296732B400137E00 /* DictionaryExtensions.swift in Sources */,
				FF5AA0072961EA62009D5237 /* WordsEditViewController.swift in Sources */,
				FF56901829803D6C00CA2C7B /* LangCell.swift in Sources */,
				FFCBB0DB296B1A6700E5B9D9 /* PracticeProducerDelegate.swift in Sources */,
				FF52921229520D1200858B55 /* UINavigationBarExtensions.swift in Sources */,
				FF4AB0072A9B4DE600908062 /* APIKeys.swift in Sources */,
				FF5882BE29604E0300FC33CF /* NewWordAddingTextView.swift in Sources */,
				FF495EA029591DEC00EA7EA9 /* TableHeaderView.swift in Sources */,
				FFD7DF72299D509B00019D51 /* CGRectExtensions.swift in Sources */,
				FF62C9A929513A5000D41797 /* Theme.swift in Sources */,
				FFBD60452969D733004165FC /* TranslationPracticeProducer.swift in Sources */,
				FF706DF1295142AF00DBCF8E /* Strings.swift in Sources */,
				FFD7DF7D299DA18000019D51 /* ReorderingPracticeView.swift in Sources */,
				FF63DDFC299AC17C0088C10B /* WordBank.swift in Sources */,
				FF62C9762951382500D41797 /* AppDelegate.swift in Sources */,
				FF4CA730295E869900423946 /* TranslationPracticeViewController.swift in Sources */,
				FF4D7CC62953952C009F6894 /* NSMutableAttributedStringExtensions.swift in Sources */,
				FF495E992959039A00EA7EA9 /* WordExtensions.swift in Sources */,
				FF4964CF2958CE4400414AC5 /* Word.swift in Sources */,
				FF706E032951549C00DBCF8E /* UIImageExtensions.swift in Sources */,
				FF5FE946297431C30002691C /* ArrayExtensions.swift in Sources */,
				FF5D129129577AC4005DEEDE /* NavController.swift in Sources */,
				FF4964C22957B01100414AC5 /* UITextViewExtensions.swift in Sources */,
				FF495E9E2959084200EA7EA9 /* DateExtensions.swift in Sources */,
				FF4964CB2958BAFD00414AC5 /* TimingBar.swift in Sources */,
				FF50250E295244F10097C2CB /* ReadingViewController.swift in Sources */,
				FFBC8A842A9F2FDD001123EB /* UILabelExtensions.swift in Sources */,
				FF55D156296F3AEC0092FB6B /* Values.swift in Sources */,
				FFCBB0DD296B2E4000E5B9D9 /* ReadingPracticeView.swift in Sources */,
				FF4964CD2958BE8900414AC5 /* TimeIntervalExtensions.swift in Sources */,
				FF52920A2952012E00858B55 /* ThreeButtonSelectionStack.swift in Sources */,
				FF62C9782951382500D41797 /* SceneDelegate.swift in Sources */,
				FF591ED8296796160004CB80 /* ReadingPractice.swift in Sources */,
				FF5DB994295FB973002FA788 /* AutoResizingTextViewWithPrompt.swift in Sources */,
				FF495EA22959244C00EA7EA9 /* WordsPracticeViewController.swift in Sources */,
				FFD7DF6D299D376000019D51 /* RowStackItem.swift in Sources */,
				FF4FA0C82AADDAA0001EA18C /* WordCard.swift in Sources */,
			);
			runOnlyForDeploymentPostprocessing = 0;
		};
		FF62C9842951382600D41797 /* Sources */ = {
			isa = PBXSourcesBuildPhase;
			buildActionMask = 2147483647;
			files = (
				FF62C98D2951382600D41797 /* PolyglotTests.swift in Sources */,
			);
			runOnlyForDeploymentPostprocessing = 0;
		};
		FF62C98F2951382600D41797 /* Sources */ = {
			isa = PBXSourcesBuildPhase;
			buildActionMask = 2147483647;
			files = (
				FF62C9982951382600D41797 /* PolyglotUITests.swift in Sources */,
			);
			runOnlyForDeploymentPostprocessing = 0;
		};
/* End PBXSourcesBuildPhase section */

/* Begin PBXTargetDependency section */
		FF62C98A2951382600D41797 /* PBXTargetDependency */ = {
			isa = PBXTargetDependency;
			target = FF62C9712951382500D41797 /* Polyglot */;
			targetProxy = FF62C9892951382600D41797 /* PBXContainerItemProxy */;
		};
		FF62C9952951382600D41797 /* PBXTargetDependency */ = {
			isa = PBXTargetDependency;
			target = FF62C9712951382500D41797 /* Polyglot */;
			targetProxy = FF62C9942951382600D41797 /* PBXContainerItemProxy */;
		};
/* End PBXTargetDependency section */

/* Begin XCBuildConfiguration section */
		FF62C99A2951382600D41797 /* Debug */ = {
			isa = XCBuildConfiguration;
			buildSettings = {
				ALWAYS_SEARCH_USER_PATHS = NO;
				CLANG_ANALYZER_NONNULL = YES;
				CLANG_ANALYZER_NUMBER_OBJECT_CONVERSION = YES_AGGRESSIVE;
				CLANG_CXX_LANGUAGE_STANDARD = "gnu++14";
				CLANG_CXX_LIBRARY = "libc++";
				CLANG_ENABLE_MODULES = YES;
				CLANG_ENABLE_OBJC_ARC = YES;
				CLANG_ENABLE_OBJC_WEAK = YES;
				CLANG_WARN_BLOCK_CAPTURE_AUTORELEASING = YES;
				CLANG_WARN_BOOL_CONVERSION = YES;
				CLANG_WARN_COMMA = YES;
				CLANG_WARN_CONSTANT_CONVERSION = YES;
				CLANG_WARN_DEPRECATED_OBJC_IMPLEMENTATIONS = YES;
				CLANG_WARN_DIRECT_OBJC_ISA_USAGE = YES_ERROR;
				CLANG_WARN_DOCUMENTATION_COMMENTS = YES;
				CLANG_WARN_EMPTY_BODY = YES;
				CLANG_WARN_ENUM_CONVERSION = YES;
				CLANG_WARN_INFINITE_RECURSION = YES;
				CLANG_WARN_INT_CONVERSION = YES;
				CLANG_WARN_NON_LITERAL_NULL_CONVERSION = YES;
				CLANG_WARN_OBJC_IMPLICIT_RETAIN_SELF = YES;
				CLANG_WARN_OBJC_LITERAL_CONVERSION = YES;
				CLANG_WARN_OBJC_ROOT_CLASS = YES_ERROR;
				CLANG_WARN_RANGE_LOOP_ANALYSIS = YES;
				CLANG_WARN_STRICT_PROTOTYPES = YES;
				CLANG_WARN_SUSPICIOUS_MOVE = YES;
				CLANG_WARN_UNGUARDED_AVAILABILITY = YES_AGGRESSIVE;
				CLANG_WARN_UNREACHABLE_CODE = YES;
				CLANG_WARN__DUPLICATE_METHOD_MATCH = YES;
				COPY_PHASE_STRIP = NO;
				DEBUG_INFORMATION_FORMAT = dwarf;
				ENABLE_STRICT_OBJC_MSGSEND = YES;
				ENABLE_TESTABILITY = YES;
				GCC_C_LANGUAGE_STANDARD = gnu11;
				GCC_DYNAMIC_NO_PIC = NO;
				GCC_NO_COMMON_BLOCKS = YES;
				GCC_OPTIMIZATION_LEVEL = 0;
				GCC_PREPROCESSOR_DEFINITIONS = (
					"DEBUG=1",
					"$(inherited)",
				);
				GCC_WARN_64_TO_32_BIT_CONVERSION = YES;
				GCC_WARN_ABOUT_RETURN_TYPE = YES_ERROR;
				GCC_WARN_UNDECLARED_SELECTOR = YES;
				GCC_WARN_UNINITIALIZED_AUTOS = YES_AGGRESSIVE;
				GCC_WARN_UNUSED_FUNCTION = YES;
				GCC_WARN_UNUSED_VARIABLE = YES;
				IPHONEOS_DEPLOYMENT_TARGET = 13.2;
				MTL_ENABLE_DEBUG_INFO = INCLUDE_SOURCE;
				MTL_FAST_MATH = YES;
				ONLY_ACTIVE_ARCH = YES;
				SDKROOT = iphoneos;
				SWIFT_ACTIVE_COMPILATION_CONDITIONS = DEBUG;
				SWIFT_OPTIMIZATION_LEVEL = "-Onone";
			};
			name = Debug;
		};
		FF62C99B2951382600D41797 /* Release */ = {
			isa = XCBuildConfiguration;
			buildSettings = {
				ALWAYS_SEARCH_USER_PATHS = NO;
				CLANG_ANALYZER_NONNULL = YES;
				CLANG_ANALYZER_NUMBER_OBJECT_CONVERSION = YES_AGGRESSIVE;
				CLANG_CXX_LANGUAGE_STANDARD = "gnu++14";
				CLANG_CXX_LIBRARY = "libc++";
				CLANG_ENABLE_MODULES = YES;
				CLANG_ENABLE_OBJC_ARC = YES;
				CLANG_ENABLE_OBJC_WEAK = YES;
				CLANG_WARN_BLOCK_CAPTURE_AUTORELEASING = YES;
				CLANG_WARN_BOOL_CONVERSION = YES;
				CLANG_WARN_COMMA = YES;
				CLANG_WARN_CONSTANT_CONVERSION = YES;
				CLANG_WARN_DEPRECATED_OBJC_IMPLEMENTATIONS = YES;
				CLANG_WARN_DIRECT_OBJC_ISA_USAGE = YES_ERROR;
				CLANG_WARN_DOCUMENTATION_COMMENTS = YES;
				CLANG_WARN_EMPTY_BODY = YES;
				CLANG_WARN_ENUM_CONVERSION = YES;
				CLANG_WARN_INFINITE_RECURSION = YES;
				CLANG_WARN_INT_CONVERSION = YES;
				CLANG_WARN_NON_LITERAL_NULL_CONVERSION = YES;
				CLANG_WARN_OBJC_IMPLICIT_RETAIN_SELF = YES;
				CLANG_WARN_OBJC_LITERAL_CONVERSION = YES;
				CLANG_WARN_OBJC_ROOT_CLASS = YES_ERROR;
				CLANG_WARN_RANGE_LOOP_ANALYSIS = YES;
				CLANG_WARN_STRICT_PROTOTYPES = YES;
				CLANG_WARN_SUSPICIOUS_MOVE = YES;
				CLANG_WARN_UNGUARDED_AVAILABILITY = YES_AGGRESSIVE;
				CLANG_WARN_UNREACHABLE_CODE = YES;
				CLANG_WARN__DUPLICATE_METHOD_MATCH = YES;
				COPY_PHASE_STRIP = NO;
				DEBUG_INFORMATION_FORMAT = "dwarf-with-dsym";
				ENABLE_NS_ASSERTIONS = NO;
				ENABLE_STRICT_OBJC_MSGSEND = YES;
				GCC_C_LANGUAGE_STANDARD = gnu11;
				GCC_NO_COMMON_BLOCKS = YES;
				GCC_WARN_64_TO_32_BIT_CONVERSION = YES;
				GCC_WARN_ABOUT_RETURN_TYPE = YES_ERROR;
				GCC_WARN_UNDECLARED_SELECTOR = YES;
				GCC_WARN_UNINITIALIZED_AUTOS = YES_AGGRESSIVE;
				GCC_WARN_UNUSED_FUNCTION = YES;
				GCC_WARN_UNUSED_VARIABLE = YES;
				IPHONEOS_DEPLOYMENT_TARGET = 13.2;
				MTL_ENABLE_DEBUG_INFO = NO;
				MTL_FAST_MATH = YES;
				SDKROOT = iphoneos;
				SWIFT_COMPILATION_MODE = wholemodule;
				SWIFT_OPTIMIZATION_LEVEL = "-O";
				VALIDATE_PRODUCT = YES;
			};
			name = Release;
		};
		FF62C99D2951382600D41797 /* Debug */ = {
			isa = XCBuildConfiguration;
			baseConfigurationReference = 0477CAFF69ADE59B41094933 /* Pods-Polyglot.debug.xcconfig */;
			buildSettings = {
				ASSETCATALOG_COMPILER_APPICON_NAME = AppIcon;
				CODE_SIGN_STYLE = Automatic;
				DEVELOPMENT_TEAM = 496YMB94F5;
				INFOPLIST_FILE = Polyglot/Info.plist;
				LD_RUNPATH_SEARCH_PATHS = (
					"$(inherited)",
					"@executable_path/Frameworks",
				);
				PRODUCT_BUNDLE_IDENTIFIER = Polyglot.Polyglot;
				PRODUCT_NAME = "$(TARGET_NAME)";
				SWIFT_VERSION = 5.0;
				TARGETED_DEVICE_FAMILY = "1,2";
			};
			name = Debug;
		};
		FF62C99E2951382600D41797 /* Release */ = {
			isa = XCBuildConfiguration;
			baseConfigurationReference = DEDB21A8073730D28A47A161 /* Pods-Polyglot.release.xcconfig */;
			buildSettings = {
				ASSETCATALOG_COMPILER_APPICON_NAME = AppIcon;
				CODE_SIGN_STYLE = Automatic;
				DEVELOPMENT_TEAM = 496YMB94F5;
				INFOPLIST_FILE = Polyglot/Info.plist;
				LD_RUNPATH_SEARCH_PATHS = (
					"$(inherited)",
					"@executable_path/Frameworks",
				);
				PRODUCT_BUNDLE_IDENTIFIER = Polyglot.Polyglot;
				PRODUCT_NAME = "$(TARGET_NAME)";
				SWIFT_VERSION = 5.0;
				TARGETED_DEVICE_FAMILY = "1,2";
			};
			name = Release;
		};
		FF62C9A02951382600D41797 /* Debug */ = {
			isa = XCBuildConfiguration;
			baseConfigurationReference = E8CBB92BCDC55CA05C2EED5D /* Pods-PolyglotTests.debug.xcconfig */;
			buildSettings = {
				ALWAYS_EMBED_SWIFT_STANDARD_LIBRARIES = YES;
				BUNDLE_LOADER = "$(TEST_HOST)";
				CODE_SIGN_STYLE = Automatic;
				DEVELOPMENT_TEAM = 496YMB94F5;
				INFOPLIST_FILE = PolyglotTests/Info.plist;
				IPHONEOS_DEPLOYMENT_TARGET = 13.5;
				LD_RUNPATH_SEARCH_PATHS = (
					"$(inherited)",
					"@executable_path/Frameworks",
					"@loader_path/Frameworks",
				);
				PRODUCT_BUNDLE_IDENTIFIER = Polyglot.PolyglotTests;
				PRODUCT_NAME = "$(TARGET_NAME)";
				SWIFT_VERSION = 5.0;
				TARGETED_DEVICE_FAMILY = "1,2";
				TEST_HOST = "$(BUILT_PRODUCTS_DIR)/Polyglot.app/Polyglot";
			};
			name = Debug;
		};
		FF62C9A12951382600D41797 /* Release */ = {
			isa = XCBuildConfiguration;
			baseConfigurationReference = 781C1DC2544908B8FF39175D /* Pods-PolyglotTests.release.xcconfig */;
			buildSettings = {
				ALWAYS_EMBED_SWIFT_STANDARD_LIBRARIES = YES;
				BUNDLE_LOADER = "$(TEST_HOST)";
				CODE_SIGN_STYLE = Automatic;
				DEVELOPMENT_TEAM = 496YMB94F5;
				INFOPLIST_FILE = PolyglotTests/Info.plist;
				IPHONEOS_DEPLOYMENT_TARGET = 13.5;
				LD_RUNPATH_SEARCH_PATHS = (
					"$(inherited)",
					"@executable_path/Frameworks",
					"@loader_path/Frameworks",
				);
				PRODUCT_BUNDLE_IDENTIFIER = Polyglot.PolyglotTests;
				PRODUCT_NAME = "$(TARGET_NAME)";
				SWIFT_VERSION = 5.0;
				TARGETED_DEVICE_FAMILY = "1,2";
				TEST_HOST = "$(BUILT_PRODUCTS_DIR)/Polyglot.app/Polyglot";
			};
			name = Release;
		};
		FF62C9A32951382600D41797 /* Debug */ = {
			isa = XCBuildConfiguration;
			baseConfigurationReference = C9324C7255807718BBF5D9EC /* Pods-Polyglot-PolyglotUITests.debug.xcconfig */;
			buildSettings = {
				ALWAYS_EMBED_SWIFT_STANDARD_LIBRARIES = YES;
				CODE_SIGN_STYLE = Automatic;
				DEVELOPMENT_TEAM = 496YMB94F5;
				INFOPLIST_FILE = PolyglotUITests/Info.plist;
				LD_RUNPATH_SEARCH_PATHS = (
					"$(inherited)",
					"@executable_path/Frameworks",
					"@loader_path/Frameworks",
				);
				PRODUCT_BUNDLE_IDENTIFIER = Polyglot.PolyglotUITests;
				PRODUCT_NAME = "$(TARGET_NAME)";
				SWIFT_VERSION = 5.0;
				TARGETED_DEVICE_FAMILY = "1,2";
				TEST_TARGET_NAME = Polyglot;
			};
			name = Debug;
		};
		FF62C9A42951382600D41797 /* Release */ = {
			isa = XCBuildConfiguration;
			baseConfigurationReference = 80A4DDEB0D1137F63C376D55 /* Pods-Polyglot-PolyglotUITests.release.xcconfig */;
			buildSettings = {
				ALWAYS_EMBED_SWIFT_STANDARD_LIBRARIES = YES;
				CODE_SIGN_STYLE = Automatic;
				DEVELOPMENT_TEAM = 496YMB94F5;
				INFOPLIST_FILE = PolyglotUITests/Info.plist;
				LD_RUNPATH_SEARCH_PATHS = (
					"$(inherited)",
					"@executable_path/Frameworks",
					"@loader_path/Frameworks",
				);
				PRODUCT_BUNDLE_IDENTIFIER = Polyglot.PolyglotUITests;
				PRODUCT_NAME = "$(TARGET_NAME)";
				SWIFT_VERSION = 5.0;
				TARGETED_DEVICE_FAMILY = "1,2";
				TEST_TARGET_NAME = Polyglot;
			};
			name = Release;
		};
/* End XCBuildConfiguration section */

/* Begin XCConfigurationList section */
		FF62C96D2951382500D41797 /* Build configuration list for PBXProject "Polyglot" */ = {
			isa = XCConfigurationList;
			buildConfigurations = (
				FF62C99A2951382600D41797 /* Debug */,
				FF62C99B2951382600D41797 /* Release */,
			);
			defaultConfigurationIsVisible = 0;
			defaultConfigurationName = Release;
		};
		FF62C99C2951382600D41797 /* Build configuration list for PBXNativeTarget "Polyglot" */ = {
			isa = XCConfigurationList;
			buildConfigurations = (
				FF62C99D2951382600D41797 /* Debug */,
				FF62C99E2951382600D41797 /* Release */,
			);
			defaultConfigurationIsVisible = 0;
			defaultConfigurationName = Release;
		};
		FF62C99F2951382600D41797 /* Build configuration list for PBXNativeTarget "PolyglotTests" */ = {
			isa = XCConfigurationList;
			buildConfigurations = (
				FF62C9A02951382600D41797 /* Debug */,
				FF62C9A12951382600D41797 /* Release */,
			);
			defaultConfigurationIsVisible = 0;
			defaultConfigurationName = Release;
		};
		FF62C9A22951382600D41797 /* Build configuration list for PBXNativeTarget "PolyglotUITests" */ = {
			isa = XCConfigurationList;
			buildConfigurations = (
				FF62C9A32951382600D41797 /* Debug */,
				FF62C9A42951382600D41797 /* Release */,
			);
			defaultConfigurationIsVisible = 0;
			defaultConfigurationName = Release;
		};
/* End XCConfigurationList section */
	};
	rootObject = FF62C96A2951382500D41797 /* Project object */;
}
