// !$*UTF8*$!
{
	archiveVersion = 1;
	classes = {
	};
	objectVersion = 54;
	objects = {

/* Begin PBXBuildFile section */
		48430D635046D89103A12061 /* Pods_Polyglot_PolyglotUITests.framework in Frameworks */ = {isa = PBXBuildFile; fileRef = 907D4F8E5EB18C9B62364FB2 /* Pods_Polyglot_PolyglotUITests.framework */; };
		AC706291155790A1E33AAB8C /* Pods_PolyglotTests.framework in Frameworks */ = {isa = PBXBuildFile; fileRef = E379777C4FD33BCD824C64B5 /* Pods_PolyglotTests.framework */; };
		C43026072813DBE394EFE8FB /* Pods_Polyglot.framework in Frameworks */ = {isa = PBXBuildFile; fileRef = F18AC45591099280DCFC633D /* Pods_Polyglot.framework */; };
		C60625F72B7FB5E800429BAF /* TextMeaningPracticeViewController.swift in Sources */ = {isa = PBXBuildFile; fileRef = C60625F62B7FB5E800429BAF /* TextMeaningPracticeViewController.swift */; };
		C60626062B8069E600429BAF /* BasePracticeView.swift in Sources */ = {isa = PBXBuildFile; fileRef = C60626052B8069E600429BAF /* BasePracticeView.swift */; };
		C60626082B8069F100429BAF /* WordPracticeView.swift in Sources */ = {isa = PBXBuildFile; fileRef = C60626072B8069F100429BAF /* WordPracticeView.swift */; };
		C606260B2B80759800429BAF /* BasePractice.swift in Sources */ = {isa = PBXBuildFile; fileRef = C606260A2B80759800429BAF /* BasePractice.swift */; };
		C606260D2B80765E00429BAF /* TextMeaningPracticeProducer.swift in Sources */ = {isa = PBXBuildFile; fileRef = C606260C2B80765E00429BAF /* TextMeaningPracticeProducer.swift */; };
		C606260F2B8076A000429BAF /* TextGranularity.swift in Sources */ = {isa = PBXBuildFile; fileRef = C606260E2B8076A000429BAF /* TextGranularity.swift */; };
		C60626112B8076AF00429BAF /* TextSource.swift in Sources */ = {isa = PBXBuildFile; fileRef = C60626102B8076AF00429BAF /* TextSource.swift */; };
		C619E68F2AC8154F00A30B27 /* LangCell.swift in Sources */ = {isa = PBXBuildFile; fileRef = C619E68E2AC8154F00A30B27 /* LangCell.swift */; };
		C619E6932AC830CB00A30B27 /* CardCell.swift in Sources */ = {isa = PBXBuildFile; fileRef = C619E6922AC830CB00A30B27 /* CardCell.swift */; };
		C630C6CB2C8E26B50049ED6A /* RussianAccentEntity+CoreDataProperties.swift in Sources */ = {isa = PBXBuildFile; fileRef = C630C6CA2C8E26B50049ED6A /* RussianAccentEntity+CoreDataProperties.swift */; };
		C6357CD32C7729D700F63CE1 /* LanguageSettingsViewController.swift in Sources */ = {isa = PBXBuildFile; fileRef = C6357CD22C7729D700F63CE1 /* LanguageSettingsViewController.swift */; };
		C6357CD52C772A3600F63CE1 /* SettingsViewController.swift in Sources */ = {isa = PBXBuildFile; fileRef = C6357CD42C772A3600F63CE1 /* SettingsViewController.swift */; };
		C642A6082B7B8008003893B8 /* LanguageSelectionViewController.swift in Sources */ = {isa = PBXBuildFile; fileRef = C642A6072B7B8008003893B8 /* LanguageSelectionViewController.swift */; };
		C67B85A22AED943200F7657A /* JapaneseAccentAnalyzer.swift in Sources */ = {isa = PBXBuildFile; fileRef = C67B85A12AED943200F7657A /* JapaneseAccentAnalyzer.swift */; };
		C67B85A42AED94B800F7657A /* RussianAccentAnalyzer.swift in Sources */ = {isa = PBXBuildFile; fileRef = C67B85A32AED94B800F7657A /* RussianAccentAnalyzer.swift */; };
		C696B9512B6DEDA600B00A02 /* ContentCardsExtensions.swift in Sources */ = {isa = PBXBuildFile; fileRef = C696B9502B6DEDA600B00A02 /* ContentCardsExtensions.swift */; };
		C69B190A2C18A91800E41C86 /* SettingsSlidingCell.swift in Sources */ = {isa = PBXBuildFile; fileRef = C69B19092C18A91800E41C86 /* SettingsSlidingCell.swift */; };
		C69B190E2C18B76600E41C86 /* SettingsSwitchingCell.swift in Sources */ = {isa = PBXBuildFile; fileRef = C69B190D2C18B76600E41C86 /* SettingsSwitchingCell.swift */; };
		C69DB5EA2B73BE9B00B3BC66 /* TextMeaningPracticeView.swift in Sources */ = {isa = PBXBuildFile; fileRef = C69DB5E92B73BE9B00B3BC66 /* TextMeaningPracticeView.swift */; };
		C69DB5EC2B73C05700B3BC66 /* ListenAndRepeatPracticeView.swift in Sources */ = {isa = PBXBuildFile; fileRef = C69DB5EB2B73C05700B3BC66 /* ListenAndRepeatPracticeView.swift */; };
		C69DB5EE2B73C08800B3BC66 /* ListenAndCompletePracticeView.swift in Sources */ = {isa = PBXBuildFile; fileRef = C69DB5ED2B73C08800B3BC66 /* ListenAndCompletePracticeView.swift */; };
		C69F76662B7D198F0006828A /* TextMeaningPractice.swift in Sources */ = {isa = PBXBuildFile; fileRef = C69F76652B7D198F0006828A /* TextMeaningPractice.swift */; };
		C69F76682B7D1F9F0006828A /* ListeningPractice.swift in Sources */ = {isa = PBXBuildFile; fileRef = C69F76672B7D1F9F0006828A /* ListeningPractice.swift */; };
		C6A1FC402C7B4B9700F01632 /* ReadingPractice.swift in Sources */ = {isa = PBXBuildFile; fileRef = C6A1FC3F2C7B4B9700F01632 /* ReadingPractice.swift */; };
		C6A1FC422C7B4C6900F01632 /* ReadingPracticeProducer.swift in Sources */ = {isa = PBXBuildFile; fileRef = C6A1FC412C7B4C6900F01632 /* ReadingPracticeProducer.swift */; };
		C6A1FC442C7B4E7700F01632 /* ReadingPracticeView.swift in Sources */ = {isa = PBXBuildFile; fileRef = C6A1FC432C7B4E7700F01632 /* ReadingPracticeView.swift */; };
		C6A1FC462C7B4F7400F01632 /* ReadingPracticeViewController.swift in Sources */ = {isa = PBXBuildFile; fileRef = C6A1FC452C7B4F7400F01632 /* ReadingPracticeViewController.swift */; };
		C6A22FEE2C7118A200484B59 /* BaiduTranslator.swift in Sources */ = {isa = PBXBuildFile; fileRef = C6A22FED2C7118A200484B59 /* BaiduTranslator.swift */; };
		C6A22FF22C712DBC00484B59 /* LangCodeExtensions.swift in Sources */ = {isa = PBXBuildFile; fileRef = C6A22FF12C712DBC00484B59 /* LangCodeExtensions.swift */; };
		C6A666F72B75EC03002B4DEE /* US2UKSpellingMapping.swift in Sources */ = {isa = PBXBuildFile; fileRef = C6A666F62B75EC03002B4DEE /* US2UKSpellingMapping.swift */; };
		C6AB6E822C8063EE00F660C7 /* AccentAnalyzerProtocol.swift in Sources */ = {isa = PBXBuildFile; fileRef = C6AB6E812C8063EE00F660C7 /* AccentAnalyzerProtocol.swift */; };
		C6B5187C2AF2C19C00451B90 /* TextViewWithPrompt.swift in Sources */ = {isa = PBXBuildFile; fileRef = C6B5187B2AF2C19C00451B90 /* TextViewWithPrompt.swift */; };
		C6B9DE8C2B7E177E004F0C88 /* SpeakingPractice.swift in Sources */ = {isa = PBXBuildFile; fileRef = C6B9DE8B2B7E177E004F0C88 /* SpeakingPractice.swift */; };
		C6BA7AA72C7F52CA00C6FFD3 /* RussianAccentRetrievalModel.xcdatamodeld in Sources */ = {isa = PBXBuildFile; fileRef = C6BA7AA52C7F52CA00C6FFD3 /* RussianAccentRetrievalModel.xcdatamodeld */; };
		C6BA7AAA2C7F52F800C6FFD3 /* RussianAccentEntity+CoreDataClass.swift in Sources */ = {isa = PBXBuildFile; fileRef = C6BA7AA82C7F52F800C6FFD3 /* RussianAccentEntity+CoreDataClass.swift */; };
		C6BC063D2C726D2C00B2DF44 /* MachineTranslator.swift in Sources */ = {isa = PBXBuildFile; fileRef = C6BC063C2C726D2C00B2DF44 /* MachineTranslator.swift */; };
		C6BC06412C726D9E00B2DF44 /* TranslationProtocol.swift in Sources */ = {isa = PBXBuildFile; fileRef = C6BC06402C726D9E00B2DF44 /* TranslationProtocol.swift */; };
		C6C8C3132B75F95500FBC43B /* CFStringExtensions.swift in Sources */ = {isa = PBXBuildFile; fileRef = C6C8C3122B75F95500FBC43B /* CFStringExtensions.swift */; };
		C6C8C3152B75F96A00FBC43B /* CFRangeExtensions.swift in Sources */ = {isa = PBXBuildFile; fileRef = C6C8C3142B75F96A00FBC43B /* CFRangeExtensions.swift */; };
		C6C8C3172B7617F200FBC43B /* Text.swift in Sources */ = {isa = PBXBuildFile; fileRef = C6C8C3162B7617F200FBC43B /* Text.swift */; };
		C6E1E0312AC5C2F600E4AF72 /* HomeViewController.swift in Sources */ = {isa = PBXBuildFile; fileRef = C6E1E0302AC5C2F600E4AF72 /* HomeViewController.swift */; };
		C6E8D3CC2C8E3788009E42F5 /* russian_word_forms.json in Resources */ = {isa = PBXBuildFile; fileRef = C6E8D3CB2C8E3788009E42F5 /* russian_word_forms.json */; };
		C6E8D3D22C8E3A31009E42F5 /* formatted_je2jo.json in Resources */ = {isa = PBXBuildFile; fileRef = C6E8D3D12C8E3A31009E42F5 /* formatted_je2jo.json */; };
		C6E8D3D92C8E3B8A009E42F5 /* Je2JoEntity+CoreDataClass.swift in Sources */ = {isa = PBXBuildFile; fileRef = C6E8D3D72C8E3B8A009E42F5 /* Je2JoEntity+CoreDataClass.swift */; };
		C6E8D3DA2C8E3B8A009E42F5 /* Je2JoEntity+CoreDataProperties.swift in Sources */ = {isa = PBXBuildFile; fileRef = C6E8D3D82C8E3B8A009E42F5 /* Je2JoEntity+CoreDataProperties.swift */; };
		C6F3F6A72C121AC800346A70 /* GlobalSettingsViewController.swift in Sources */ = {isa = PBXBuildFile; fileRef = C6F3F6A62C121AC800346A70 /* GlobalSettingsViewController.swift */; };
		C6F3F6AB2C12239C00346A70 /* SettingsInputCell.swift in Sources */ = {isa = PBXBuildFile; fileRef = C6F3F6AA2C12239C00346A70 /* SettingsInputCell.swift */; };
		C6F3F6AD2C12242E00346A70 /* SettingsButtonCell.swift in Sources */ = {isa = PBXBuildFile; fileRef = C6F3F6AC2C12242E00346A70 /* SettingsButtonCell.swift */; };
		C6F5FB7A2B7202AF0040A26B /* ListeningPracticeViewController.swift in Sources */ = {isa = PBXBuildFile; fileRef = C6F5FB792B7202AF0040A26B /* ListeningPracticeViewController.swift */; };
		C6F5FB7E2B72067F0040A26B /* ListeningPracticeProducer.swift in Sources */ = {isa = PBXBuildFile; fileRef = C6F5FB7D2B72067F0040A26B /* ListeningPracticeProducer.swift */; };
		FF1780CF2A48EDCD005F588B /* Notifications.swift in Sources */ = {isa = PBXBuildFile; fileRef = FF1780CE2A48EDCD005F588B /* Notifications.swift */; };
		FF491E752959C4320088FD13 /* SelectionPracticeView.swift in Sources */ = {isa = PBXBuildFile; fileRef = FF491E742959C4320088FD13 /* SelectionPracticeView.swift */; };
		FF491E772959CC960088FD13 /* FillingPracticeView.swift in Sources */ = {isa = PBXBuildFile; fileRef = FF491E762959CC960088FD13 /* FillingPracticeView.swift */; };
		FF491E802959ED730088FD13 /* Separator.swift in Sources */ = {isa = PBXBuildFile; fileRef = FF491E7F2959ED730088FD13 /* Separator.swift */; };
		FF495E8E2958F38800EA7EA9 /* UITableViewExtensions.swift in Sources */ = {isa = PBXBuildFile; fileRef = FF495E8D2958F38800EA7EA9 /* UITableViewExtensions.swift */; };
		FF495E962958FFE600EA7EA9 /* WordsViewController.swift in Sources */ = {isa = PBXBuildFile; fileRef = FF495E952958FFE600EA7EA9 /* WordsViewController.swift */; };
		FF495E992959039A00EA7EA9 /* WordExtensions.swift in Sources */ = {isa = PBXBuildFile; fileRef = FF495E982959039A00EA7EA9 /* WordExtensions.swift */; };
		FF495E9C295903DF00EA7EA9 /* WordsTableCell.swift in Sources */ = {isa = PBXBuildFile; fileRef = FF495E9B295903DF00EA7EA9 /* WordsTableCell.swift */; };
		FF495E9E2959084200EA7EA9 /* DateExtensions.swift in Sources */ = {isa = PBXBuildFile; fileRef = FF495E9D2959084200EA7EA9 /* DateExtensions.swift */; };
		FF495EA029591DEC00EA7EA9 /* TableHeaderView.swift in Sources */ = {isa = PBXBuildFile; fileRef = FF495E9F29591DEC00EA7EA9 /* TableHeaderView.swift */; };
		FF495EA22959244C00EA7EA9 /* WordsPracticeViewController.swift in Sources */ = {isa = PBXBuildFile; fileRef = FF495EA12959244C00EA7EA9 /* WordsPracticeViewController.swift */; };
		FF4964BA29579C5A00414AC5 /* UISearchBarExtensions.swift in Sources */ = {isa = PBXBuildFile; fileRef = FF4964B929579C5A00414AC5 /* UISearchBarExtensions.swift */; };
		FF4964BE29579C9700414AC5 /* StringExtensions.swift in Sources */ = {isa = PBXBuildFile; fileRef = FF4964BD29579C9700414AC5 /* StringExtensions.swift */; };
		FF4964C029579DA100414AC5 /* ArticleExtensions.swift in Sources */ = {isa = PBXBuildFile; fileRef = FF4964BF29579DA100414AC5 /* ArticleExtensions.swift */; };
		FF4964C22957B01100414AC5 /* UITextViewExtensions.swift in Sources */ = {isa = PBXBuildFile; fileRef = FF4964C12957B01100414AC5 /* UITextViewExtensions.swift */; };
		FF4964C92958B05300414AC5 /* RoundButton.swift in Sources */ = {isa = PBXBuildFile; fileRef = FF4964C82958B05300414AC5 /* RoundButton.swift */; };
		FF4964CB2958BAFD00414AC5 /* TimingBar.swift in Sources */ = {isa = PBXBuildFile; fileRef = FF4964CA2958BAFD00414AC5 /* TimingBar.swift */; };
		FF4964CD2958BE8900414AC5 /* TimeIntervalExtensions.swift in Sources */ = {isa = PBXBuildFile; fileRef = FF4964CC2958BE8900414AC5 /* TimeIntervalExtensions.swift */; };
		FF4964CF2958CE4400414AC5 /* Word.swift in Sources */ = {isa = PBXBuildFile; fileRef = FF4964CE2958CE4400414AC5 /* Word.swift */; };
		FF4AB0032A9B4C4400908062 /* ContentCreator.swift in Sources */ = {isa = PBXBuildFile; fileRef = FF4AB0022A9B4C4400908062 /* ContentCreator.swift */; };
		FF4B382B29525A4300BB3FFD /* ReadingEditViewController.swift in Sources */ = {isa = PBXBuildFile; fileRef = FF4B382A29525A4300BB3FFD /* ReadingEditViewController.swift */; };
		FF4B382F29525BD400BB3FFD /* ReadingEditTableCell.swift in Sources */ = {isa = PBXBuildFile; fileRef = FF4B382E29525BD400BB3FFD /* ReadingEditTableCell.swift */; };
		FF4CA730295E869900423946 /* SpeakingPracticeViewController.swift in Sources */ = {isa = PBXBuildFile; fileRef = FF4CA72F295E869900423946 /* SpeakingPracticeViewController.swift */; };
		FF4D7CC62953952C009F6894 /* NSMutableAttributedStringExtensions.swift in Sources */ = {isa = PBXBuildFile; fileRef = FF4D7CC52953952C009F6894 /* NSMutableAttributedStringExtensions.swift */; };
		FF4FA0C82AADDAA0001EA18C /* ContentCards.swift in Sources */ = {isa = PBXBuildFile; fileRef = FF4FA0C72AADDAA0001EA18C /* ContentCards.swift */; };
		FF50250E295244F10097C2CB /* ReadingViewController.swift in Sources */ = {isa = PBXBuildFile; fileRef = FF50250D295244F10097C2CB /* ReadingViewController.swift */; };
		FF502512295248D10097C2CB /* Article.swift in Sources */ = {isa = PBXBuildFile; fileRef = FF502511295248D10097C2CB /* Article.swift */; };
		FF50251429524D100097C2CB /* ReadingTableCell.swift in Sources */ = {isa = PBXBuildFile; fileRef = FF50251329524D100097C2CB /* ReadingTableCell.swift */; };
		FF52920A2952012E00858B55 /* ThreeButtonSelectionStack.swift in Sources */ = {isa = PBXBuildFile; fileRef = FF5292092952012E00858B55 /* ThreeButtonSelectionStack.swift */; };
		FF52921229520D1200858B55 /* UINavigationBarExtensions.swift in Sources */ = {isa = PBXBuildFile; fileRef = FF52921129520D1200858B55 /* UINavigationBarExtensions.swift */; };
		FF55D156296F3AEC0092FB6B /* Constants.swift in Sources */ = {isa = PBXBuildFile; fileRef = FF55D155296F3AEC0092FB6B /* Constants.swift */; };
		FF5690142980367A00CA2C7B /* LangCode.swift in Sources */ = {isa = PBXBuildFile; fileRef = FF5690132980367A00CA2C7B /* LangCode.swift */; };
		FF5844312967217700137E00 /* ListViewController.swift in Sources */ = {isa = PBXBuildFile; fileRef = FF5844302967217700137E00 /* ListViewController.swift */; };
		FF584434296732B400137E00 /* DictionaryExtensions.swift in Sources */ = {isa = PBXBuildFile; fileRef = FF584433296732B400137E00 /* DictionaryExtensions.swift */; };
		FF58518F29819CF8004EB63C /* GoogleTranslator.swift in Sources */ = {isa = PBXBuildFile; fileRef = FF58518E29819CF8004EB63C /* GoogleTranslator.swift */; };
		FF5882BE29604E0300FC33CF /* NewWordAddingTextView.swift in Sources */ = {isa = PBXBuildFile; fileRef = FF5882BD29604E0300FC33CF /* NewWordAddingTextView.swift */; };
		FF591ED62967960C0004CB80 /* WordPractice.swift in Sources */ = {isa = PBXBuildFile; fileRef = FF591ED52967960C0004CB80 /* WordPractice.swift */; };
		FF5AA00B2961F208009D5237 /* Alerts.swift in Sources */ = {isa = PBXBuildFile; fileRef = FF5AA00A2961F208009D5237 /* Alerts.swift */; };
		FF5B182C2961E55F00C80DC3 /* IO.swift in Sources */ = {isa = PBXBuildFile; fileRef = FF5B182B2961E55F00C80DC3 /* IO.swift */; };
		FF5D129129577AC4005DEEDE /* NavController.swift in Sources */ = {isa = PBXBuildFile; fileRef = FF5D129029577AC4005DEEDE /* NavController.swift */; };
		FF5D129529577CB3005DEEDE /* RoundButtonWithShadow.swift in Sources */ = {isa = PBXBuildFile; fileRef = FF5D129429577CB3005DEEDE /* RoundButtonWithShadow.swift */; };
		FF5FE946297431C30002691C /* ArrayExtensions.swift in Sources */ = {isa = PBXBuildFile; fileRef = FF5FE945297431C30002691C /* ArrayExtensions.swift */; };
		FF62C9762951382500D41797 /* AppDelegate.swift in Sources */ = {isa = PBXBuildFile; fileRef = FF62C9752951382500D41797 /* AppDelegate.swift */; };
		FF62C9782951382500D41797 /* SceneDelegate.swift in Sources */ = {isa = PBXBuildFile; fileRef = FF62C9772951382500D41797 /* SceneDelegate.swift */; };
		FF62C97F2951382600D41797 /* Assets.xcassets in Resources */ = {isa = PBXBuildFile; fileRef = FF62C97E2951382600D41797 /* Assets.xcassets */; };
		FF62C98D2951382600D41797 /* PolyglotTests.swift in Sources */ = {isa = PBXBuildFile; fileRef = FF62C98C2951382600D41797 /* PolyglotTests.swift */; };
		FF62C9982951382600D41797 /* PolyglotUITests.swift in Sources */ = {isa = PBXBuildFile; fileRef = FF62C9972951382600D41797 /* PolyglotUITests.swift */; };
		FF62C9A929513A5000D41797 /* Theme.swift in Sources */ = {isa = PBXBuildFile; fileRef = FF62C9A829513A5000D41797 /* Theme.swift */; };
		FF63DDFC299AC17C0088C10B /* WordBank.swift in Sources */ = {isa = PBXBuildFile; fileRef = FF63DDFB299AC17C0088C10B /* WordBank.swift */; };
		FF63DE00299AD2F90088C10B /* WordBankItem.swift in Sources */ = {isa = PBXBuildFile; fileRef = FF63DDFF299AD2F90088C10B /* WordBankItem.swift */; };
		FF706DF1295142AF00DBCF8E /* Strings.swift in Sources */ = {isa = PBXBuildFile; fileRef = FF706DF0295142AF00DBCF8E /* Strings.swift */; };
		FF706DF5295144B000DBCF8E /* UIColorExtensions.swift in Sources */ = {isa = PBXBuildFile; fileRef = FF706DF4295144B000DBCF8E /* UIColorExtensions.swift */; };
		FF706E032951549C00DBCF8E /* UIImageExtensions.swift in Sources */ = {isa = PBXBuildFile; fileRef = FF706E022951549C00DBCF8E /* UIImageExtensions.swift */; };
		FF793A482968A7D60026B8C7 /* UIApplicationExtensions.swift in Sources */ = {isa = PBXBuildFile; fileRef = FF793A472968A7D60026B8C7 /* UIApplicationExtensions.swift */; };
		FF8CDE812952995F00B36CA3 /* NewWordAddingBottomView.swift in Sources */ = {isa = PBXBuildFile; fileRef = FF8CDE802952995F00B36CA3 /* NewWordAddingBottomView.swift */; };
		FF8E5BBE298DB9BF003B6FB1 /* SnapKit.framework in Frameworks */ = {isa = PBXBuildFile; fileRef = FF8E5BBB298DB9A6003B6FB1 /* SnapKit.framework */; };
		FF8E5BBF298DB9BF003B6FB1 /* SnapKit.framework in Embed Frameworks */ = {isa = PBXBuildFile; fileRef = FF8E5BBB298DB9A6003B6FB1 /* SnapKit.framework */; settings = {ATTRIBUTES = (CodeSignOnCopy, RemoveHeadersOnCopy, ); }; };
		FFBC8A842A9F2FDD001123EB /* UILabelExtensions.swift in Sources */ = {isa = PBXBuildFile; fileRef = FFBC8A832A9F2FDD001123EB /* UILabelExtensions.swift */; };
		FFBD60412969D713004165FC /* WordPracticeProducer.swift in Sources */ = {isa = PBXBuildFile; fileRef = FFBD60402969D713004165FC /* WordPracticeProducer.swift */; };
		FFBD60452969D733004165FC /* SpeakingPracticeProducer.swift in Sources */ = {isa = PBXBuildFile; fileRef = FFBD60442969D733004165FC /* SpeakingPracticeProducer.swift */; };
		FFCBB0D7296B0AA200E5B9D9 /* PracticeViewController.swift in Sources */ = {isa = PBXBuildFile; fileRef = FFCBB0D6296B0AA200E5B9D9 /* PracticeViewController.swift */; };
		FFCBB0DB296B1A6700E5B9D9 /* BasePracticeProducer.swift in Sources */ = {isa = PBXBuildFile; fileRef = FFCBB0DA296B1A6700E5B9D9 /* BasePracticeProducer.swift */; };
		FFCBB0E0296B45F300E5B9D9 /* SpeakingPracticeView.swift in Sources */ = {isa = PBXBuildFile; fileRef = FFCBB0DF296B45F300E5B9D9 /* SpeakingPracticeView.swift */; };
		FFD7DF6D299D376000019D51 /* RowStackItem.swift in Sources */ = {isa = PBXBuildFile; fileRef = FFD7DF6C299D376000019D51 /* RowStackItem.swift */; };
		FFD7DF72299D509B00019D51 /* CGRectExtensions.swift in Sources */ = {isa = PBXBuildFile; fileRef = FFD7DF71299D509B00019D51 /* CGRectExtensions.swift */; };
		FFD7DF7D299DA18000019D51 /* ReorderingPracticeView.swift in Sources */ = {isa = PBXBuildFile; fileRef = FFD7DF7C299DA18000019D51 /* ReorderingPracticeView.swift */; };
/* End PBXBuildFile section */

/* Begin PBXContainerItemProxy section */
		FF62C9892951382600D41797 /* PBXContainerItemProxy */ = {
			isa = PBXContainerItemProxy;
			containerPortal = FF62C96A2951382500D41797 /* Project object */;
			proxyType = 1;
			remoteGlobalIDString = FF62C9712951382500D41797;
			remoteInfo = Polyglot;
		};
		FF62C9942951382600D41797 /* PBXContainerItemProxy */ = {
			isa = PBXContainerItemProxy;
			containerPortal = FF62C96A2951382500D41797 /* Project object */;
			proxyType = 1;
			remoteGlobalIDString = FF62C9712951382500D41797;
			remoteInfo = Polyglot;
		};
		FF8E5BBA298DB9A6003B6FB1 /* PBXContainerItemProxy */ = {
			isa = PBXContainerItemProxy;
			containerPortal = FF8E5BB5298DB9A6003B6FB1 /* SnapKit.xcodeproj */;
			proxyType = 2;
			remoteGlobalIDString = EEBCC9D819CC627D0083B827;
			remoteInfo = SnapKit;
		};
		FF8E5BBC298DB9A6003B6FB1 /* PBXContainerItemProxy */ = {
			isa = PBXContainerItemProxy;
			containerPortal = FF8E5BB5298DB9A6003B6FB1 /* SnapKit.xcodeproj */;
			proxyType = 2;
			remoteGlobalIDString = EEBCC9E219CC627E0083B827;
			remoteInfo = "SnapKit Tests";
		};
/* End PBXContainerItemProxy section */

/* Begin PBXCopyFilesBuildPhase section */
		FF8E5BC0298DB9BF003B6FB1 /* Embed Frameworks */ = {
			isa = PBXCopyFilesBuildPhase;
			buildActionMask = 2147483647;
			dstPath = "";
			dstSubfolderSpec = 10;
			files = (
				FF8E5BBF298DB9BF003B6FB1 /* SnapKit.framework in Embed Frameworks */,
			);
			name = "Embed Frameworks";
			runOnlyForDeploymentPostprocessing = 0;
		};
/* End PBXCopyFilesBuildPhase section */

/* Begin PBXFileReference section */
		0477CAFF69ADE59B41094933 /* Pods-Polyglot.debug.xcconfig */ = {isa = PBXFileReference; includeInIndex = 1; lastKnownFileType = text.xcconfig; name = "Pods-Polyglot.debug.xcconfig"; path = "Target Support Files/Pods-Polyglot/Pods-Polyglot.debug.xcconfig"; sourceTree = "<group>"; };
		781C1DC2544908B8FF39175D /* Pods-PolyglotTests.release.xcconfig */ = {isa = PBXFileReference; includeInIndex = 1; lastKnownFileType = text.xcconfig; name = "Pods-PolyglotTests.release.xcconfig"; path = "Target Support Files/Pods-PolyglotTests/Pods-PolyglotTests.release.xcconfig"; sourceTree = "<group>"; };
		80A4DDEB0D1137F63C376D55 /* Pods-Polyglot-PolyglotUITests.release.xcconfig */ = {isa = PBXFileReference; includeInIndex = 1; lastKnownFileType = text.xcconfig; name = "Pods-Polyglot-PolyglotUITests.release.xcconfig"; path = "Target Support Files/Pods-Polyglot-PolyglotUITests/Pods-Polyglot-PolyglotUITests.release.xcconfig"; sourceTree = "<group>"; };
		907D4F8E5EB18C9B62364FB2 /* Pods_Polyglot_PolyglotUITests.framework */ = {isa = PBXFileReference; explicitFileType = wrapper.framework; includeInIndex = 0; path = Pods_Polyglot_PolyglotUITests.framework; sourceTree = BUILT_PRODUCTS_DIR; };
		C60625F62B7FB5E800429BAF /* TextMeaningPracticeViewController.swift */ = {isa = PBXFileReference; lastKnownFileType = sourcecode.swift; path = TextMeaningPracticeViewController.swift; sourceTree = "<group>"; };
		C60626052B8069E600429BAF /* BasePracticeView.swift */ = {isa = PBXFileReference; lastKnownFileType = sourcecode.swift; path = BasePracticeView.swift; sourceTree = "<group>"; };
		C60626072B8069F100429BAF /* WordPracticeView.swift */ = {isa = PBXFileReference; lastKnownFileType = sourcecode.swift; path = WordPracticeView.swift; sourceTree = "<group>"; };
		C606260A2B80759800429BAF /* BasePractice.swift */ = {isa = PBXFileReference; lastKnownFileType = sourcecode.swift; path = BasePractice.swift; sourceTree = "<group>"; };
		C606260C2B80765E00429BAF /* TextMeaningPracticeProducer.swift */ = {isa = PBXFileReference; lastKnownFileType = sourcecode.swift; path = TextMeaningPracticeProducer.swift; sourceTree = "<group>"; };
		C606260E2B8076A000429BAF /* TextGranularity.swift */ = {isa = PBXFileReference; lastKnownFileType = sourcecode.swift; path = TextGranularity.swift; sourceTree = "<group>"; };
		C60626102B8076AF00429BAF /* TextSource.swift */ = {isa = PBXFileReference; lastKnownFileType = sourcecode.swift; path = TextSource.swift; sourceTree = "<group>"; };
		C619E68E2AC8154F00A30B27 /* LangCell.swift */ = {isa = PBXFileReference; lastKnownFileType = sourcecode.swift; path = LangCell.swift; sourceTree = "<group>"; };
		C619E6922AC830CB00A30B27 /* CardCell.swift */ = {isa = PBXFileReference; lastKnownFileType = sourcecode.swift; path = CardCell.swift; sourceTree = "<group>"; };
		C630C6CA2C8E26B50049ED6A /* RussianAccentEntity+CoreDataProperties.swift */ = {isa = PBXFileReference; lastKnownFileType = sourcecode.swift; path = "RussianAccentEntity+CoreDataProperties.swift"; sourceTree = "<group>"; };
		C6357CD22C7729D700F63CE1 /* LanguageSettingsViewController.swift */ = {isa = PBXFileReference; lastKnownFileType = sourcecode.swift; path = LanguageSettingsViewController.swift; sourceTree = "<group>"; };
		C6357CD42C772A3600F63CE1 /* SettingsViewController.swift */ = {isa = PBXFileReference; lastKnownFileType = sourcecode.swift; path = SettingsViewController.swift; sourceTree = "<group>"; };
		C642A6072B7B8008003893B8 /* LanguageSelectionViewController.swift */ = {isa = PBXFileReference; lastKnownFileType = sourcecode.swift; path = LanguageSelectionViewController.swift; sourceTree = "<group>"; };
		C67B85A12AED943200F7657A /* JapaneseAccentAnalyzer.swift */ = {isa = PBXFileReference; lastKnownFileType = sourcecode.swift; path = JapaneseAccentAnalyzer.swift; sourceTree = "<group>"; };
		C67B85A32AED94B800F7657A /* RussianAccentAnalyzer.swift */ = {isa = PBXFileReference; lastKnownFileType = sourcecode.swift; path = RussianAccentAnalyzer.swift; sourceTree = "<group>"; };
		C696B9502B6DEDA600B00A02 /* ContentCardsExtensions.swift */ = {isa = PBXFileReference; lastKnownFileType = sourcecode.swift; path = ContentCardsExtensions.swift; sourceTree = "<group>"; };
		C69B19092C18A91800E41C86 /* SettingsSlidingCell.swift */ = {isa = PBXFileReference; lastKnownFileType = sourcecode.swift; path = SettingsSlidingCell.swift; sourceTree = "<group>"; };
		C69B190D2C18B76600E41C86 /* SettingsSwitchingCell.swift */ = {isa = PBXFileReference; lastKnownFileType = sourcecode.swift; path = SettingsSwitchingCell.swift; sourceTree = "<group>"; };
		C69DB5E92B73BE9B00B3BC66 /* TextMeaningPracticeView.swift */ = {isa = PBXFileReference; lastKnownFileType = sourcecode.swift; path = TextMeaningPracticeView.swift; sourceTree = "<group>"; };
		C69DB5EB2B73C05700B3BC66 /* ListenAndRepeatPracticeView.swift */ = {isa = PBXFileReference; lastKnownFileType = sourcecode.swift; path = ListenAndRepeatPracticeView.swift; sourceTree = "<group>"; };
		C69DB5ED2B73C08800B3BC66 /* ListenAndCompletePracticeView.swift */ = {isa = PBXFileReference; lastKnownFileType = sourcecode.swift; path = ListenAndCompletePracticeView.swift; sourceTree = "<group>"; };
		C69F76652B7D198F0006828A /* TextMeaningPractice.swift */ = {isa = PBXFileReference; lastKnownFileType = sourcecode.swift; path = TextMeaningPractice.swift; sourceTree = "<group>"; };
		C69F76672B7D1F9F0006828A /* ListeningPractice.swift */ = {isa = PBXFileReference; lastKnownFileType = sourcecode.swift; path = ListeningPractice.swift; sourceTree = "<group>"; };
		C6A1FC3F2C7B4B9700F01632 /* ReadingPractice.swift */ = {isa = PBXFileReference; lastKnownFileType = sourcecode.swift; path = ReadingPractice.swift; sourceTree = "<group>"; };
		C6A1FC412C7B4C6900F01632 /* ReadingPracticeProducer.swift */ = {isa = PBXFileReference; lastKnownFileType = sourcecode.swift; path = ReadingPracticeProducer.swift; sourceTree = "<group>"; };
		C6A1FC432C7B4E7700F01632 /* ReadingPracticeView.swift */ = {isa = PBXFileReference; lastKnownFileType = sourcecode.swift; path = ReadingPracticeView.swift; sourceTree = "<group>"; };
		C6A1FC452C7B4F7400F01632 /* ReadingPracticeViewController.swift */ = {isa = PBXFileReference; lastKnownFileType = sourcecode.swift; path = ReadingPracticeViewController.swift; sourceTree = "<group>"; };
		C6A22FED2C7118A200484B59 /* BaiduTranslator.swift */ = {isa = PBXFileReference; lastKnownFileType = sourcecode.swift; path = BaiduTranslator.swift; sourceTree = "<group>"; };
		C6A22FF12C712DBC00484B59 /* LangCodeExtensions.swift */ = {isa = PBXFileReference; lastKnownFileType = sourcecode.swift; path = LangCodeExtensions.swift; sourceTree = "<group>"; };
		C6A666F62B75EC03002B4DEE /* US2UKSpellingMapping.swift */ = {isa = PBXFileReference; lastKnownFileType = sourcecode.swift; path = US2UKSpellingMapping.swift; sourceTree = "<group>"; };
		C6AB6E812C8063EE00F660C7 /* AccentAnalyzerProtocol.swift */ = {isa = PBXFileReference; lastKnownFileType = sourcecode.swift; path = AccentAnalyzerProtocol.swift; sourceTree = "<group>"; };
		C6B5187B2AF2C19C00451B90 /* TextViewWithPrompt.swift */ = {isa = PBXFileReference; lastKnownFileType = sourcecode.swift; path = TextViewWithPrompt.swift; sourceTree = "<group>"; };
		C6B9DE8B2B7E177E004F0C88 /* SpeakingPractice.swift */ = {isa = PBXFileReference; lastKnownFileType = sourcecode.swift; path = SpeakingPractice.swift; sourceTree = "<group>"; };
		C6BA7AA62C7F52CA00C6FFD3 /* RussianAccentRetrievalModel.xcdatamodel */ = {isa = PBXFileReference; lastKnownFileType = wrapper.xcdatamodel; path = RussianAccentRetrievalModel.xcdatamodel; sourceTree = "<group>"; };
		C6BA7AA82C7F52F800C6FFD3 /* RussianAccentEntity+CoreDataClass.swift */ = {isa = PBXFileReference; lastKnownFileType = sourcecode.swift; path = "RussianAccentEntity+CoreDataClass.swift"; sourceTree = SOURCE_ROOT; };
		C6BC063C2C726D2C00B2DF44 /* MachineTranslator.swift */ = {isa = PBXFileReference; lastKnownFileType = sourcecode.swift; path = MachineTranslator.swift; sourceTree = "<group>"; };
		C6BC06402C726D9E00B2DF44 /* TranslationProtocol.swift */ = {isa = PBXFileReference; lastKnownFileType = sourcecode.swift; path = TranslationProtocol.swift; sourceTree = "<group>"; };
		C6C8C3122B75F95500FBC43B /* CFStringExtensions.swift */ = {isa = PBXFileReference; lastKnownFileType = sourcecode.swift; path = CFStringExtensions.swift; sourceTree = "<group>"; };
		C6C8C3142B75F96A00FBC43B /* CFRangeExtensions.swift */ = {isa = PBXFileReference; lastKnownFileType = sourcecode.swift; path = CFRangeExtensions.swift; sourceTree = "<group>"; };
		C6C8C3162B7617F200FBC43B /* Text.swift */ = {isa = PBXFileReference; lastKnownFileType = sourcecode.swift; path = Text.swift; sourceTree = "<group>"; };
		C6E1E0302AC5C2F600E4AF72 /* HomeViewController.swift */ = {isa = PBXFileReference; lastKnownFileType = sourcecode.swift; path = HomeViewController.swift; sourceTree = "<group>"; };
		C6E8D3CB2C8E3788009E42F5 /* russian_word_forms.json */ = {isa = PBXFileReference; fileEncoding = 4; lastKnownFileType = text.json; name = russian_word_forms.json; path = ../../../russian_word_forms.json; sourceTree = "<group>"; };
		C6E8D3D12C8E3A31009E42F5 /* formatted_je2jo.json */ = {isa = PBXFileReference; fileEncoding = 4; lastKnownFileType = text.json; name = formatted_je2jo.json; path = ../../../formatted_je2jo.json; sourceTree = "<group>"; };
		C6E8D3D72C8E3B8A009E42F5 /* Je2JoEntity+CoreDataClass.swift */ = {isa = PBXFileReference; lastKnownFileType = sourcecode.swift; path = "Je2JoEntity+CoreDataClass.swift"; sourceTree = "<group>"; };
		C6E8D3D82C8E3B8A009E42F5 /* Je2JoEntity+CoreDataProperties.swift */ = {isa = PBXFileReference; lastKnownFileType = sourcecode.swift; path = "Je2JoEntity+CoreDataProperties.swift"; sourceTree = "<group>"; };
		C6F3F6A62C121AC800346A70 /* GlobalSettingsViewController.swift */ = {isa = PBXFileReference; lastKnownFileType = sourcecode.swift; path = GlobalSettingsViewController.swift; sourceTree = "<group>"; };
		C6F3F6AA2C12239C00346A70 /* SettingsInputCell.swift */ = {isa = PBXFileReference; lastKnownFileType = sourcecode.swift; path = SettingsInputCell.swift; sourceTree = "<group>"; };
		C6F3F6AC2C12242E00346A70 /* SettingsButtonCell.swift */ = {isa = PBXFileReference; lastKnownFileType = sourcecode.swift; path = SettingsButtonCell.swift; sourceTree = "<group>"; };
		C6F5FB792B7202AF0040A26B /* ListeningPracticeViewController.swift */ = {isa = PBXFileReference; lastKnownFileType = sourcecode.swift; path = ListeningPracticeViewController.swift; sourceTree = "<group>"; };
		C6F5FB7D2B72067F0040A26B /* ListeningPracticeProducer.swift */ = {isa = PBXFileReference; lastKnownFileType = sourcecode.swift; path = ListeningPracticeProducer.swift; sourceTree = "<group>"; };
		C9324C7255807718BBF5D9EC /* Pods-Polyglot-PolyglotUITests.debug.xcconfig */ = {isa = PBXFileReference; includeInIndex = 1; lastKnownFileType = text.xcconfig; name = "Pods-Polyglot-PolyglotUITests.debug.xcconfig"; path = "Target Support Files/Pods-Polyglot-PolyglotUITests/Pods-Polyglot-PolyglotUITests.debug.xcconfig"; sourceTree = "<group>"; };
		DEDB21A8073730D28A47A161 /* Pods-Polyglot.release.xcconfig */ = {isa = PBXFileReference; includeInIndex = 1; lastKnownFileType = text.xcconfig; name = "Pods-Polyglot.release.xcconfig"; path = "Target Support Files/Pods-Polyglot/Pods-Polyglot.release.xcconfig"; sourceTree = "<group>"; };
		E379777C4FD33BCD824C64B5 /* Pods_PolyglotTests.framework */ = {isa = PBXFileReference; explicitFileType = wrapper.framework; includeInIndex = 0; path = Pods_PolyglotTests.framework; sourceTree = BUILT_PRODUCTS_DIR; };
		E8CBB92BCDC55CA05C2EED5D /* Pods-PolyglotTests.debug.xcconfig */ = {isa = PBXFileReference; includeInIndex = 1; lastKnownFileType = text.xcconfig; name = "Pods-PolyglotTests.debug.xcconfig"; path = "Target Support Files/Pods-PolyglotTests/Pods-PolyglotTests.debug.xcconfig"; sourceTree = "<group>"; };
		F18AC45591099280DCFC633D /* Pods_Polyglot.framework */ = {isa = PBXFileReference; explicitFileType = wrapper.framework; includeInIndex = 0; path = Pods_Polyglot.framework; sourceTree = BUILT_PRODUCTS_DIR; };
		FF1780CE2A48EDCD005F588B /* Notifications.swift */ = {isa = PBXFileReference; lastKnownFileType = sourcecode.swift; path = Notifications.swift; sourceTree = "<group>"; };
		FF491E742959C4320088FD13 /* SelectionPracticeView.swift */ = {isa = PBXFileReference; lastKnownFileType = sourcecode.swift; path = SelectionPracticeView.swift; sourceTree = "<group>"; };
		FF491E762959CC960088FD13 /* FillingPracticeView.swift */ = {isa = PBXFileReference; lastKnownFileType = sourcecode.swift; path = FillingPracticeView.swift; sourceTree = "<group>"; };
		FF491E7F2959ED730088FD13 /* Separator.swift */ = {isa = PBXFileReference; lastKnownFileType = sourcecode.swift; path = Separator.swift; sourceTree = "<group>"; };
		FF495E8D2958F38800EA7EA9 /* UITableViewExtensions.swift */ = {isa = PBXFileReference; lastKnownFileType = sourcecode.swift; path = UITableViewExtensions.swift; sourceTree = "<group>"; };
		FF495E952958FFE600EA7EA9 /* WordsViewController.swift */ = {isa = PBXFileReference; lastKnownFileType = sourcecode.swift; path = WordsViewController.swift; sourceTree = "<group>"; };
		FF495E982959039A00EA7EA9 /* WordExtensions.swift */ = {isa = PBXFileReference; lastKnownFileType = sourcecode.swift; path = WordExtensions.swift; sourceTree = "<group>"; };
		FF495E9B295903DF00EA7EA9 /* WordsTableCell.swift */ = {isa = PBXFileReference; lastKnownFileType = sourcecode.swift; path = WordsTableCell.swift; sourceTree = "<group>"; };
		FF495E9D2959084200EA7EA9 /* DateExtensions.swift */ = {isa = PBXFileReference; lastKnownFileType = sourcecode.swift; path = DateExtensions.swift; sourceTree = "<group>"; };
		FF495E9F29591DEC00EA7EA9 /* TableHeaderView.swift */ = {isa = PBXFileReference; lastKnownFileType = sourcecode.swift; path = TableHeaderView.swift; sourceTree = "<group>"; };
		FF495EA12959244C00EA7EA9 /* WordsPracticeViewController.swift */ = {isa = PBXFileReference; lastKnownFileType = sourcecode.swift; path = WordsPracticeViewController.swift; sourceTree = "<group>"; };
		FF4964B929579C5A00414AC5 /* UISearchBarExtensions.swift */ = {isa = PBXFileReference; lastKnownFileType = sourcecode.swift; path = UISearchBarExtensions.swift; sourceTree = "<group>"; };
		FF4964BD29579C9700414AC5 /* StringExtensions.swift */ = {isa = PBXFileReference; lastKnownFileType = sourcecode.swift; path = StringExtensions.swift; sourceTree = "<group>"; };
		FF4964BF29579DA100414AC5 /* ArticleExtensions.swift */ = {isa = PBXFileReference; lastKnownFileType = sourcecode.swift; path = ArticleExtensions.swift; sourceTree = "<group>"; };
		FF4964C12957B01100414AC5 /* UITextViewExtensions.swift */ = {isa = PBXFileReference; lastKnownFileType = sourcecode.swift; path = UITextViewExtensions.swift; sourceTree = "<group>"; };
		FF4964C82958B05300414AC5 /* RoundButton.swift */ = {isa = PBXFileReference; lastKnownFileType = sourcecode.swift; path = RoundButton.swift; sourceTree = "<group>"; };
		FF4964CA2958BAFD00414AC5 /* TimingBar.swift */ = {isa = PBXFileReference; lastKnownFileType = sourcecode.swift; path = TimingBar.swift; sourceTree = "<group>"; };
		FF4964CC2958BE8900414AC5 /* TimeIntervalExtensions.swift */ = {isa = PBXFileReference; lastKnownFileType = sourcecode.swift; path = TimeIntervalExtensions.swift; sourceTree = "<group>"; };
		FF4964CE2958CE4400414AC5 /* Word.swift */ = {isa = PBXFileReference; lastKnownFileType = sourcecode.swift; path = Word.swift; sourceTree = "<group>"; };
		FF4AB0022A9B4C4400908062 /* ContentCreator.swift */ = {isa = PBXFileReference; lastKnownFileType = sourcecode.swift; path = ContentCreator.swift; sourceTree = "<group>"; };
		FF4B382A29525A4300BB3FFD /* ReadingEditViewController.swift */ = {isa = PBXFileReference; lastKnownFileType = sourcecode.swift; path = ReadingEditViewController.swift; sourceTree = "<group>"; };
		FF4B382E29525BD400BB3FFD /* ReadingEditTableCell.swift */ = {isa = PBXFileReference; lastKnownFileType = sourcecode.swift; path = ReadingEditTableCell.swift; sourceTree = "<group>"; };
		FF4CA72F295E869900423946 /* SpeakingPracticeViewController.swift */ = {isa = PBXFileReference; lastKnownFileType = sourcecode.swift; path = SpeakingPracticeViewController.swift; sourceTree = "<group>"; };
		FF4D7CC52953952C009F6894 /* NSMutableAttributedStringExtensions.swift */ = {isa = PBXFileReference; lastKnownFileType = sourcecode.swift; path = NSMutableAttributedStringExtensions.swift; sourceTree = "<group>"; };
		FF4FA0C72AADDAA0001EA18C /* ContentCards.swift */ = {isa = PBXFileReference; lastKnownFileType = sourcecode.swift; path = ContentCards.swift; sourceTree = "<group>"; };
		FF50250D295244F10097C2CB /* ReadingViewController.swift */ = {isa = PBXFileReference; lastKnownFileType = sourcecode.swift; path = ReadingViewController.swift; sourceTree = "<group>"; };
		FF502511295248D10097C2CB /* Article.swift */ = {isa = PBXFileReference; lastKnownFileType = sourcecode.swift; path = Article.swift; sourceTree = "<group>"; };
		FF50251329524D100097C2CB /* ReadingTableCell.swift */ = {isa = PBXFileReference; lastKnownFileType = sourcecode.swift; path = ReadingTableCell.swift; sourceTree = "<group>"; };
		FF5292092952012E00858B55 /* ThreeButtonSelectionStack.swift */ = {isa = PBXFileReference; lastKnownFileType = sourcecode.swift; path = ThreeButtonSelectionStack.swift; sourceTree = "<group>"; };
		FF52921129520D1200858B55 /* UINavigationBarExtensions.swift */ = {isa = PBXFileReference; lastKnownFileType = sourcecode.swift; path = UINavigationBarExtensions.swift; sourceTree = "<group>"; };
		FF55D155296F3AEC0092FB6B /* Constants.swift */ = {isa = PBXFileReference; lastKnownFileType = sourcecode.swift; path = Constants.swift; sourceTree = "<group>"; };
		FF5690132980367A00CA2C7B /* LangCode.swift */ = {isa = PBXFileReference; lastKnownFileType = sourcecode.swift; path = LangCode.swift; sourceTree = "<group>"; };
		FF5844302967217700137E00 /* ListViewController.swift */ = {isa = PBXFileReference; lastKnownFileType = sourcecode.swift; path = ListViewController.swift; sourceTree = "<group>"; };
		FF584433296732B400137E00 /* DictionaryExtensions.swift */ = {isa = PBXFileReference; lastKnownFileType = sourcecode.swift; path = DictionaryExtensions.swift; sourceTree = "<group>"; };
		FF58518E29819CF8004EB63C /* GoogleTranslator.swift */ = {isa = PBXFileReference; lastKnownFileType = sourcecode.swift; path = GoogleTranslator.swift; sourceTree = "<group>"; };
		FF5882BD29604E0300FC33CF /* NewWordAddingTextView.swift */ = {isa = PBXFileReference; lastKnownFileType = sourcecode.swift; path = NewWordAddingTextView.swift; sourceTree = "<group>"; };
		FF591ED52967960C0004CB80 /* WordPractice.swift */ = {isa = PBXFileReference; lastKnownFileType = sourcecode.swift; path = WordPractice.swift; sourceTree = "<group>"; };
		FF5AA00A2961F208009D5237 /* Alerts.swift */ = {isa = PBXFileReference; lastKnownFileType = sourcecode.swift; path = Alerts.swift; sourceTree = "<group>"; };
		FF5B182B2961E55F00C80DC3 /* IO.swift */ = {isa = PBXFileReference; lastKnownFileType = sourcecode.swift; path = IO.swift; sourceTree = "<group>"; };
		FF5D129029577AC4005DEEDE /* NavController.swift */ = {isa = PBXFileReference; lastKnownFileType = sourcecode.swift; path = NavController.swift; sourceTree = "<group>"; };
		FF5D129429577CB3005DEEDE /* RoundButtonWithShadow.swift */ = {isa = PBXFileReference; lastKnownFileType = sourcecode.swift; path = RoundButtonWithShadow.swift; sourceTree = "<group>"; };
		FF5FE945297431C30002691C /* ArrayExtensions.swift */ = {isa = PBXFileReference; lastKnownFileType = sourcecode.swift; path = ArrayExtensions.swift; sourceTree = "<group>"; };
		FF62C9722951382500D41797 /* Polyglot.app */ = {isa = PBXFileReference; explicitFileType = wrapper.application; includeInIndex = 0; path = Polyglot.app; sourceTree = BUILT_PRODUCTS_DIR; };
		FF62C9752951382500D41797 /* AppDelegate.swift */ = {isa = PBXFileReference; lastKnownFileType = sourcecode.swift; path = AppDelegate.swift; sourceTree = "<group>"; };
		FF62C9772951382500D41797 /* SceneDelegate.swift */ = {isa = PBXFileReference; lastKnownFileType = sourcecode.swift; path = SceneDelegate.swift; sourceTree = "<group>"; };
		FF62C97E2951382600D41797 /* Assets.xcassets */ = {isa = PBXFileReference; lastKnownFileType = folder.assetcatalog; path = Assets.xcassets; sourceTree = "<group>"; };
		FF62C9832951382600D41797 /* Info.plist */ = {isa = PBXFileReference; lastKnownFileType = text.plist.xml; path = Info.plist; sourceTree = "<group>"; };
		FF62C9882951382600D41797 /* PolyglotTests.xctest */ = {isa = PBXFileReference; explicitFileType = wrapper.cfbundle; includeInIndex = 0; path = PolyglotTests.xctest; sourceTree = BUILT_PRODUCTS_DIR; };
		FF62C98C2951382600D41797 /* PolyglotTests.swift */ = {isa = PBXFileReference; lastKnownFileType = sourcecode.swift; path = PolyglotTests.swift; sourceTree = "<group>"; };
		FF62C98E2951382600D41797 /* Info.plist */ = {isa = PBXFileReference; lastKnownFileType = text.plist.xml; path = Info.plist; sourceTree = "<group>"; };
		FF62C9932951382600D41797 /* PolyglotUITests.xctest */ = {isa = PBXFileReference; explicitFileType = wrapper.cfbundle; includeInIndex = 0; path = PolyglotUITests.xctest; sourceTree = BUILT_PRODUCTS_DIR; };
		FF62C9972951382600D41797 /* PolyglotUITests.swift */ = {isa = PBXFileReference; lastKnownFileType = sourcecode.swift; path = PolyglotUITests.swift; sourceTree = "<group>"; };
		FF62C9992951382600D41797 /* Info.plist */ = {isa = PBXFileReference; lastKnownFileType = text.plist.xml; path = Info.plist; sourceTree = "<group>"; };
		FF62C9A829513A5000D41797 /* Theme.swift */ = {isa = PBXFileReference; lastKnownFileType = sourcecode.swift; path = Theme.swift; sourceTree = "<group>"; };
		FF63DDFB299AC17C0088C10B /* WordBank.swift */ = {isa = PBXFileReference; lastKnownFileType = sourcecode.swift; path = WordBank.swift; sourceTree = "<group>"; };
		FF63DDFF299AD2F90088C10B /* WordBankItem.swift */ = {isa = PBXFileReference; lastKnownFileType = sourcecode.swift; path = WordBankItem.swift; sourceTree = "<group>"; };
		FF706DF0295142AF00DBCF8E /* Strings.swift */ = {isa = PBXFileReference; lastKnownFileType = sourcecode.swift; path = Strings.swift; sourceTree = "<group>"; };
		FF706DF4295144B000DBCF8E /* UIColorExtensions.swift */ = {isa = PBXFileReference; lastKnownFileType = sourcecode.swift; path = UIColorExtensions.swift; sourceTree = "<group>"; };
		FF706E022951549C00DBCF8E /* UIImageExtensions.swift */ = {isa = PBXFileReference; lastKnownFileType = sourcecode.swift; path = UIImageExtensions.swift; sourceTree = "<group>"; };
		FF793A472968A7D60026B8C7 /* UIApplicationExtensions.swift */ = {isa = PBXFileReference; lastKnownFileType = sourcecode.swift; path = UIApplicationExtensions.swift; sourceTree = "<group>"; };
		FF8CDE802952995F00B36CA3 /* NewWordAddingBottomView.swift */ = {isa = PBXFileReference; lastKnownFileType = sourcecode.swift; path = NewWordAddingBottomView.swift; sourceTree = "<group>"; };
		FF8E5BB5298DB9A6003B6FB1 /* SnapKit.xcodeproj */ = {isa = PBXFileReference; lastKnownFileType = "wrapper.pb-project"; name = SnapKit.xcodeproj; path = "../../../Downloads/SnapKit-develop/SnapKit.xcodeproj"; sourceTree = "<group>"; };
		FFBC8A832A9F2FDD001123EB /* UILabelExtensions.swift */ = {isa = PBXFileReference; lastKnownFileType = sourcecode.swift; path = UILabelExtensions.swift; sourceTree = "<group>"; };
		FFBD60402969D713004165FC /* WordPracticeProducer.swift */ = {isa = PBXFileReference; lastKnownFileType = sourcecode.swift; path = WordPracticeProducer.swift; sourceTree = "<group>"; };
		FFBD60442969D733004165FC /* SpeakingPracticeProducer.swift */ = {isa = PBXFileReference; lastKnownFileType = sourcecode.swift; path = SpeakingPracticeProducer.swift; sourceTree = "<group>"; };
		FFCBB0D6296B0AA200E5B9D9 /* PracticeViewController.swift */ = {isa = PBXFileReference; lastKnownFileType = sourcecode.swift; path = PracticeViewController.swift; sourceTree = "<group>"; };
		FFCBB0DA296B1A6700E5B9D9 /* BasePracticeProducer.swift */ = {isa = PBXFileReference; lastKnownFileType = sourcecode.swift; path = BasePracticeProducer.swift; sourceTree = "<group>"; };
		FFCBB0DF296B45F300E5B9D9 /* SpeakingPracticeView.swift */ = {isa = PBXFileReference; lastKnownFileType = sourcecode.swift; path = SpeakingPracticeView.swift; sourceTree = "<group>"; };
		FFD7DF6C299D376000019D51 /* RowStackItem.swift */ = {isa = PBXFileReference; lastKnownFileType = sourcecode.swift; path = RowStackItem.swift; sourceTree = "<group>"; };
		FFD7DF71299D509B00019D51 /* CGRectExtensions.swift */ = {isa = PBXFileReference; lastKnownFileType = sourcecode.swift; path = CGRectExtensions.swift; sourceTree = "<group>"; };
		FFD7DF7C299DA18000019D51 /* ReorderingPracticeView.swift */ = {isa = PBXFileReference; lastKnownFileType = sourcecode.swift; path = ReorderingPracticeView.swift; sourceTree = "<group>"; };
/* End PBXFileReference section */

/* Begin PBXFrameworksBuildPhase section */
		FF62C96F2951382500D41797 /* Frameworks */ = {
			isa = PBXFrameworksBuildPhase;
			buildActionMask = 2147483647;
			files = (
				C43026072813DBE394EFE8FB /* Pods_Polyglot.framework in Frameworks */,
				FF8E5BBE298DB9BF003B6FB1 /* SnapKit.framework in Frameworks */,
			);
			runOnlyForDeploymentPostprocessing = 0;
		};
		FF62C9852951382600D41797 /* Frameworks */ = {
			isa = PBXFrameworksBuildPhase;
			buildActionMask = 2147483647;
			files = (
				AC706291155790A1E33AAB8C /* Pods_PolyglotTests.framework in Frameworks */,
			);
			runOnlyForDeploymentPostprocessing = 0;
		};
		FF62C9902951382600D41797 /* Frameworks */ = {
			isa = PBXFrameworksBuildPhase;
			buildActionMask = 2147483647;
			files = (
				48430D635046D89103A12061 /* Pods_Polyglot_PolyglotUITests.framework in Frameworks */,
			);
			runOnlyForDeploymentPostprocessing = 0;
		};
/* End PBXFrameworksBuildPhase section */

/* Begin PBXGroup section */
		BE6764694D03A1E47A5AE00F /* Pods */ = {
			isa = PBXGroup;
			children = (
				0477CAFF69ADE59B41094933 /* Pods-Polyglot.debug.xcconfig */,
				DEDB21A8073730D28A47A161 /* Pods-Polyglot.release.xcconfig */,
				C9324C7255807718BBF5D9EC /* Pods-Polyglot-PolyglotUITests.debug.xcconfig */,
				80A4DDEB0D1137F63C376D55 /* Pods-Polyglot-PolyglotUITests.release.xcconfig */,
				E8CBB92BCDC55CA05C2EED5D /* Pods-PolyglotTests.debug.xcconfig */,
				781C1DC2544908B8FF39175D /* Pods-PolyglotTests.release.xcconfig */,
			);
			path = Pods;
			sourceTree = "<group>";
		};
		C60626042B8069D200429BAF /* PracticeViews */ = {
			isa = PBXGroup;
			children = (
				C60626052B8069E600429BAF /* BasePracticeView.swift */,
				C60626072B8069F100429BAF /* WordPracticeView.swift */,
				C69DB5E92B73BE9B00B3BC66 /* TextMeaningPracticeView.swift */,
				FF491E742959C4320088FD13 /* SelectionPracticeView.swift */,
				FF491E762959CC960088FD13 /* FillingPracticeView.swift */,
				FFD7DF7C299DA18000019D51 /* ReorderingPracticeView.swift */,
				C69DB5EB2B73C05700B3BC66 /* ListenAndRepeatPracticeView.swift */,
				C69DB5ED2B73C08800B3BC66 /* ListenAndCompletePracticeView.swift */,
				FFCBB0DF296B45F300E5B9D9 /* SpeakingPracticeView.swift */,
				C6A1FC432C7B4E7700F01632 /* ReadingPracticeView.swift */,
			);
			path = PracticeViews;
			sourceTree = "<group>";
		};
		C60626092B8072C600429BAF /* Cells */ = {
			isa = PBXGroup;
			children = (
				C619E68E2AC8154F00A30B27 /* LangCell.swift */,
				C619E6922AC830CB00A30B27 /* CardCell.swift */,
				FF495E9B295903DF00EA7EA9 /* WordsTableCell.swift */,
				FF50251329524D100097C2CB /* ReadingTableCell.swift */,
				FF4B382E29525BD400BB3FFD /* ReadingEditTableCell.swift */,
				C6F3F6AC2C12242E00346A70 /* SettingsButtonCell.swift */,
				C6F3F6AA2C12239C00346A70 /* SettingsInputCell.swift */,
				C69B19092C18A91800E41C86 /* SettingsSlidingCell.swift */,
				C69B190D2C18B76600E41C86 /* SettingsSwitchingCell.swift */,
			);
			path = Cells;
			sourceTree = "<group>";
		};
		C6357CD62C772BCD00F63CE1 /* Settings */ = {
			isa = PBXGroup;
			children = (
				C6357CD42C772A3600F63CE1 /* SettingsViewController.swift */,
				C6F3F6A62C121AC800346A70 /* GlobalSettingsViewController.swift */,
				C6357CD22C7729D700F63CE1 /* LanguageSettingsViewController.swift */,
			);
			path = Settings;
			sourceTree = "<group>";
		};
		C69D97E02AC7FE5600AC2CD9 /* Lists */ = {
			isa = PBXGroup;
			children = (
				FF5844302967217700137E00 /* ListViewController.swift */,
				FF495E952958FFE600EA7EA9 /* WordsViewController.swift */,
				FF50250D295244F10097C2CB /* ReadingViewController.swift */,
				FF4B382A29525A4300BB3FFD /* ReadingEditViewController.swift */,
			);
			path = Lists;
			sourceTree = "<group>";
		};
		C69D97E12AC7FE6B00AC2CD9 /* Practices */ = {
			isa = PBXGroup;
			children = (
				FFCBB0D6296B0AA200E5B9D9 /* PracticeViewController.swift */,
				C60625F62B7FB5E800429BAF /* TextMeaningPracticeViewController.swift */,
				FF495EA12959244C00EA7EA9 /* WordsPracticeViewController.swift */,
				C6F5FB792B7202AF0040A26B /* ListeningPracticeViewController.swift */,
				FF4CA72F295E869900423946 /* SpeakingPracticeViewController.swift */,
				C6A1FC452C7B4F7400F01632 /* ReadingPracticeViewController.swift */,
			);
			path = Practices;
			sourceTree = "<group>";
		};
		C69F76612B7D19360006828A /* PracticeItems */ = {
			isa = PBXGroup;
			children = (
				C606260A2B80759800429BAF /* BasePractice.swift */,
				C69F76652B7D198F0006828A /* TextMeaningPractice.swift */,
				C69F76672B7D1F9F0006828A /* ListeningPractice.swift */,
				C6B9DE8B2B7E177E004F0C88 /* SpeakingPractice.swift */,
				C6A1FC3F2C7B4B9700F01632 /* ReadingPractice.swift */,
			);
			path = PracticeItems;
			sourceTree = "<group>";
		};
		C69F76642B7D195E0006828A /* PracticeComponents */ = {
			isa = PBXGroup;
			children = (
				C606260E2B8076A000429BAF /* TextGranularity.swift */,
				C60626102B8076AF00429BAF /* TextSource.swift */,
				FF69103229956F65003A925A /* PracticeProducers */,
				C69F76612B7D19360006828A /* PracticeItems */,
			);
			path = PracticeComponents;
			sourceTree = "<group>";
		};
		C6A666F32B75EBE6002B4DEE /* Resource */ = {
			isa = PBXGroup;
			children = (
				C6A666F62B75EC03002B4DEE /* US2UKSpellingMapping.swift */,
			);
			path = Resource;
			sourceTree = "<group>";
		};
		C6AB6E852C8068DB00F660C7 /* Translation */ = {
			isa = PBXGroup;
			children = (
				C6BC06402C726D9E00B2DF44 /* TranslationProtocol.swift */,
				FF58518E29819CF8004EB63C /* GoogleTranslator.swift */,
				C6A22FED2C7118A200484B59 /* BaiduTranslator.swift */,
				C6BC063C2C726D2C00B2DF44 /* MachineTranslator.swift */,
			);
			path = Translation;
			sourceTree = "<group>";
		};
		C6AB6E862C8068E500F660C7 /* AccentAnalysis */ = {
			isa = PBXGroup;
			children = (
				C6AB6E812C8063EE00F660C7 /* AccentAnalyzerProtocol.swift */,
				C67B85A12AED943200F7657A /* JapaneseAccentAnalyzer.swift */,
				C67B85A32AED94B800F7657A /* RussianAccentAnalyzer.swift */,
			);
			path = AccentAnalysis;
			sourceTree = "<group>";
		};
		FF24AB75297073AA00129EEF /* Headers */ = {
			isa = PBXGroup;
			children = (
				FF495E9F29591DEC00EA7EA9 /* TableHeaderView.swift */,
			);
			path = Headers;
			sourceTree = "<group>";
		};
		FF495E912958FF5D00EA7EA9 /* UIExtensions */ = {
			isa = PBXGroup;
			children = (
				FF706DF4295144B000DBCF8E /* UIColorExtensions.swift */,
				FF706E022951549C00DBCF8E /* UIImageExtensions.swift */,
				FF52921129520D1200858B55 /* UINavigationBarExtensions.swift */,
				FF4964B929579C5A00414AC5 /* UISearchBarExtensions.swift */,
				FF4964C12957B01100414AC5 /* UITextViewExtensions.swift */,
				FF495E8D2958F38800EA7EA9 /* UITableViewExtensions.swift */,
				FF4D7CC52953952C009F6894 /* NSMutableAttributedStringExtensions.swift */,
				FF793A472968A7D60026B8C7 /* UIApplicationExtensions.swift */,
				FFD7DF71299D509B00019D51 /* CGRectExtensions.swift */,
				FFBC8A832A9F2FDD001123EB /* UILabelExtensions.swift */,
			);
			path = UIExtensions;
			sourceTree = "<group>";
		};
		FF495E922958FF7200EA7EA9 /* TypeExtensions */ = {
			isa = PBXGroup;
			children = (
				FF4964BD29579C9700414AC5 /* StringExtensions.swift */,
				FF495E9D2959084200EA7EA9 /* DateExtensions.swift */,
				FF584433296732B400137E00 /* DictionaryExtensions.swift */,
				FF5FE945297431C30002691C /* ArrayExtensions.swift */,
				FF4964CC2958BE8900414AC5 /* TimeIntervalExtensions.swift */,
				C6C8C3122B75F95500FBC43B /* CFStringExtensions.swift */,
				C6C8C3142B75F96A00FBC43B /* CFRangeExtensions.swift */,
			);
			path = TypeExtensions;
			sourceTree = "<group>";
		};
		FF495E932958FF8200EA7EA9 /* ModelExtensions */ = {
			isa = PBXGroup;
			children = (
				FF495E982959039A00EA7EA9 /* WordExtensions.swift */,
				FF4964BF29579DA100414AC5 /* ArticleExtensions.swift */,
				C6A22FF12C712DBC00484B59 /* LangCodeExtensions.swift */,
				C696B9502B6DEDA600B00A02 /* ContentCardsExtensions.swift */,
			);
			path = ModelExtensions;
			sourceTree = "<group>";
		};
		FF4CA732295E888000423946 /* Utils */ = {
			isa = PBXGroup;
			children = (
				FF62C9A829513A5000D41797 /* Theme.swift */,
				FF706DF0295142AF00DBCF8E /* Strings.swift */,
				FF55D155296F3AEC0092FB6B /* Constants.swift */,
				FF5AA00A2961F208009D5237 /* Alerts.swift */,
				FF5B182B2961E55F00C80DC3 /* IO.swift */,
				FF1780CE2A48EDCD005F588B /* Notifications.swift */,
				C6C8C3162B7617F200FBC43B /* Text.swift */,
			);
			path = Utils;
			sourceTree = "<group>";
		};
		FF502510295248BF0097C2CB /* Models */ = {
			isa = PBXGroup;
			children = (
				FF4964CE2958CE4400414AC5 /* Word.swift */,
				FF502511295248D10097C2CB /* Article.swift */,
				FF5690132980367A00CA2C7B /* LangCode.swift */,
				FF4FA0C72AADDAA0001EA18C /* ContentCards.swift */,
				FF591ED52967960C0004CB80 /* WordPractice.swift */,
			);
			path = Models;
			sourceTree = "<group>";
		};
		FF62C9692951382500D41797 = {
			isa = PBXGroup;
			children = (
				FF62C9742951382500D41797 /* Polyglot */,
				FF62C98B2951382600D41797 /* PolyglotTests */,
				FF62C9962951382600D41797 /* PolyglotUITests */,
				FF62C9732951382500D41797 /* Products */,
				FF62C9AA29513B7200D41797 /* Frameworks */,
				BE6764694D03A1E47A5AE00F /* Pods */,
			);
			sourceTree = "<group>";
		};
		FF62C9732951382500D41797 /* Products */ = {
			isa = PBXGroup;
			children = (
				FF62C9722951382500D41797 /* Polyglot.app */,
				FF62C9882951382600D41797 /* PolyglotTests.xctest */,
				FF62C9932951382600D41797 /* PolyglotUITests.xctest */,
			);
			name = Products;
			sourceTree = "<group>";
		};
		FF62C9742951382500D41797 /* Polyglot */ = {
			isa = PBXGroup;
			children = (
				C6E8D3CB2C8E3788009E42F5 /* russian_word_forms.json */,
				C6E8D3D12C8E3A31009E42F5 /* formatted_je2jo.json */,
				C6BA7AA82C7F52F800C6FFD3 /* RussianAccentEntity+CoreDataClass.swift */,
				C630C6CA2C8E26B50049ED6A /* RussianAccentEntity+CoreDataProperties.swift */,
				C6E8D3D72C8E3B8A009E42F5 /* Je2JoEntity+CoreDataClass.swift */,
				C6E8D3D82C8E3B8A009E42F5 /* Je2JoEntity+CoreDataProperties.swift */,
				C6A666F32B75EBE6002B4DEE /* Resource */,
				FF502510295248BF0097C2CB /* Models */,
				FF62C9A629513A2800D41797 /* Controllers */,
				FF62C9A729513A3700D41797 /* Views */,
				C69F76642B7D195E0006828A /* PracticeComponents */,
				FF706DF3295144A000DBCF8E /* Extensions */,
				FF4CA732295E888000423946 /* Utils */,
				FF8E5BB1298DB68F003B6FB1 /* APIs */,
				FF62C9752951382500D41797 /* AppDelegate.swift */,
				FF62C9772951382500D41797 /* SceneDelegate.swift */,
				FF62C97E2951382600D41797 /* Assets.xcassets */,
				FF62C9832951382600D41797 /* Info.plist */,
				C6BA7AA52C7F52CA00C6FFD3 /* RussianAccentRetrievalModel.xcdatamodeld */,
			);
			path = Polyglot;
			sourceTree = "<group>";
		};
		FF62C98B2951382600D41797 /* PolyglotTests */ = {
			isa = PBXGroup;
			children = (
				FF62C98C2951382600D41797 /* PolyglotTests.swift */,
				FF62C98E2951382600D41797 /* Info.plist */,
			);
			path = PolyglotTests;
			sourceTree = "<group>";
		};
		FF62C9962951382600D41797 /* PolyglotUITests */ = {
			isa = PBXGroup;
			children = (
				FF62C9972951382600D41797 /* PolyglotUITests.swift */,
				FF62C9992951382600D41797 /* Info.plist */,
			);
			path = PolyglotUITests;
			sourceTree = "<group>";
		};
		FF62C9A629513A2800D41797 /* Controllers */ = {
			isa = PBXGroup;
			children = (
				FF5D129029577AC4005DEEDE /* NavController.swift */,
				C6E1E0302AC5C2F600E4AF72 /* HomeViewController.swift */,
				C642A6072B7B8008003893B8 /* LanguageSelectionViewController.swift */,
				C69D97E02AC7FE5600AC2CD9 /* Lists */,
				C69D97E12AC7FE6B00AC2CD9 /* Practices */,
				C6357CD62C772BCD00F63CE1 /* Settings */,
			);
			path = Controllers;
			sourceTree = "<group>";
		};
		FF62C9A729513A3700D41797 /* Views */ = {
			isa = PBXGroup;
			children = (
				FF5292092952012E00858B55 /* ThreeButtonSelectionStack.swift */,
				FF491E7F2959ED730088FD13 /* Separator.swift */,
				FF4964CA2958BAFD00414AC5 /* TimingBar.swift */,
				C6B5187B2AF2C19C00451B90 /* TextViewWithPrompt.swift */,
				FFD7DF77299D8D4C00019D51 /* DragAndDrop */,
				FFD7DF76299D8D3000019D51 /* NewWordAdding */,
				FFD7DF75299D8D2300019D51 /* RoundButton */,
				FF24AB75297073AA00129EEF /* Headers */,
				C60626092B8072C600429BAF /* Cells */,
				C60626042B8069D200429BAF /* PracticeViews */,
			);
			path = Views;
			sourceTree = "<group>";
		};
		FF62C9AA29513B7200D41797 /* Frameworks */ = {
			isa = PBXGroup;
			children = (
				FF8E5BB5298DB9A6003B6FB1 /* SnapKit.xcodeproj */,
				F18AC45591099280DCFC633D /* Pods_Polyglot.framework */,
				907D4F8E5EB18C9B62364FB2 /* Pods_Polyglot_PolyglotUITests.framework */,
				E379777C4FD33BCD824C64B5 /* Pods_PolyglotTests.framework */,
			);
			name = Frameworks;
			sourceTree = "<group>";
		};
		FF69103229956F65003A925A /* PracticeProducers */ = {
			isa = PBXGroup;
			children = (
				FFCBB0DA296B1A6700E5B9D9 /* BasePracticeProducer.swift */,
				C606260C2B80765E00429BAF /* TextMeaningPracticeProducer.swift */,
				FFBD60402969D713004165FC /* WordPracticeProducer.swift */,
				C6F5FB7D2B72067F0040A26B /* ListeningPracticeProducer.swift */,
				FFBD60442969D733004165FC /* SpeakingPracticeProducer.swift */,
				C6A1FC412C7B4C6900F01632 /* ReadingPracticeProducer.swift */,
			);
			path = PracticeProducers;
			sourceTree = "<group>";
		};
		FF706DF3295144A000DBCF8E /* Extensions */ = {
			isa = PBXGroup;
			children = (
				FF495E932958FF8200EA7EA9 /* ModelExtensions */,
				FF495E922958FF7200EA7EA9 /* TypeExtensions */,
				FF495E912958FF5D00EA7EA9 /* UIExtensions */,
			);
			path = Extensions;
			sourceTree = "<group>";
		};
		FF8E5BB1298DB68F003B6FB1 /* APIs */ = {
			isa = PBXGroup;
			children = (
				C6AB6E852C8068DB00F660C7 /* Translation */,
				C6AB6E862C8068E500F660C7 /* AccentAnalysis */,
				FF4AB0022A9B4C4400908062 /* ContentCreator.swift */,
			);
			path = APIs;
			sourceTree = "<group>";
		};
		FF8E5BB6298DB9A6003B6FB1 /* Products */ = {
			isa = PBXGroup;
			children = (
				FF8E5BBB298DB9A6003B6FB1 /* SnapKit.framework */,
				FF8E5BBD298DB9A6003B6FB1 /* SnapKit Tests.xctest */,
			);
			name = Products;
			sourceTree = "<group>";
		};
		FFD7DF75299D8D2300019D51 /* RoundButton */ = {
			isa = PBXGroup;
			children = (
				FF4964C82958B05300414AC5 /* RoundButton.swift */,
				FF5D129429577CB3005DEEDE /* RoundButtonWithShadow.swift */,
			);
			path = RoundButton;
			sourceTree = "<group>";
		};
		FFD7DF76299D8D3000019D51 /* NewWordAdding */ = {
			isa = PBXGroup;
			children = (
				FF8CDE802952995F00B36CA3 /* NewWordAddingBottomView.swift */,
				FF5882BD29604E0300FC33CF /* NewWordAddingTextView.swift */,
			);
			path = NewWordAdding;
			sourceTree = "<group>";
		};
		FFD7DF77299D8D4C00019D51 /* DragAndDrop */ = {
			isa = PBXGroup;
			children = (
				FF63DDFB299AC17C0088C10B /* WordBank.swift */,
				FF63DDFF299AD2F90088C10B /* WordBankItem.swift */,
				FFD7DF6C299D376000019D51 /* RowStackItem.swift */,
			);
			path = DragAndDrop;
			sourceTree = "<group>";
		};
/* End PBXGroup section */

/* Begin PBXNativeTarget section */
		FF62C9712951382500D41797 /* Polyglot */ = {
			isa = PBXNativeTarget;
			buildConfigurationList = FF62C99C2951382600D41797 /* Build configuration list for PBXNativeTarget "Polyglot" */;
			buildPhases = (
				C6EBC7C89C78DB630A1DE992 /* [CP] Check Pods Manifest.lock */,
				FF62C96E2951382500D41797 /* Sources */,
				FF62C96F2951382500D41797 /* Frameworks */,
				FF62C9702951382500D41797 /* Resources */,
				D06BA752CDE8744B961BD4E0 /* [CP] Embed Pods Frameworks */,
				FF8E5BC0298DB9BF003B6FB1 /* Embed Frameworks */,
			);
			buildRules = (
			);
			dependencies = (
			);
			name = Polyglot;
			productName = Polyglot;
			productReference = FF62C9722951382500D41797 /* Polyglot.app */;
			productType = "com.apple.product-type.application";
		};
		FF62C9872951382600D41797 /* PolyglotTests */ = {
			isa = PBXNativeTarget;
			buildConfigurationList = FF62C99F2951382600D41797 /* Build configuration list for PBXNativeTarget "PolyglotTests" */;
			buildPhases = (
				BFE4F36892FF6E195DEDFA4D /* [CP] Check Pods Manifest.lock */,
				FF62C9842951382600D41797 /* Sources */,
				FF62C9852951382600D41797 /* Frameworks */,
				FF62C9862951382600D41797 /* Resources */,
			);
			buildRules = (
			);
			dependencies = (
				FF62C98A2951382600D41797 /* PBXTargetDependency */,
			);
			name = PolyglotTests;
			productName = PolyglotTests;
			productReference = FF62C9882951382600D41797 /* PolyglotTests.xctest */;
			productType = "com.apple.product-type.bundle.unit-test";
		};
		FF62C9922951382600D41797 /* PolyglotUITests */ = {
			isa = PBXNativeTarget;
			buildConfigurationList = FF62C9A22951382600D41797 /* Build configuration list for PBXNativeTarget "PolyglotUITests" */;
			buildPhases = (
				54AE9D3558E1889D5A3970D2 /* [CP] Check Pods Manifest.lock */,
				FF62C98F2951382600D41797 /* Sources */,
				FF62C9902951382600D41797 /* Frameworks */,
				FF62C9912951382600D41797 /* Resources */,
				4272160F59C3274063E12C00 /* [CP] Embed Pods Frameworks */,
			);
			buildRules = (
			);
			dependencies = (
				FF62C9952951382600D41797 /* PBXTargetDependency */,
			);
			name = PolyglotUITests;
			productName = PolyglotUITests;
			productReference = FF62C9932951382600D41797 /* PolyglotUITests.xctest */;
			productType = "com.apple.product-type.bundle.ui-testing";
		};
/* End PBXNativeTarget section */

/* Begin PBXProject section */
		FF62C96A2951382500D41797 /* Project object */ = {
			isa = PBXProject;
			attributes = {
				LastSwiftUpdateCheck = 1150;
				LastUpgradeCheck = 1150;
				ORGANIZATIONNAME = Sola;
				TargetAttributes = {
					FF62C9712951382500D41797 = {
						CreatedOnToolsVersion = 11.5;
					};
					FF62C9872951382600D41797 = {
						CreatedOnToolsVersion = 11.5;
						TestTargetID = FF62C9712951382500D41797;
					};
					FF62C9922951382600D41797 = {
						CreatedOnToolsVersion = 11.5;
						TestTargetID = FF62C9712951382500D41797;
					};
				};
			};
			buildConfigurationList = FF62C96D2951382500D41797 /* Build configuration list for PBXProject "Polyglot" */;
			compatibilityVersion = "Xcode 9.3";
			developmentRegion = en;
			hasScannedForEncodings = 0;
			knownRegions = (
				en,
				Base,
			);
			mainGroup = FF62C9692951382500D41797;
			productRefGroup = FF62C9732951382500D41797 /* Products */;
			projectDirPath = "";
			projectReferences = (
				{
					ProductGroup = FF8E5BB6298DB9A6003B6FB1 /* Products */;
					ProjectRef = FF8E5BB5298DB9A6003B6FB1 /* SnapKit.xcodeproj */;
				},
			);
			projectRoot = "";
			targets = (
				FF62C9712951382500D41797 /* Polyglot */,
				FF62C9872951382600D41797 /* PolyglotTests */,
				FF62C9922951382600D41797 /* PolyglotUITests */,
			);
		};
/* End PBXProject section */

/* Begin PBXReferenceProxy section */
		FF8E5BBB298DB9A6003B6FB1 /* SnapKit.framework */ = {
			isa = PBXReferenceProxy;
			fileType = wrapper.framework;
			path = SnapKit.framework;
			remoteRef = FF8E5BBA298DB9A6003B6FB1 /* PBXContainerItemProxy */;
			sourceTree = BUILT_PRODUCTS_DIR;
		};
		FF8E5BBD298DB9A6003B6FB1 /* SnapKit Tests.xctest */ = {
			isa = PBXReferenceProxy;
			fileType = wrapper.cfbundle;
			path = "SnapKit Tests.xctest";
			remoteRef = FF8E5BBC298DB9A6003B6FB1 /* PBXContainerItemProxy */;
			sourceTree = BUILT_PRODUCTS_DIR;
		};
/* End PBXReferenceProxy section */

/* Begin PBXResourcesBuildPhase section */
		FF62C9702951382500D41797 /* Resources */ = {
			isa = PBXResourcesBuildPhase;
			buildActionMask = 2147483647;
			files = (
				FF62C97F2951382600D41797 /* Assets.xcassets in Resources */,
				C6E8D3D22C8E3A31009E42F5 /* formatted_je2jo.json in Resources */,
				C6E8D3CC2C8E3788009E42F5 /* russian_word_forms.json in Resources */,
			);
			runOnlyForDeploymentPostprocessing = 0;
		};
		FF62C9862951382600D41797 /* Resources */ = {
			isa = PBXResourcesBuildPhase;
			buildActionMask = 2147483647;
			files = (
			);
			runOnlyForDeploymentPostprocessing = 0;
		};
		FF62C9912951382600D41797 /* Resources */ = {
			isa = PBXResourcesBuildPhase;
			buildActionMask = 2147483647;
			files = (
			);
			runOnlyForDeploymentPostprocessing = 0;
		};
/* End PBXResourcesBuildPhase section */

/* Begin PBXShellScriptBuildPhase section */
		4272160F59C3274063E12C00 /* [CP] Embed Pods Frameworks */ = {
			isa = PBXShellScriptBuildPhase;
			buildActionMask = 2147483647;
			files = (
			);
			inputFileListPaths = (
				"${PODS_ROOT}/Target Support Files/Pods-Polyglot-PolyglotUITests/Pods-Polyglot-PolyglotUITests-frameworks-${CONFIGURATION}-input-files.xcfilelist",
			);
			name = "[CP] Embed Pods Frameworks";
			outputFileListPaths = (
				"${PODS_ROOT}/Target Support Files/Pods-Polyglot-PolyglotUITests/Pods-Polyglot-PolyglotUITests-frameworks-${CONFIGURATION}-output-files.xcfilelist",
			);
			runOnlyForDeploymentPostprocessing = 0;
			shellPath = /bin/sh;
			shellScript = "\"${PODS_ROOT}/Target Support Files/Pods-Polyglot-PolyglotUITests/Pods-Polyglot-PolyglotUITests-frameworks.sh\"\n";
			showEnvVarsInLog = 0;
		};
		54AE9D3558E1889D5A3970D2 /* [CP] Check Pods Manifest.lock */ = {
			isa = PBXShellScriptBuildPhase;
			buildActionMask = 2147483647;
			files = (
			);
			inputFileListPaths = (
			);
			inputPaths = (
				"${PODS_PODFILE_DIR_PATH}/Podfile.lock",
				"${PODS_ROOT}/Manifest.lock",
			);
			name = "[CP] Check Pods Manifest.lock";
			outputFileListPaths = (
			);
			outputPaths = (
				"$(DERIVED_FILE_DIR)/Pods-Polyglot-PolyglotUITests-checkManifestLockResult.txt",
			);
			runOnlyForDeploymentPostprocessing = 0;
			shellPath = /bin/sh;
			shellScript = "diff \"${PODS_PODFILE_DIR_PATH}/Podfile.lock\" \"${PODS_ROOT}/Manifest.lock\" > /dev/null\nif [ $? != 0 ] ; then\n    # print error to STDERR\n    echo \"error: The sandbox is not in sync with the Podfile.lock. Run 'pod install' or update your CocoaPods installation.\" >&2\n    exit 1\nfi\n# This output is used by Xcode 'outputs' to avoid re-running this script phase.\necho \"SUCCESS\" > \"${SCRIPT_OUTPUT_FILE_0}\"\n";
			showEnvVarsInLog = 0;
		};
		BFE4F36892FF6E195DEDFA4D /* [CP] Check Pods Manifest.lock */ = {
			isa = PBXShellScriptBuildPhase;
			buildActionMask = 2147483647;
			files = (
			);
			inputFileListPaths = (
			);
			inputPaths = (
				"${PODS_PODFILE_DIR_PATH}/Podfile.lock",
				"${PODS_ROOT}/Manifest.lock",
			);
			name = "[CP] Check Pods Manifest.lock";
			outputFileListPaths = (
			);
			outputPaths = (
				"$(DERIVED_FILE_DIR)/Pods-PolyglotTests-checkManifestLockResult.txt",
			);
			runOnlyForDeploymentPostprocessing = 0;
			shellPath = /bin/sh;
			shellScript = "diff \"${PODS_PODFILE_DIR_PATH}/Podfile.lock\" \"${PODS_ROOT}/Manifest.lock\" > /dev/null\nif [ $? != 0 ] ; then\n    # print error to STDERR\n    echo \"error: The sandbox is not in sync with the Podfile.lock. Run 'pod install' or update your CocoaPods installation.\" >&2\n    exit 1\nfi\n# This output is used by Xcode 'outputs' to avoid re-running this script phase.\necho \"SUCCESS\" > \"${SCRIPT_OUTPUT_FILE_0}\"\n";
			showEnvVarsInLog = 0;
		};
		C6EBC7C89C78DB630A1DE992 /* [CP] Check Pods Manifest.lock */ = {
			isa = PBXShellScriptBuildPhase;
			buildActionMask = 2147483647;
			files = (
			);
			inputFileListPaths = (
			);
			inputPaths = (
				"${PODS_PODFILE_DIR_PATH}/Podfile.lock",
				"${PODS_ROOT}/Manifest.lock",
			);
			name = "[CP] Check Pods Manifest.lock";
			outputFileListPaths = (
			);
			outputPaths = (
				"$(DERIVED_FILE_DIR)/Pods-Polyglot-checkManifestLockResult.txt",
			);
			runOnlyForDeploymentPostprocessing = 0;
			shellPath = /bin/sh;
			shellScript = "diff \"${PODS_PODFILE_DIR_PATH}/Podfile.lock\" \"${PODS_ROOT}/Manifest.lock\" > /dev/null\nif [ $? != 0 ] ; then\n    # print error to STDERR\n    echo \"error: The sandbox is not in sync with the Podfile.lock. Run 'pod install' or update your CocoaPods installation.\" >&2\n    exit 1\nfi\n# This output is used by Xcode 'outputs' to avoid re-running this script phase.\necho \"SUCCESS\" > \"${SCRIPT_OUTPUT_FILE_0}\"\n";
			showEnvVarsInLog = 0;
		};
		D06BA752CDE8744B961BD4E0 /* [CP] Embed Pods Frameworks */ = {
			isa = PBXShellScriptBuildPhase;
			buildActionMask = 2147483647;
			files = (
			);
			inputFileListPaths = (
				"${PODS_ROOT}/Target Support Files/Pods-Polyglot/Pods-Polyglot-frameworks-${CONFIGURATION}-input-files.xcfilelist",
			);
			name = "[CP] Embed Pods Frameworks";
			outputFileListPaths = (
				"${PODS_ROOT}/Target Support Files/Pods-Polyglot/Pods-Polyglot-frameworks-${CONFIGURATION}-output-files.xcfilelist",
			);
			runOnlyForDeploymentPostprocessing = 0;
			shellPath = /bin/sh;
			shellScript = "\"${PODS_ROOT}/Target Support Files/Pods-Polyglot/Pods-Polyglot-frameworks.sh\"\n";
			showEnvVarsInLog = 0;
		};
/* End PBXShellScriptBuildPhase section */

/* Begin PBXSourcesBuildPhase section */
		FF62C96E2951382500D41797 /* Sources */ = {
			isa = PBXSourcesBuildPhase;
			buildActionMask = 2147483647;
			files = (
				C6F3F6AD2C12242E00346A70 /* SettingsButtonCell.swift in Sources */,
				C6A1FC422C7B4C6900F01632 /* ReadingPracticeProducer.swift in Sources */,
				C60625F72B7FB5E800429BAF /* TextMeaningPracticeViewController.swift in Sources */,
				C6F3F6AB2C12239C00346A70 /* SettingsInputCell.swift in Sources */,
				C6BA7AAA2C7F52F800C6FFD3 /* RussianAccentEntity+CoreDataClass.swift in Sources */,
				C6E8D3D92C8E3B8A009E42F5 /* Je2JoEntity+CoreDataClass.swift in Sources */,
				FF591ED62967960C0004CB80 /* WordPractice.swift in Sources */,
				FFBD60412969D713004165FC /* WordPracticeProducer.swift in Sources */,
				C6BC063D2C726D2C00B2DF44 /* MachineTranslator.swift in Sources */,
				C6A1FC402C7B4B9700F01632 /* ReadingPractice.swift in Sources */,
				FF495E962958FFE600EA7EA9 /* WordsViewController.swift in Sources */,
				FF502512295248D10097C2CB /* Article.swift in Sources */,
				C6C8C3172B7617F200FBC43B /* Text.swift in Sources */,
				C696B9512B6DEDA600B00A02 /* ContentCardsExtensions.swift in Sources */,
				FF491E772959CC960088FD13 /* FillingPracticeView.swift in Sources */,
				C69DB5EA2B73BE9B00B3BC66 /* TextMeaningPracticeView.swift in Sources */,
				FF491E752959C4320088FD13 /* SelectionPracticeView.swift in Sources */,
				FFCBB0E0296B45F300E5B9D9 /* SpeakingPracticeView.swift in Sources */,
				C69B190E2C18B76600E41C86 /* SettingsSwitchingCell.swift in Sources */,
				FF4964BA29579C5A00414AC5 /* UISearchBarExtensions.swift in Sources */,
				FF5844312967217700137E00 /* ListViewController.swift in Sources */,
				FF5D129529577CB3005DEEDE /* RoundButtonWithShadow.swift in Sources */,
				C6A22FEE2C7118A200484B59 /* BaiduTranslator.swift in Sources */,
				FF4964C029579DA100414AC5 /* ArticleExtensions.swift in Sources */,
				FF1780CF2A48EDCD005F588B /* Notifications.swift in Sources */,
				C6C8C3152B75F96A00FBC43B /* CFRangeExtensions.swift in Sources */,
				FF4964C92958B05300414AC5 /* RoundButton.swift in Sources */,
				C6A22FF22C712DBC00484B59 /* LangCodeExtensions.swift in Sources */,
				C69B190A2C18A91800E41C86 /* SettingsSlidingCell.swift in Sources */,
				C67B85A22AED943200F7657A /* JapaneseAccentAnalyzer.swift in Sources */,
				FF5690142980367A00CA2C7B /* LangCode.swift in Sources */,
				C6F5FB7A2B7202AF0040A26B /* ListeningPracticeViewController.swift in Sources */,
				C619E6932AC830CB00A30B27 /* CardCell.swift in Sources */,
				C6357CD52C772A3600F63CE1 /* SettingsViewController.swift in Sources */,
				C6A666F72B75EC03002B4DEE /* US2UKSpellingMapping.swift in Sources */,
				FF495E8E2958F38800EA7EA9 /* UITableViewExtensions.swift in Sources */,
				FF4AB0032A9B4C4400908062 /* ContentCreator.swift in Sources */,
				FF5AA00B2961F208009D5237 /* Alerts.swift in Sources */,
				C642A6082B7B8008003893B8 /* LanguageSelectionViewController.swift in Sources */,
				FF793A482968A7D60026B8C7 /* UIApplicationExtensions.swift in Sources */,
				FF4B382B29525A4300BB3FFD /* ReadingEditViewController.swift in Sources */,
				C69F76662B7D198F0006828A /* TextMeaningPractice.swift in Sources */,
				FF4B382F29525BD400BB3FFD /* ReadingEditTableCell.swift in Sources */,
				FF63DE00299AD2F90088C10B /* WordBankItem.swift in Sources */,
				C6357CD32C7729D700F63CE1 /* LanguageSettingsViewController.swift in Sources */,
				C6E8D3DA2C8E3B8A009E42F5 /* Je2JoEntity+CoreDataProperties.swift in Sources */,
				C6E1E0312AC5C2F600E4AF72 /* HomeViewController.swift in Sources */,
				FF50251429524D100097C2CB /* ReadingTableCell.swift in Sources */,
				FF491E802959ED730088FD13 /* Separator.swift in Sources */,
				C60626062B8069E600429BAF /* BasePracticeView.swift in Sources */,
				C69F76682B7D1F9F0006828A /* ListeningPractice.swift in Sources */,
				C606260B2B80759800429BAF /* BasePractice.swift in Sources */,
				FF8CDE812952995F00B36CA3 /* NewWordAddingBottomView.swift in Sources */,
				FF5B182C2961E55F00C80DC3 /* IO.swift in Sources */,
				FF4964BE29579C9700414AC5 /* StringExtensions.swift in Sources */,
				FF706DF5295144B000DBCF8E /* UIColorExtensions.swift in Sources */,
				FF58518F29819CF8004EB63C /* GoogleTranslator.swift in Sources */,
				C606260D2B80765E00429BAF /* TextMeaningPracticeProducer.swift in Sources */,
				C69DB5EE2B73C08800B3BC66 /* ListenAndCompletePracticeView.swift in Sources */,
				FFCBB0D7296B0AA200E5B9D9 /* PracticeViewController.swift in Sources */,
				FF495E9C295903DF00EA7EA9 /* WordsTableCell.swift in Sources */,
				C619E68F2AC8154F00A30B27 /* LangCell.swift in Sources */,
				C6F5FB7E2B72067F0040A26B /* ListeningPracticeProducer.swift in Sources */,
				FF584434296732B400137E00 /* DictionaryExtensions.swift in Sources */,
				FFCBB0DB296B1A6700E5B9D9 /* BasePracticeProducer.swift in Sources */,
				C6C8C3132B75F95500FBC43B /* CFStringExtensions.swift in Sources */,
				FF52921229520D1200858B55 /* UINavigationBarExtensions.swift in Sources */,
				FF5882BE29604E0300FC33CF /* NewWordAddingTextView.swift in Sources */,
				FF495EA029591DEC00EA7EA9 /* TableHeaderView.swift in Sources */,
				C6A1FC462C7B4F7400F01632 /* ReadingPracticeViewController.swift in Sources */,
				FFD7DF72299D509B00019D51 /* CGRectExtensions.swift in Sources */,
				C6B5187C2AF2C19C00451B90 /* TextViewWithPrompt.swift in Sources */,
				C6A1FC442C7B4E7700F01632 /* ReadingPracticeView.swift in Sources */,
				C6BC06412C726D9E00B2DF44 /* TranslationProtocol.swift in Sources */,
				FF62C9A929513A5000D41797 /* Theme.swift in Sources */,
				FFBD60452969D733004165FC /* SpeakingPracticeProducer.swift in Sources */,
				FF706DF1295142AF00DBCF8E /* Strings.swift in Sources */,
				C6BA7AA72C7F52CA00C6FFD3 /* RussianAccentRetrievalModel.xcdatamodeld in Sources */,
				FFD7DF7D299DA18000019D51 /* ReorderingPracticeView.swift in Sources */,
				C60626082B8069F100429BAF /* WordPracticeView.swift in Sources */,
				FF63DDFC299AC17C0088C10B /* WordBank.swift in Sources */,
				FF62C9762951382500D41797 /* AppDelegate.swift in Sources */,
				FF4CA730295E869900423946 /* SpeakingPracticeViewController.swift in Sources */,
				FF4D7CC62953952C009F6894 /* NSMutableAttributedStringExtensions.swift in Sources */,
				FF495E992959039A00EA7EA9 /* WordExtensions.swift in Sources */,
				FF4964CF2958CE4400414AC5 /* Word.swift in Sources */,
				FF706E032951549C00DBCF8E /* UIImageExtensions.swift in Sources */,
				C606260F2B8076A000429BAF /* TextGranularity.swift in Sources */,
				FF5FE946297431C30002691C /* ArrayExtensions.swift in Sources */,
				C6F3F6A72C121AC800346A70 /* GlobalSettingsViewController.swift in Sources */,
				FF5D129129577AC4005DEEDE /* NavController.swift in Sources */,
				FF4964C22957B01100414AC5 /* UITextViewExtensions.swift in Sources */,
				FF495E9E2959084200EA7EA9 /* DateExtensions.swift in Sources */,
				FF4964CB2958BAFD00414AC5 /* TimingBar.swift in Sources */,
				FF50250E295244F10097C2CB /* ReadingViewController.swift in Sources */,
				FFBC8A842A9F2FDD001123EB /* UILabelExtensions.swift in Sources */,
				C69DB5EC2B73C05700B3BC66 /* ListenAndRepeatPracticeView.swift in Sources */,
				C67B85A42AED94B800F7657A /* RussianAccentAnalyzer.swift in Sources */,
				C6AB6E822C8063EE00F660C7 /* AccentAnalyzerProtocol.swift in Sources */,
				C630C6CB2C8E26B50049ED6A /* RussianAccentEntity+CoreDataProperties.swift in Sources */,
				FF55D156296F3AEC0092FB6B /* Constants.swift in Sources */,
				FF4964CD2958BE8900414AC5 /* TimeIntervalExtensions.swift in Sources */,
				FF52920A2952012E00858B55 /* ThreeButtonSelectionStack.swift in Sources */,
				C60626112B8076AF00429BAF /* TextSource.swift in Sources */,
				FF62C9782951382500D41797 /* SceneDelegate.swift in Sources */,
				FF495EA22959244C00EA7EA9 /* WordsPracticeViewController.swift in Sources */,
				FFD7DF6D299D376000019D51 /* RowStackItem.swift in Sources */,
				FF4FA0C82AADDAA0001EA18C /* ContentCards.swift in Sources */,
				C6B9DE8C2B7E177E004F0C88 /* SpeakingPractice.swift in Sources */,
			);
			runOnlyForDeploymentPostprocessing = 0;
		};
		FF62C9842951382600D41797 /* Sources */ = {
			isa = PBXSourcesBuildPhase;
			buildActionMask = 2147483647;
			files = (
				FF62C98D2951382600D41797 /* PolyglotTests.swift in Sources */,
			);
			runOnlyForDeploymentPostprocessing = 0;
		};
		FF62C98F2951382600D41797 /* Sources */ = {
			isa = PBXSourcesBuildPhase;
			buildActionMask = 2147483647;
			files = (
				FF62C9982951382600D41797 /* PolyglotUITests.swift in Sources */,
			);
			runOnlyForDeploymentPostprocessing = 0;
		};
/* End PBXSourcesBuildPhase section */

/* Begin PBXTargetDependency section */
		FF62C98A2951382600D41797 /* PBXTargetDependency */ = {
			isa = PBXTargetDependency;
			target = FF62C9712951382500D41797 /* Polyglot */;
			targetProxy = FF62C9892951382600D41797 /* PBXContainerItemProxy */;
		};
		FF62C9952951382600D41797 /* PBXTargetDependency */ = {
			isa = PBXTargetDependency;
			target = FF62C9712951382500D41797 /* Polyglot */;
			targetProxy = FF62C9942951382600D41797 /* PBXContainerItemProxy */;
		};
/* End PBXTargetDependency section */

/* Begin XCBuildConfiguration section */
		FF62C99A2951382600D41797 /* Debug */ = {
			isa = XCBuildConfiguration;
			buildSettings = {
				ALWAYS_SEARCH_USER_PATHS = NO;
				CLANG_ANALYZER_NONNULL = YES;
				CLANG_ANALYZER_NUMBER_OBJECT_CONVERSION = YES_AGGRESSIVE;
				CLANG_CXX_LANGUAGE_STANDARD = "gnu++14";
				CLANG_CXX_LIBRARY = "libc++";
				CLANG_ENABLE_MODULES = YES;
				CLANG_ENABLE_OBJC_ARC = YES;
				CLANG_ENABLE_OBJC_WEAK = YES;
				CLANG_WARN_BLOCK_CAPTURE_AUTORELEASING = YES;
				CLANG_WARN_BOOL_CONVERSION = YES;
				CLANG_WARN_COMMA = YES;
				CLANG_WARN_CONSTANT_CONVERSION = YES;
				CLANG_WARN_DEPRECATED_OBJC_IMPLEMENTATIONS = YES;
				CLANG_WARN_DIRECT_OBJC_ISA_USAGE = YES_ERROR;
				CLANG_WARN_DOCUMENTATION_COMMENTS = YES;
				CLANG_WARN_EMPTY_BODY = YES;
				CLANG_WARN_ENUM_CONVERSION = YES;
				CLANG_WARN_INFINITE_RECURSION = YES;
				CLANG_WARN_INT_CONVERSION = YES;
				CLANG_WARN_NON_LITERAL_NULL_CONVERSION = YES;
				CLANG_WARN_OBJC_IMPLICIT_RETAIN_SELF = YES;
				CLANG_WARN_OBJC_LITERAL_CONVERSION = YES;
				CLANG_WARN_OBJC_ROOT_CLASS = YES_ERROR;
				CLANG_WARN_RANGE_LOOP_ANALYSIS = YES;
				CLANG_WARN_STRICT_PROTOTYPES = YES;
				CLANG_WARN_SUSPICIOUS_MOVE = YES;
				CLANG_WARN_UNGUARDED_AVAILABILITY = YES_AGGRESSIVE;
				CLANG_WARN_UNREACHABLE_CODE = YES;
				CLANG_WARN__DUPLICATE_METHOD_MATCH = YES;
				COPY_PHASE_STRIP = NO;
				DEBUG_INFORMATION_FORMAT = dwarf;
				ENABLE_STRICT_OBJC_MSGSEND = YES;
				ENABLE_TESTABILITY = YES;
				GCC_C_LANGUAGE_STANDARD = gnu11;
				GCC_DYNAMIC_NO_PIC = NO;
				GCC_NO_COMMON_BLOCKS = YES;
				GCC_OPTIMIZATION_LEVEL = 0;
				GCC_PREPROCESSOR_DEFINITIONS = (
					"DEBUG=1",
					"$(inherited)",
				);
				GCC_WARN_64_TO_32_BIT_CONVERSION = YES;
				GCC_WARN_ABOUT_RETURN_TYPE = YES_ERROR;
				GCC_WARN_UNDECLARED_SELECTOR = YES;
				GCC_WARN_UNINITIALIZED_AUTOS = YES_AGGRESSIVE;
				GCC_WARN_UNUSED_FUNCTION = YES;
				GCC_WARN_UNUSED_VARIABLE = YES;
				IPHONEOS_DEPLOYMENT_TARGET = 17.0;
				MTL_ENABLE_DEBUG_INFO = INCLUDE_SOURCE;
				MTL_FAST_MATH = YES;
				ONLY_ACTIVE_ARCH = YES;
				SDKROOT = iphoneos;
				SWIFT_ACTIVE_COMPILATION_CONDITIONS = DEBUG;
				SWIFT_OPTIMIZATION_LEVEL = "-Onone";
			};
			name = Debug;
		};
		FF62C99B2951382600D41797 /* Release */ = {
			isa = XCBuildConfiguration;
			buildSettings = {
				ALWAYS_SEARCH_USER_PATHS = NO;
				CLANG_ANALYZER_NONNULL = YES;
				CLANG_ANALYZER_NUMBER_OBJECT_CONVERSION = YES_AGGRESSIVE;
				CLANG_CXX_LANGUAGE_STANDARD = "gnu++14";
				CLANG_CXX_LIBRARY = "libc++";
				CLANG_ENABLE_MODULES = YES;
				CLANG_ENABLE_OBJC_ARC = YES;
				CLANG_ENABLE_OBJC_WEAK = YES;
				CLANG_WARN_BLOCK_CAPTURE_AUTORELEASING = YES;
				CLANG_WARN_BOOL_CONVERSION = YES;
				CLANG_WARN_COMMA = YES;
				CLANG_WARN_CONSTANT_CONVERSION = YES;
				CLANG_WARN_DEPRECATED_OBJC_IMPLEMENTATIONS = YES;
				CLANG_WARN_DIRECT_OBJC_ISA_USAGE = YES_ERROR;
				CLANG_WARN_DOCUMENTATION_COMMENTS = YES;
				CLANG_WARN_EMPTY_BODY = YES;
				CLANG_WARN_ENUM_CONVERSION = YES;
				CLANG_WARN_INFINITE_RECURSION = YES;
				CLANG_WARN_INT_CONVERSION = YES;
				CLANG_WARN_NON_LITERAL_NULL_CONVERSION = YES;
				CLANG_WARN_OBJC_IMPLICIT_RETAIN_SELF = YES;
				CLANG_WARN_OBJC_LITERAL_CONVERSION = YES;
				CLANG_WARN_OBJC_ROOT_CLASS = YES_ERROR;
				CLANG_WARN_RANGE_LOOP_ANALYSIS = YES;
				CLANG_WARN_STRICT_PROTOTYPES = YES;
				CLANG_WARN_SUSPICIOUS_MOVE = YES;
				CLANG_WARN_UNGUARDED_AVAILABILITY = YES_AGGRESSIVE;
				CLANG_WARN_UNREACHABLE_CODE = YES;
				CLANG_WARN__DUPLICATE_METHOD_MATCH = YES;
				COPY_PHASE_STRIP = NO;
				DEBUG_INFORMATION_FORMAT = "dwarf-with-dsym";
				ENABLE_NS_ASSERTIONS = NO;
				ENABLE_STRICT_OBJC_MSGSEND = YES;
				GCC_C_LANGUAGE_STANDARD = gnu11;
				GCC_NO_COMMON_BLOCKS = YES;
				GCC_WARN_64_TO_32_BIT_CONVERSION = YES;
				GCC_WARN_ABOUT_RETURN_TYPE = YES_ERROR;
				GCC_WARN_UNDECLARED_SELECTOR = YES;
				GCC_WARN_UNINITIALIZED_AUTOS = YES_AGGRESSIVE;
				GCC_WARN_UNUSED_FUNCTION = YES;
				GCC_WARN_UNUSED_VARIABLE = YES;
				IPHONEOS_DEPLOYMENT_TARGET = 17.0;
				MTL_ENABLE_DEBUG_INFO = NO;
				MTL_FAST_MATH = YES;
				SDKROOT = iphoneos;
				SWIFT_COMPILATION_MODE = wholemodule;
				SWIFT_OPTIMIZATION_LEVEL = "-O";
				VALIDATE_PRODUCT = YES;
			};
			name = Release;
		};
		FF62C99D2951382600D41797 /* Debug */ = {
			isa = XCBuildConfiguration;
			baseConfigurationReference = 0477CAFF69ADE59B41094933 /* Pods-Polyglot.debug.xcconfig */;
			buildSettings = {
				ASSETCATALOG_COMPILER_APPICON_NAME = AppIcon;
				CODE_SIGN_STYLE = Automatic;
				DEVELOPMENT_TEAM = 496YMB94F5;
				INFOPLIST_FILE = Polyglot/Info.plist;
				IPHONEOS_DEPLOYMENT_TARGET = 17.0;
				LD_RUNPATH_SEARCH_PATHS = (
					"$(inherited)",
					"@executable_path/Frameworks",
				);
				PRODUCT_BUNDLE_IDENTIFIER = Polyglot.Polyglot;
				PRODUCT_NAME = "$(TARGET_NAME)";
				SWIFT_VERSION = 5.0;
				TARGETED_DEVICE_FAMILY = "1,2";
			};
			name = Debug;
		};
		FF62C99E2951382600D41797 /* Release */ = {
			isa = XCBuildConfiguration;
			baseConfigurationReference = DEDB21A8073730D28A47A161 /* Pods-Polyglot.release.xcconfig */;
			buildSettings = {
				ASSETCATALOG_COMPILER_APPICON_NAME = AppIcon;
				CODE_SIGN_STYLE = Automatic;
				DEVELOPMENT_TEAM = 496YMB94F5;
				INFOPLIST_FILE = Polyglot/Info.plist;
				IPHONEOS_DEPLOYMENT_TARGET = 17.0;
				LD_RUNPATH_SEARCH_PATHS = (
					"$(inherited)",
					"@executable_path/Frameworks",
				);
				PRODUCT_BUNDLE_IDENTIFIER = Polyglot.Polyglot;
				PRODUCT_NAME = "$(TARGET_NAME)";
				SWIFT_VERSION = 5.0;
				TARGETED_DEVICE_FAMILY = "1,2";
			};
			name = Release;
		};
		FF62C9A02951382600D41797 /* Debug */ = {
			isa = XCBuildConfiguration;
			baseConfigurationReference = E8CBB92BCDC55CA05C2EED5D /* Pods-PolyglotTests.debug.xcconfig */;
			buildSettings = {
				ALWAYS_EMBED_SWIFT_STANDARD_LIBRARIES = YES;
				BUNDLE_LOADER = "$(TEST_HOST)";
				CODE_SIGN_STYLE = Automatic;
				DEVELOPMENT_TEAM = 496YMB94F5;
				INFOPLIST_FILE = PolyglotTests/Info.plist;
				IPHONEOS_DEPLOYMENT_TARGET = 17.0;
				LD_RUNPATH_SEARCH_PATHS = (
					"$(inherited)",
					"@executable_path/Frameworks",
					"@loader_path/Frameworks",
				);
				PRODUCT_BUNDLE_IDENTIFIER = Polyglot.PolyglotTests;
				PRODUCT_NAME = "$(TARGET_NAME)";
				SWIFT_VERSION = 5.0;
				TARGETED_DEVICE_FAMILY = "1,2";
				TEST_HOST = "$(BUILT_PRODUCTS_DIR)/Polyglot.app/Polyglot";
			};
			name = Debug;
		};
		FF62C9A12951382600D41797 /* Release */ = {
			isa = XCBuildConfiguration;
			baseConfigurationReference = 781C1DC2544908B8FF39175D /* Pods-PolyglotTests.release.xcconfig */;
			buildSettings = {
				ALWAYS_EMBED_SWIFT_STANDARD_LIBRARIES = YES;
				BUNDLE_LOADER = "$(TEST_HOST)";
				CODE_SIGN_STYLE = Automatic;
				DEVELOPMENT_TEAM = 496YMB94F5;
				INFOPLIST_FILE = PolyglotTests/Info.plist;
				IPHONEOS_DEPLOYMENT_TARGET = 17.0;
				LD_RUNPATH_SEARCH_PATHS = (
					"$(inherited)",
					"@executable_path/Frameworks",
					"@loader_path/Frameworks",
				);
				PRODUCT_BUNDLE_IDENTIFIER = Polyglot.PolyglotTests;
				PRODUCT_NAME = "$(TARGET_NAME)";
				SWIFT_VERSION = 5.0;
				TARGETED_DEVICE_FAMILY = "1,2";
				TEST_HOST = "$(BUILT_PRODUCTS_DIR)/Polyglot.app/Polyglot";
			};
			name = Release;
		};
		FF62C9A32951382600D41797 /* Debug */ = {
			isa = XCBuildConfiguration;
			baseConfigurationReference = C9324C7255807718BBF5D9EC /* Pods-Polyglot-PolyglotUITests.debug.xcconfig */;
			buildSettings = {
				ALWAYS_EMBED_SWIFT_STANDARD_LIBRARIES = YES;
				CODE_SIGN_STYLE = Automatic;
				DEVELOPMENT_TEAM = 496YMB94F5;
				INFOPLIST_FILE = PolyglotUITests/Info.plist;
				IPHONEOS_DEPLOYMENT_TARGET = 17.0;
				LD_RUNPATH_SEARCH_PATHS = (
					"$(inherited)",
					"@executable_path/Frameworks",
					"@loader_path/Frameworks",
				);
				PRODUCT_BUNDLE_IDENTIFIER = Polyglot.PolyglotUITests;
				PRODUCT_NAME = "$(TARGET_NAME)";
				SWIFT_VERSION = 5.0;
				TARGETED_DEVICE_FAMILY = "1,2";
				TEST_TARGET_NAME = Polyglot;
			};
			name = Debug;
		};
		FF62C9A42951382600D41797 /* Release */ = {
			isa = XCBuildConfiguration;
			baseConfigurationReference = 80A4DDEB0D1137F63C376D55 /* Pods-Polyglot-PolyglotUITests.release.xcconfig */;
			buildSettings = {
				ALWAYS_EMBED_SWIFT_STANDARD_LIBRARIES = YES;
				CODE_SIGN_STYLE = Automatic;
				DEVELOPMENT_TEAM = 496YMB94F5;
				INFOPLIST_FILE = PolyglotUITests/Info.plist;
				IPHONEOS_DEPLOYMENT_TARGET = 17.0;
				LD_RUNPATH_SEARCH_PATHS = (
					"$(inherited)",
					"@executable_path/Frameworks",
					"@loader_path/Frameworks",
				);
				PRODUCT_BUNDLE_IDENTIFIER = Polyglot.PolyglotUITests;
				PRODUCT_NAME = "$(TARGET_NAME)";
				SWIFT_VERSION = 5.0;
				TARGETED_DEVICE_FAMILY = "1,2";
				TEST_TARGET_NAME = Polyglot;
			};
			name = Release;
		};
/* End XCBuildConfiguration section */

/* Begin XCConfigurationList section */
		FF62C96D2951382500D41797 /* Build configuration list for PBXProject "Polyglot" */ = {
			isa = XCConfigurationList;
			buildConfigurations = (
				FF62C99A2951382600D41797 /* Debug */,
				FF62C99B2951382600D41797 /* Release */,
			);
			defaultConfigurationIsVisible = 0;
			defaultConfigurationName = Release;
		};
		FF62C99C2951382600D41797 /* Build configuration list for PBXNativeTarget "Polyglot" */ = {
			isa = XCConfigurationList;
			buildConfigurations = (
				FF62C99D2951382600D41797 /* Debug */,
				FF62C99E2951382600D41797 /* Release */,
			);
			defaultConfigurationIsVisible = 0;
			defaultConfigurationName = Release;
		};
		FF62C99F2951382600D41797 /* Build configuration list for PBXNativeTarget "PolyglotTests" */ = {
			isa = XCConfigurationList;
			buildConfigurations = (
				FF62C9A02951382600D41797 /* Debug */,
				FF62C9A12951382600D41797 /* Release */,
			);
			defaultConfigurationIsVisible = 0;
			defaultConfigurationName = Release;
		};
		FF62C9A22951382600D41797 /* Build configuration list for PBXNativeTarget "PolyglotUITests" */ = {
			isa = XCConfigurationList;
			buildConfigurations = (
				FF62C9A32951382600D41797 /* Debug */,
				FF62C9A42951382600D41797 /* Release */,
			);
			defaultConfigurationIsVisible = 0;
			defaultConfigurationName = Release;
		};
/* End XCConfigurationList section */

/* Begin XCVersionGroup section */
		C6BA7AA52C7F52CA00C6FFD3 /* RussianAccentRetrievalModel.xcdatamodeld */ = {
			isa = XCVersionGroup;
			children = (
				C6BA7AA62C7F52CA00C6FFD3 /* RussianAccentRetrievalModel.xcdatamodel */,
			);
			currentVersion = C6BA7AA62C7F52CA00C6FFD3 /* RussianAccentRetrievalModel.xcdatamodel */;
			path = RussianAccentRetrievalModel.xcdatamodeld;
			sourceTree = "<group>";
			versionGroupType = wrapper.xcdatamodel;
		};
/* End XCVersionGroup section */
	};
	rootObject = FF62C96A2951382500D41797 /* Project object */;
}
