PODS:
  - IQKeyboardManagerSwift (6.5.12)
  - SwiftSoup (2.6.1)

DEPENDENCIES:
  - IQKeyboardManagerSwift
  - SwiftSoup

SPEC REPOS:
  trunk:
    - IQKeyboardManagerSwift
    - SwiftSoup

SPEC CHECKSUMS:
  IQKeyboardManagerSwift: 371b08cb39664fb56030f5345c815a4ffc74bbc0
  SwiftSoup: 5dd2c1b06afc964f30d99894af6ede22ede627aa

PODFILE CHECKSUM: 958578971376d2cfddf130c479240637199a5450

COCOAPODS: 1.12.1
